
Microsoft Visual Studio Solution File, Format Version 12.00
# Visual Studio 15
VisualStudioVersion = 15.0.26730.3
MinimumVisualStudioVersion = 10.0.40219.1
Project("{FAE04EC0-301F-11D3-BF4B-00C04F79EFBC}") = "C2Q8", "C2Q8\C2Q8.csproj", "{BF705F26-441E-4E52-9639-AC8EA6116D74}"
EndProject
Global
	GlobalSection(SolutionConfigurationPlatforms) = preSolution
		Debug|Any CPU = Debug|Any CPU
		Release|Any CPU = Release|Any CPU
	EndGlobalSection
	GlobalSection(ProjectConfigurationPlatforms) = postSolution
		{BF705F26-441E-4E52-9639-AC8EA6116D74}.Debug|Any CPU.ActiveCfg = Debug|Any CPU
		{BF705F26-441E-4E52-9639-AC8EA6116D74}.Debug|Any CPU.Build.0 = Debug|Any CPU
		{BF705F26-441E-4E52-9639-AC8EA6116D74}.Release|Any CPU.ActiveCfg = Release|Any CPU
		{BF705F26-441E-4E52-9639-AC8EA6116D74}.Release|Any CPU.Build.0 = Release|Any CPU
	EndGlobalSection
	GlobalSection(SolutionProperties) = preSolution
		HideSolutionNode = FALSE
	EndGlobalSection
	GlobalSection(ExtensibilityGlobals) = postSolution
		SolutionGuid = {53AA677A-A4A7-464D-B374-0A74E5B05E13}
	EndGlobalSection
EndGlobal
