
Microsoft Visual Studio Solution File, Format Version 12.00
# Visual Studio 15
VisualStudioVersion = 15.0.26730.3
MinimumVisualStudioVersion = 10.0.40219.1
Project("{FAE04EC0-301F-11D3-BF4B-00C04F79EFBC}") = "ディスカード", "ディスカード\ディスカード.csproj", "{EC392B13-E34F-41F0-8E7A-F862525069DD}"
EndProject
Global
	GlobalSection(SolutionConfigurationPlatforms) = preSolution
		Debug|Any CPU = Debug|Any CPU
		Release|Any CPU = Release|Any CPU
	EndGlobalSection
	GlobalSection(ProjectConfigurationPlatforms) = postSolution
		{EC392B13-E34F-41F0-8E7A-F862525069DD}.Debug|Any CPU.ActiveCfg = Debug|Any CPU
		{EC392B13-E34F-41F0-8E7A-F862525069DD}.Debug|Any CPU.Build.0 = Debug|Any CPU
		{EC392B13-E34F-41F0-8E7A-F862525069DD}.Release|Any CPU.ActiveCfg = Release|Any CPU
		{EC392B13-E34F-41F0-8E7A-F862525069DD}.Release|Any CPU.Build.0 = Release|Any CPU
	EndGlobalSection
	GlobalSection(SolutionProperties) = preSolution
		HideSolutionNode = FALSE
	EndGlobalSection
	GlobalSection(ExtensibilityGlobals) = postSolution
		SolutionGuid = {7CF3FA86-3611-4AE0-A2FD-6759EC311E27}
	EndGlobalSection
EndGlobal
