
Microsoft Visual Studio Solution File, Format Version 12.00
# Visual Studio 15
VisualStudioVersion = 15.0.26730.3
MinimumVisualStudioVersion = 10.0.40219.1
Project("{FAE04EC0-301F-11D3-BF4B-00C04F79EFBC}") = "クラスの名前", "クラスの名前\クラスの名前.csproj", "{2A440DEA-3B4C-4E98-8904-F53C5544EECC}"
EndProject
Global
	GlobalSection(SolutionConfigurationPlatforms) = preSolution
		Debug|Any CPU = Debug|Any CPU
		Release|Any CPU = Release|Any CPU
	EndGlobalSection
	GlobalSection(ProjectConfigurationPlatforms) = postSolution
		{2A440DEA-3B4C-4E98-8904-F53C5544EECC}.Debug|Any CPU.ActiveCfg = Debug|Any CPU
		{2A440DEA-3B4C-4E98-8904-F53C5544EECC}.Debug|Any CPU.Build.0 = Debug|Any CPU
		{2A440DEA-3B4C-4E98-8904-F53C5544EECC}.Release|Any CPU.ActiveCfg = Release|Any CPU
		{2A440DEA-3B4C-4E98-8904-F53C5544EECC}.Release|Any CPU.Build.0 = Release|Any CPU
	EndGlobalSection
	GlobalSection(SolutionProperties) = preSolution
		HideSolutionNode = FALSE
	EndGlobalSection
	GlobalSection(ExtensibilityGlobals) = postSolution
		SolutionGuid = {DD545CA3-BEF3-4E0A-97D6-98775A705B10}
	EndGlobalSection
EndGlobal
