
Microsoft Visual Studio Solution File, Format Version 12.00
# Visual Studio Version 16
VisualStudioVersion = 16.0.29123.89
MinimumVisualStudioVersion = 10.0.40219.1
Project("{FAE04EC0-301F-11D3-BF4B-00C04F79EFBC}") = "DisallowNull", "DisallowNull\DisallowNull.csproj", "{2549A89A-08BC-4C87-9E37-1740E753FC2D}"
EndProject
Global
	GlobalSection(SolutionConfigurationPlatforms) = preSolution
		Debug|Any CPU = Debug|Any CPU
		Release|Any CPU = Release|Any CPU
	EndGlobalSection
	GlobalSection(ProjectConfigurationPlatforms) = postSolution
		{2549A89A-08BC-4C87-9E37-1740E753FC2D}.Debug|Any CPU.ActiveCfg = Debug|Any CPU
		{2549A89A-08BC-4C87-9E37-1740E753FC2D}.Debug|Any CPU.Build.0 = Debug|Any CPU
		{2549A89A-08BC-4C87-9E37-1740E753FC2D}.Release|Any CPU.ActiveCfg = Release|Any CPU
		{2549A89A-08BC-4C87-9E37-1740E753FC2D}.Release|Any CPU.Build.0 = Release|Any CPU
	EndGlobalSection
	GlobalSection(SolutionProperties) = preSolution
		HideSolutionNode = FALSE
	EndGlobalSection
	GlobalSection(ExtensibilityGlobals) = postSolution
		SolutionGuid = {1C94DF4C-6962-4DC3-A89E-184E122D2DB6}
	EndGlobalSection
EndGlobal
