
Microsoft Visual Studio Solution File, Format Version 12.00
# Visual Studio 15
VisualStudioVersion = 15.0.26730.3
MinimumVisualStudioVersion = 10.0.40219.1
Project("{FAE04EC0-301F-11D3-BF4B-00C04F79EFBC}") = "dynamic型はインスタンスを作成できない2", "dynamic型はインスタンスを作成できない2\dynamic型はインスタンスを作成できない2.csproj", "{FE5F1811-5137-428E-893D-D3701165CF3C}"
EndProject
Global
	GlobalSection(SolutionConfigurationPlatforms) = preSolution
		Debug|Any CPU = Debug|Any CPU
		Release|Any CPU = Release|Any CPU
	EndGlobalSection
	GlobalSection(ProjectConfigurationPlatforms) = postSolution
		{FE5F1811-5137-428E-893D-D3701165CF3C}.Debug|Any CPU.ActiveCfg = Debug|Any CPU
		{FE5F1811-5137-428E-893D-D3701165CF3C}.Debug|Any CPU.Build.0 = Debug|Any CPU
		{FE5F1811-5137-428E-893D-D3701165CF3C}.Release|Any CPU.ActiveCfg = Release|Any CPU
		{FE5F1811-5137-428E-893D-D3701165CF3C}.Release|Any CPU.Build.0 = Release|Any CPU
	EndGlobalSection
	GlobalSection(SolutionProperties) = preSolution
		HideSolutionNode = FALSE
	EndGlobalSection
	GlobalSection(ExtensibilityGlobals) = postSolution
		SolutionGuid = {5DC90645-D5FF-4597-B49C-4ACE4DD1A31D}
	EndGlobalSection
EndGlobal
