
Microsoft Visual Studio Solution File, Format Version 12.00
# Visual Studio Version 16
VisualStudioVersion = 16.0.30128.36
MinimumVisualStudioVersion = 10.0.40219.1
Project("{FAE04EC0-301F-11D3-BF4B-00C04F79EFBC}") = "PatternMatching", "PatternMatching\PatternMatching.csproj", "{248556E1-C21B-464B-AA8C-52E386052BEB}"
EndProject
Global
	GlobalSection(SolutionConfigurationPlatforms) = preSolution
		Debug|Any CPU = Debug|Any CPU
		Release|Any CPU = Release|Any CPU
	EndGlobalSection
	GlobalSection(ProjectConfigurationPlatforms) = postSolution
		{248556E1-C21B-464B-AA8C-52E386052BEB}.Debug|Any CPU.ActiveCfg = Debug|Any CPU
		{248556E1-C21B-464B-AA8C-52E386052BEB}.Debug|Any CPU.Build.0 = Debug|Any CPU
		{248556E1-C21B-464B-AA8C-52E386052BEB}.Release|Any CPU.ActiveCfg = Release|Any CPU
		{248556E1-C21B-464B-AA8C-52E386052BEB}.Release|Any CPU.Build.0 = Release|Any CPU
	EndGlobalSection
	GlobalSection(SolutionProperties) = preSolution
		HideSolutionNode = FALSE
	EndGlobalSection
	GlobalSection(ExtensibilityGlobals) = postSolution
		SolutionGuid = {314267B4-96B4-4268-BD6E-9A43E4F6D32F}
	EndGlobalSection
EndGlobal
