
Microsoft Visual Studio Solution File, Format Version 12.00
# Visual Studio 15
VisualStudioVersion = 15.0.26730.3
MinimumVisualStudioVersion = 10.0.40219.1
Project("{FAE04EC0-301F-11D3-BF4B-00C04F79EFBC}") = "ユーザー定義の明示的な型変換", "ユーザー定義の明示的な型変換\ユーザー定義の明示的な型変換.csproj", "{E32854B6-7F86-4468-B578-895B61D63B30}"
EndProject
Global
	GlobalSection(SolutionConfigurationPlatforms) = preSolution
		Debug|Any CPU = Debug|Any CPU
		Release|Any CPU = Release|Any CPU
	EndGlobalSection
	GlobalSection(ProjectConfigurationPlatforms) = postSolution
		{E32854B6-7F86-4468-B578-895B61D63B30}.Debug|Any CPU.ActiveCfg = Debug|Any CPU
		{E32854B6-7F86-4468-B578-895B61D63B30}.Debug|Any CPU.Build.0 = Debug|Any CPU
		{E32854B6-7F86-4468-B578-895B61D63B30}.Release|Any CPU.ActiveCfg = Release|Any CPU
		{E32854B6-7F86-4468-B578-895B61D63B30}.Release|Any CPU.Build.0 = Release|Any CPU
	EndGlobalSection
	GlobalSection(SolutionProperties) = preSolution
		HideSolutionNode = FALSE
	EndGlobalSection
	GlobalSection(ExtensibilityGlobals) = postSolution
		SolutionGuid = {BA12FBBB-7930-4530-851D-908DB2061940}
	EndGlobalSection
EndGlobal
