
Microsoft Visual Studio Solution File, Format Version 12.00
# Visual Studio 15
VisualStudioVersion = 15.0.26730.3
MinimumVisualStudioVersion = 10.0.40219.1
Project("{FAE04EC0-301F-11D3-BF4B-00C04F79EFBC}") = "文字として1文字を取得する方法", "文字として1文字を取得する方法\文字として1文字を取得する方法.csproj", "{116AD60F-DBD2-4666-865F-7810830A4A68}"
EndProject
Global
	GlobalSection(SolutionConfigurationPlatforms) = preSolution
		Debug|Any CPU = Debug|Any CPU
		Release|Any CPU = Release|Any CPU
	EndGlobalSection
	GlobalSection(ProjectConfigurationPlatforms) = postSolution
		{116AD60F-DBD2-4666-865F-7810830A4A68}.Debug|Any CPU.ActiveCfg = Debug|Any CPU
		{116AD60F-DBD2-4666-865F-7810830A4A68}.Debug|Any CPU.Build.0 = Debug|Any CPU
		{116AD60F-DBD2-4666-865F-7810830A4A68}.Release|Any CPU.ActiveCfg = Release|Any CPU
		{116AD60F-DBD2-4666-865F-7810830A4A68}.Release|Any CPU.Build.0 = Release|Any CPU
	EndGlobalSection
	GlobalSection(SolutionProperties) = preSolution
		HideSolutionNode = FALSE
	EndGlobalSection
	GlobalSection(ExtensibilityGlobals) = postSolution
		SolutionGuid = {3DE5E112-674B-4C73-9072-588FE30C6299}
	EndGlobalSection
EndGlobal
