
Microsoft Visual Studio Solution File, Format Version 12.00
# Visual Studio 15
VisualStudioVersion = 15.0.26730.3
MinimumVisualStudioVersion = 10.0.40219.1
Project("{FAE04EC0-301F-11D3-BF4B-00C04F79EFBC}") = "C12Q2", "C12Q2\C12Q2.csproj", "{F57396B8-2903-4217-ADA8-60FFEB7F979D}"
EndProject
Global
	GlobalSection(SolutionConfigurationPlatforms) = preSolution
		Debug|Any CPU = Debug|Any CPU
		Release|Any CPU = Release|Any CPU
	EndGlobalSection
	GlobalSection(ProjectConfigurationPlatforms) = postSolution
		{F57396B8-2903-4217-ADA8-60FFEB7F979D}.Debug|Any CPU.ActiveCfg = Debug|Any CPU
		{F57396B8-2903-4217-ADA8-60FFEB7F979D}.Debug|Any CPU.Build.0 = Debug|Any CPU
		{F57396B8-2903-4217-ADA8-60FFEB7F979D}.Release|Any CPU.ActiveCfg = Release|Any CPU
		{F57396B8-2903-4217-ADA8-60FFEB7F979D}.Release|Any CPU.Build.0 = Release|Any CPU
	EndGlobalSection
	GlobalSection(SolutionProperties) = preSolution
		HideSolutionNode = FALSE
	EndGlobalSection
	GlobalSection(ExtensibilityGlobals) = postSolution
		SolutionGuid = {6AFEF818-C80D-444A-807F-CE08E45AED07}
	EndGlobalSection
EndGlobal
