
Microsoft Visual Studio Solution File, Format Version 12.00
# Visual Studio 15
VisualStudioVersion = 15.0.26730.3
MinimumVisualStudioVersion = 10.0.40219.1
Project("{FAE04EC0-301F-11D3-BF4B-00C04F79EFBC}") = "名前空間のエイリアス", "名前空間のエイリアス\名前空間のエイリアス.csproj", "{4DDF9D87-F48F-4840-8AFA-D4129BCC2FD2}"
EndProject
Global
	GlobalSection(SolutionConfigurationPlatforms) = preSolution
		Debug|Any CPU = Debug|Any CPU
		Release|Any CPU = Release|Any CPU
	EndGlobalSection
	GlobalSection(ProjectConfigurationPlatforms) = postSolution
		{4DDF9D87-F48F-4840-8AFA-D4129BCC2FD2}.Debug|Any CPU.ActiveCfg = Debug|Any CPU
		{4DDF9D87-F48F-4840-8AFA-D4129BCC2FD2}.Debug|Any CPU.Build.0 = Debug|Any CPU
		{4DDF9D87-F48F-4840-8AFA-D4129BCC2FD2}.Release|Any CPU.ActiveCfg = Release|Any CPU
		{4DDF9D87-F48F-4840-8AFA-D4129BCC2FD2}.Release|Any CPU.Build.0 = Release|Any CPU
	EndGlobalSection
	GlobalSection(SolutionProperties) = preSolution
		HideSolutionNode = FALSE
	EndGlobalSection
	GlobalSection(ExtensibilityGlobals) = postSolution
		SolutionGuid = {CC5D127B-0EF7-4377-A356-6A177C325F6A}
	EndGlobalSection
EndGlobal
