
Microsoft Visual Studio Solution File, Format Version 12.00
# Visual Studio 15
VisualStudioVersion = 15.0.26730.3
MinimumVisualStudioVersion = 10.0.40219.1
Project("{FAE04EC0-301F-11D3-BF4B-00C04F79EFBC}") = "foreachステートメント", "foreachステートメント\foreachステートメント.csproj", "{97CCA3FE-1890-4ADA-9F4D-8EC0A92ADF5C}"
EndProject
Global
	GlobalSection(SolutionConfigurationPlatforms) = preSolution
		Debug|Any CPU = Debug|Any CPU
		Release|Any CPU = Release|Any CPU
	EndGlobalSection
	GlobalSection(ProjectConfigurationPlatforms) = postSolution
		{97CCA3FE-1890-4ADA-9F4D-8EC0A92ADF5C}.Debug|Any CPU.ActiveCfg = Debug|Any CPU
		{97CCA3FE-1890-4ADA-9F4D-8EC0A92ADF5C}.Debug|Any CPU.Build.0 = Debug|Any CPU
		{97CCA3FE-1890-4ADA-9F4D-8EC0A92ADF5C}.Release|Any CPU.ActiveCfg = Release|Any CPU
		{97CCA3FE-1890-4ADA-9F4D-8EC0A92ADF5C}.Release|Any CPU.Build.0 = Release|Any CPU
	EndGlobalSection
	GlobalSection(SolutionProperties) = preSolution
		HideSolutionNode = FALSE
	EndGlobalSection
	GlobalSection(ExtensibilityGlobals) = postSolution
		SolutionGuid = {27375015-0D17-40F1-BAA7-606DB7C46A80}
	EndGlobalSection
EndGlobal
