
Microsoft Visual Studio Solution File, Format Version 12.00
# Visual Studio 15
VisualStudioVersion = 15.0.26430.16
MinimumVisualStudioVersion = 10.0.40219.1
Project("{FAE04EC0-301F-11D3-BF4B-00C04F79EFBC}") = "エラーと例外", "エラーと例外\エラーと例外.csproj", "{EE82A1FF-9108-4CCD-B5F4-4F2F91B6EE1E}"
EndProject
Global
	GlobalSection(SolutionConfigurationPlatforms) = preSolution
		Debug|Any CPU = Debug|Any CPU
		Release|Any CPU = Release|Any CPU
	EndGlobalSection
	GlobalSection(ProjectConfigurationPlatforms) = postSolution
		{EE82A1FF-9108-4CCD-B5F4-4F2F91B6EE1E}.Debug|Any CPU.ActiveCfg = Debug|Any CPU
		{EE82A1FF-9108-4CCD-B5F4-4F2F91B6EE1E}.Debug|Any CPU.Build.0 = Debug|Any CPU
		{EE82A1FF-9108-4CCD-B5F4-4F2F91B6EE1E}.Release|Any CPU.ActiveCfg = Release|Any CPU
		{EE82A1FF-9108-4CCD-B5F4-4F2F91B6EE1E}.Release|Any CPU.Build.0 = Release|Any CPU
	EndGlobalSection
	GlobalSection(SolutionProperties) = preSolution
		HideSolutionNode = FALSE
	EndGlobalSection
EndGlobal
