
Microsoft Visual Studio Solution File, Format Version 12.00
# Visual Studio 15
VisualStudioVersion = 15.0.26730.3
MinimumVisualStudioVersion = 10.0.40219.1
Project("{FAE04EC0-301F-11D3-BF4B-00C04F79EFBC}") = "単に待つなら", "単に待つなら\単に待つなら.csproj", "{61872360-7F2C-4BBB-BCD8-782836BEBAE4}"
EndProject
Global
	GlobalSection(SolutionConfigurationPlatforms) = preSolution
		Debug|Any CPU = Debug|Any CPU
		Release|Any CPU = Release|Any CPU
	EndGlobalSection
	GlobalSection(ProjectConfigurationPlatforms) = postSolution
		{61872360-7F2C-4BBB-BCD8-782836BEBAE4}.Debug|Any CPU.ActiveCfg = Debug|Any CPU
		{61872360-7F2C-4BBB-BCD8-782836BEBAE4}.Debug|Any CPU.Build.0 = Debug|Any CPU
		{61872360-7F2C-4BBB-BCD8-782836BEBAE4}.Release|Any CPU.ActiveCfg = Release|Any CPU
		{61872360-7F2C-4BBB-BCD8-782836BEBAE4}.Release|Any CPU.Build.0 = Release|Any CPU
	EndGlobalSection
	GlobalSection(SolutionProperties) = preSolution
		HideSolutionNode = FALSE
	EndGlobalSection
	GlobalSection(ExtensibilityGlobals) = postSolution
		SolutionGuid = {EE59F1B7-05A5-4C32-B3BF-210F28C429F9}
	EndGlobalSection
EndGlobal
