
Microsoft Visual Studio Solution File, Format Version 12.00
# Visual Studio 15
VisualStudioVersion = 15.0.26730.3
MinimumVisualStudioVersion = 10.0.40219.1
Project("{FAE04EC0-301F-11D3-BF4B-00C04F79EFBC}") = "決まった回数の繰り返し3", "決まった回数の繰り返し3\決まった回数の繰り返し3.csproj", "{2E0B498E-78B7-4B45-BF29-B03CB34C7683}"
EndProject
Global
	GlobalSection(SolutionConfigurationPlatforms) = preSolution
		Debug|Any CPU = Debug|Any CPU
		Release|Any CPU = Release|Any CPU
	EndGlobalSection
	GlobalSection(ProjectConfigurationPlatforms) = postSolution
		{2E0B498E-78B7-4B45-BF29-B03CB34C7683}.Debug|Any CPU.ActiveCfg = Debug|Any CPU
		{2E0B498E-78B7-4B45-BF29-B03CB34C7683}.Debug|Any CPU.Build.0 = Debug|Any CPU
		{2E0B498E-78B7-4B45-BF29-B03CB34C7683}.Release|Any CPU.ActiveCfg = Release|Any CPU
		{2E0B498E-78B7-4B45-BF29-B03CB34C7683}.Release|Any CPU.Build.0 = Release|Any CPU
	EndGlobalSection
	GlobalSection(SolutionProperties) = preSolution
		HideSolutionNode = FALSE
	EndGlobalSection
	GlobalSection(ExtensibilityGlobals) = postSolution
		SolutionGuid = {38ECE0A0-356C-4985-B6E4-60E86209F6A4}
	EndGlobalSection
EndGlobal
