
Microsoft Visual Studio Solution File, Format Version 12.00
# Visual Studio 15
VisualStudioVersion = 15.0.26730.3
MinimumVisualStudioVersion = 10.0.40219.1
Project("{FAE04EC0-301F-11D3-BF4B-00C04F79EFBC}") = "ListTクラス", "ListTクラス\ListTクラス.csproj", "{D029884B-EA7E-4E92-95B5-D5537999A916}"
EndProject
Global
	GlobalSection(SolutionConfigurationPlatforms) = preSolution
		Debug|Any CPU = Debug|Any CPU
		Release|Any CPU = Release|Any CPU
	EndGlobalSection
	GlobalSection(ProjectConfigurationPlatforms) = postSolution
		{D029884B-EA7E-4E92-95B5-D5537999A916}.Debug|Any CPU.ActiveCfg = Debug|Any CPU
		{D029884B-EA7E-4E92-95B5-D5537999A916}.Debug|Any CPU.Build.0 = Debug|Any CPU
		{D029884B-EA7E-4E92-95B5-D5537999A916}.Release|Any CPU.ActiveCfg = Release|Any CPU
		{D029884B-EA7E-4E92-95B5-D5537999A916}.Release|Any CPU.Build.0 = Release|Any CPU
	EndGlobalSection
	GlobalSection(SolutionProperties) = preSolution
		HideSolutionNode = FALSE
	EndGlobalSection
	GlobalSection(ExtensibilityGlobals) = postSolution
		SolutionGuid = {68AB1C2C-1EE1-4E32-BDA6-BB3D330EE7EB}
	EndGlobalSection
EndGlobal
