
Microsoft Visual Studio Solution File, Format Version 12.00
# Visual Studio 15
VisualStudioVersion = 15.0.26730.3
MinimumVisualStudioVersion = 10.0.40219.1
Project("{FAE04EC0-301F-11D3-BF4B-00C04F79EFBC}") = "隠ぺいが許されないケース", "隠ぺいが許されないケース\隠ぺいが許されないケース.csproj", "{E8240350-84B9-4A91-86A8-C3BCA0A809BC}"
EndProject
Global
	GlobalSection(SolutionConfigurationPlatforms) = preSolution
		Debug|Any CPU = Debug|Any CPU
		Release|Any CPU = Release|Any CPU
	EndGlobalSection
	GlobalSection(ProjectConfigurationPlatforms) = postSolution
		{E8240350-84B9-4A91-86A8-C3BCA0A809BC}.Debug|Any CPU.ActiveCfg = Debug|Any CPU
		{E8240350-84B9-4A91-86A8-C3BCA0A809BC}.Debug|Any CPU.Build.0 = Debug|Any CPU
		{E8240350-84B9-4A91-86A8-C3BCA0A809BC}.Release|Any CPU.ActiveCfg = Release|Any CPU
		{E8240350-84B9-4A91-86A8-C3BCA0A809BC}.Release|Any CPU.Build.0 = Release|Any CPU
	EndGlobalSection
	GlobalSection(SolutionProperties) = preSolution
		HideSolutionNode = FALSE
	EndGlobalSection
	GlobalSection(ExtensibilityGlobals) = postSolution
		SolutionGuid = {B2DCF0B7-22FC-4CB9-B037-1E27043688E8}
	EndGlobalSection
EndGlobal
