
Microsoft Visual Studio Solution File, Format Version 12.00
# Visual Studio Version 16
VisualStudioVersion = 16.0.29123.89
MinimumVisualStudioVersion = 10.0.40219.1
Project("{FAE04EC0-301F-11D3-BF4B-00C04F79EFBC}") = "MayBeNullWhenAndNotNullWhen", "MayBeNullWhenAndNotNullWhen\MayBeNullWhenAndNotNullWhen.csproj", "{17392AAF-6435-489D-93B4-A0775D788A2D}"
EndProject
Global
	GlobalSection(SolutionConfigurationPlatforms) = preSolution
		Debug|Any CPU = Debug|Any CPU
		Release|Any CPU = Release|Any CPU
	EndGlobalSection
	GlobalSection(ProjectConfigurationPlatforms) = postSolution
		{17392AAF-6435-489D-93B4-A0775D788A2D}.Debug|Any CPU.ActiveCfg = Debug|Any CPU
		{17392AAF-6435-489D-93B4-A0775D788A2D}.Debug|Any CPU.Build.0 = Debug|Any CPU
		{17392AAF-6435-489D-93B4-A0775D788A2D}.Release|Any CPU.ActiveCfg = Release|Any CPU
		{17392AAF-6435-489D-93B4-A0775D788A2D}.Release|Any CPU.Build.0 = Release|Any CPU
	EndGlobalSection
	GlobalSection(SolutionProperties) = preSolution
		HideSolutionNode = FALSE
	EndGlobalSection
	GlobalSection(ExtensibilityGlobals) = postSolution
		SolutionGuid = {F651B708-B287-4F18-807F-0B75E676BB1F}
	EndGlobalSection
EndGlobal
