
Microsoft Visual Studio Solution File, Format Version 12.00
# Visual Studio 15
VisualStudioVersion = 15.0.26730.3
MinimumVisualStudioVersion = 10.0.40219.1
Project("{FAE04EC0-301F-11D3-BF4B-00C04F79EFBC}") = "null許容のbool型と3値論理型", "null許容のbool型と3値論理型\null許容のbool型と3値論理型.csproj", "{805F1043-1943-4F55-B48F-0D392CE9EDE4}"
EndProject
Global
	GlobalSection(SolutionConfigurationPlatforms) = preSolution
		Debug|Any CPU = Debug|Any CPU
		Release|Any CPU = Release|Any CPU
	EndGlobalSection
	GlobalSection(ProjectConfigurationPlatforms) = postSolution
		{805F1043-1943-4F55-B48F-0D392CE9EDE4}.Debug|Any CPU.ActiveCfg = Debug|Any CPU
		{805F1043-1943-4F55-B48F-0D392CE9EDE4}.Debug|Any CPU.Build.0 = Debug|Any CPU
		{805F1043-1943-4F55-B48F-0D392CE9EDE4}.Release|Any CPU.ActiveCfg = Release|Any CPU
		{805F1043-1943-4F55-B48F-0D392CE9EDE4}.Release|Any CPU.Build.0 = Release|Any CPU
	EndGlobalSection
	GlobalSection(SolutionProperties) = preSolution
		HideSolutionNode = FALSE
	EndGlobalSection
	GlobalSection(ExtensibilityGlobals) = postSolution
		SolutionGuid = {7162491B-5BB0-47AA-9165-28EB95B9A9E4}
	EndGlobalSection
EndGlobal
