
Microsoft Visual Studio Solution File, Format Version 12.00
# Visual Studio 15
VisualStudioVersion = 15.0.26730.3
MinimumVisualStudioVersion = 10.0.40219.1
Project("{FAE04EC0-301F-11D3-BF4B-00C04F79EFBC}") = "データの型と変数の型2", "データの型と変数の型2\データの型と変数の型2.csproj", "{840D47F3-FB5C-4B10-B568-3470965A9494}"
EndProject
Global
	GlobalSection(SolutionConfigurationPlatforms) = preSolution
		Debug|Any CPU = Debug|Any CPU
		Release|Any CPU = Release|Any CPU
	EndGlobalSection
	GlobalSection(ProjectConfigurationPlatforms) = postSolution
		{840D47F3-FB5C-4B10-B568-3470965A9494}.Debug|Any CPU.ActiveCfg = Debug|Any CPU
		{840D47F3-FB5C-4B10-B568-3470965A9494}.Debug|Any CPU.Build.0 = Debug|Any CPU
		{840D47F3-FB5C-4B10-B568-3470965A9494}.Release|Any CPU.ActiveCfg = Release|Any CPU
		{840D47F3-FB5C-4B10-B568-3470965A9494}.Release|Any CPU.Build.0 = Release|Any CPU
	EndGlobalSection
	GlobalSection(SolutionProperties) = preSolution
		HideSolutionNode = FALSE
	EndGlobalSection
	GlobalSection(ExtensibilityGlobals) = postSolution
		SolutionGuid = {894B90BB-D495-458A-97D0-29F99646BAD6}
	EndGlobalSection
EndGlobal
