
Microsoft Visual Studio Solution File, Format Version 12.00
# Visual Studio 15
VisualStudioVersion = 15.0.26730.3
MinimumVisualStudioVersion = 10.0.40219.1
Project("{FAE04EC0-301F-11D3-BF4B-00C04F79EFBC}") = "newを含むSelectメソッドselect句", "newを含むSelectメソッドselect句\newを含むSelectメソッドselect句.csproj", "{C8428573-4B6C-4FDC-9EAE-400371D33C04}"
EndProject
Global
	GlobalSection(SolutionConfigurationPlatforms) = preSolution
		Debug|Any CPU = Debug|Any CPU
		Release|Any CPU = Release|Any CPU
	EndGlobalSection
	GlobalSection(ProjectConfigurationPlatforms) = postSolution
		{C8428573-4B6C-4FDC-9EAE-400371D33C04}.Debug|Any CPU.ActiveCfg = Debug|Any CPU
		{C8428573-4B6C-4FDC-9EAE-400371D33C04}.Debug|Any CPU.Build.0 = Debug|Any CPU
		{C8428573-4B6C-4FDC-9EAE-400371D33C04}.Release|Any CPU.ActiveCfg = Release|Any CPU
		{C8428573-4B6C-4FDC-9EAE-400371D33C04}.Release|Any CPU.Build.0 = Release|Any CPU
	EndGlobalSection
	GlobalSection(SolutionProperties) = preSolution
		HideSolutionNode = FALSE
	EndGlobalSection
	GlobalSection(ExtensibilityGlobals) = postSolution
		SolutionGuid = {45ACF35A-87B1-4C25-A015-A6856CDF9712}
	EndGlobalSection
EndGlobal
