
Microsoft Visual Studio Solution File, Format Version 12.00
# Visual Studio 15
VisualStudioVersion = 15.0.26730.3
MinimumVisualStudioVersion = 10.0.40219.1
Project("{FAE04EC0-301F-11D3-BF4B-00C04F79EFBC}") = "C4Q1", "C4Q1\C4Q1.csproj", "{B5DC42AF-86B3-4D91-B903-6BD8CBCA4924}"
EndProject
Global
	GlobalSection(SolutionConfigurationPlatforms) = preSolution
		Debug|Any CPU = Debug|Any CPU
		Release|Any CPU = Release|Any CPU
	EndGlobalSection
	GlobalSection(ProjectConfigurationPlatforms) = postSolution
		{B5DC42AF-86B3-4D91-B903-6BD8CBCA4924}.Debug|Any CPU.ActiveCfg = Debug|Any CPU
		{B5DC42AF-86B3-4D91-B903-6BD8CBCA4924}.Debug|Any CPU.Build.0 = Debug|Any CPU
		{B5DC42AF-86B3-4D91-B903-6BD8CBCA4924}.Release|Any CPU.ActiveCfg = Release|Any CPU
		{B5DC42AF-86B3-4D91-B903-6BD8CBCA4924}.Release|Any CPU.Build.0 = Release|Any CPU
	EndGlobalSection
	GlobalSection(SolutionProperties) = preSolution
		HideSolutionNode = FALSE
	EndGlobalSection
	GlobalSection(ExtensibilityGlobals) = postSolution
		SolutionGuid = {47947467-EFF3-4643-863F-C7F204B0D315}
	EndGlobalSection
EndGlobal
