
Microsoft Visual Studio Solution File, Format Version 12.00
# Visual Studio Version 17
VisualStudioVersion = 17.8.34316.72
MinimumVisualStudioVersion = 10.0.40219.1
Project("{FAE04EC0-301F-11D3-BF4B-00C04F79EFBC}") = "InlineArray", "InlineArray\InlineArray.csproj", "{17AE8D3D-D02C-48D4-A5AD-038F6B74E662}"
EndProject
Global
	GlobalSection(SolutionConfigurationPlatforms) = preSolution
		Debug|Any CPU = Debug|Any CPU
		Release|Any CPU = Release|Any CPU
	EndGlobalSection
	GlobalSection(ProjectConfigurationPlatforms) = postSolution
		{17AE8D3D-D02C-48D4-A5AD-038F6B74E662}.Debug|Any CPU.ActiveCfg = Debug|Any CPU
		{17AE8D3D-D02C-48D4-A5AD-038F6B74E662}.Debug|Any CPU.Build.0 = Debug|Any CPU
		{17AE8D3D-D02C-48D4-A5AD-038F6B74E662}.Release|Any CPU.ActiveCfg = Release|Any CPU
		{17AE8D3D-D02C-48D4-A5AD-038F6B74E662}.Release|Any CPU.Build.0 = Release|Any CPU
	EndGlobalSection
	GlobalSection(SolutionProperties) = preSolution
		HideSolutionNode = FALSE
	EndGlobalSection
	GlobalSection(ExtensibilityGlobals) = postSolution
		SolutionGuid = {44B2251D-B093-4CA6-8BB9-905A520C1D5C}
	EndGlobalSection
EndGlobal
