
Microsoft Visual Studio Solution File, Format Version 12.00
# Visual Studio 15
VisualStudioVersion = 15.0.26730.3
MinimumVisualStudioVersion = 10.0.40219.1
Project("{FAE04EC0-301F-11D3-BF4B-00C04F79EFBC}") = "静的なメソッドを呼び出す", "静的なメソッドを呼び出す\静的なメソッドを呼び出す.csproj", "{FA513223-4CDC-4CD8-BF8C-A0A86A93C708}"
EndProject
Global
	GlobalSection(SolutionConfigurationPlatforms) = preSolution
		Debug|Any CPU = Debug|Any CPU
		Release|Any CPU = Release|Any CPU
	EndGlobalSection
	GlobalSection(ProjectConfigurationPlatforms) = postSolution
		{FA513223-4CDC-4CD8-BF8C-A0A86A93C708}.Debug|Any CPU.ActiveCfg = Debug|Any CPU
		{FA513223-4CDC-4CD8-BF8C-A0A86A93C708}.Debug|Any CPU.Build.0 = Debug|Any CPU
		{FA513223-4CDC-4CD8-BF8C-A0A86A93C708}.Release|Any CPU.ActiveCfg = Release|Any CPU
		{FA513223-4CDC-4CD8-BF8C-A0A86A93C708}.Release|Any CPU.Build.0 = Release|Any CPU
	EndGlobalSection
	GlobalSection(SolutionProperties) = preSolution
		HideSolutionNode = FALSE
	EndGlobalSection
	GlobalSection(ExtensibilityGlobals) = postSolution
		SolutionGuid = {AD6EF126-C35E-469A-A30D-1006D9E5EAB4}
	EndGlobalSection
EndGlobal
