
Microsoft Visual Studio Solution File, Format Version 12.00
# Visual Studio 15
VisualStudioVersion = 15.0.26730.3
MinimumVisualStudioVersion = 10.0.40219.1
Project("{FAE04EC0-301F-11D3-BF4B-00C04F79EFBC}") = "C5Q16_2", "C5Q16_2\C5Q16_2.csproj", "{BD0D16C4-C473-485E-B535-76F5214F5046}"
EndProject
Global
	GlobalSection(SolutionConfigurationPlatforms) = preSolution
		Debug|Any CPU = Debug|Any CPU
		Release|Any CPU = Release|Any CPU
	EndGlobalSection
	GlobalSection(ProjectConfigurationPlatforms) = postSolution
		{BD0D16C4-C473-485E-B535-76F5214F5046}.Debug|Any CPU.ActiveCfg = Debug|Any CPU
		{BD0D16C4-C473-485E-B535-76F5214F5046}.Debug|Any CPU.Build.0 = Debug|Any CPU
		{BD0D16C4-C473-485E-B535-76F5214F5046}.Release|Any CPU.ActiveCfg = Release|Any CPU
		{BD0D16C4-C473-485E-B535-76F5214F5046}.Release|Any CPU.Build.0 = Release|Any CPU
	EndGlobalSection
	GlobalSection(SolutionProperties) = preSolution
		HideSolutionNode = FALSE
	EndGlobalSection
	GlobalSection(ExtensibilityGlobals) = postSolution
		SolutionGuid = {26177A74-740D-432F-9E84-87B75C199F04}
	EndGlobalSection
EndGlobal
