
Microsoft Visual Studio Solution File, Format Version 12.00
# Visual Studio 15
VisualStudioVersion = 15.0.26730.3
MinimumVisualStudioVersion = 10.0.40219.1
Project("{FAE04EC0-301F-11D3-BF4B-00C04F79EFBC}") = "完成したソースコード", "完成したソースコード\完成したソースコード.csproj", "{377FA416-56B6-4166-994E-05E5AA414344}"
EndProject
Global
	GlobalSection(SolutionConfigurationPlatforms) = preSolution
		Debug|Any CPU = Debug|Any CPU
		Release|Any CPU = Release|Any CPU
	EndGlobalSection
	GlobalSection(ProjectConfigurationPlatforms) = postSolution
		{377FA416-56B6-4166-994E-05E5AA414344}.Debug|Any CPU.ActiveCfg = Debug|Any CPU
		{377FA416-56B6-4166-994E-05E5AA414344}.Debug|Any CPU.Build.0 = Debug|Any CPU
		{377FA416-56B6-4166-994E-05E5AA414344}.Release|Any CPU.ActiveCfg = Release|Any CPU
		{377FA416-56B6-4166-994E-05E5AA414344}.Release|Any CPU.Build.0 = Release|Any CPU
	EndGlobalSection
	GlobalSection(SolutionProperties) = preSolution
		HideSolutionNode = FALSE
	EndGlobalSection
	GlobalSection(ExtensibilityGlobals) = postSolution
		SolutionGuid = {69339528-7440-4AEE-BBA5-056F00068F13}
	EndGlobalSection
EndGlobal
