
Microsoft Visual Studio Solution File, Format Version 12.00
# Visual Studio 15
VisualStudioVersion = 15.0.26730.3
MinimumVisualStudioVersion = 10.0.40219.1
Project("{FAE04EC0-301F-11D3-BF4B-00C04F79EFBC}") = "無限ループとbreakステートメント", "無限ループとbreakステートメント\無限ループとbreakステートメント.csproj", "{1D53044C-137A-4A2C-A7E3-00A65F22A037}"
EndProject
Global
	GlobalSection(SolutionConfigurationPlatforms) = preSolution
		Debug|Any CPU = Debug|Any CPU
		Release|Any CPU = Release|Any CPU
	EndGlobalSection
	GlobalSection(ProjectConfigurationPlatforms) = postSolution
		{1D53044C-137A-4A2C-A7E3-00A65F22A037}.Debug|Any CPU.ActiveCfg = Debug|Any CPU
		{1D53044C-137A-4A2C-A7E3-00A65F22A037}.Debug|Any CPU.Build.0 = Debug|Any CPU
		{1D53044C-137A-4A2C-A7E3-00A65F22A037}.Release|Any CPU.ActiveCfg = Release|Any CPU
		{1D53044C-137A-4A2C-A7E3-00A65F22A037}.Release|Any CPU.Build.0 = Release|Any CPU
	EndGlobalSection
	GlobalSection(SolutionProperties) = preSolution
		HideSolutionNode = FALSE
	EndGlobalSection
	GlobalSection(ExtensibilityGlobals) = postSolution
		SolutionGuid = {1CE50DB2-9ECB-4834-B5A7-462A1B439247}
	EndGlobalSection
EndGlobal
