
Microsoft Visual Studio Solution File, Format Version 12.00
# Visual Studio 15
VisualStudioVersion = 15.0.26730.3
MinimumVisualStudioVersion = 10.0.40219.1
Project("{FAE04EC0-301F-11D3-BF4B-00C04F79EFBC}") = "様々な型の値を入れる変数4", "様々な型の値を入れる変数4\様々な型の値を入れる変数4.csproj", "{18E8ABA8-9411-481B-B93B-2EB0C104241D}"
EndProject
Global
	GlobalSection(SolutionConfigurationPlatforms) = preSolution
		Debug|Any CPU = Debug|Any CPU
		Release|Any CPU = Release|Any CPU
	EndGlobalSection
	GlobalSection(ProjectConfigurationPlatforms) = postSolution
		{18E8ABA8-9411-481B-B93B-2EB0C104241D}.Debug|Any CPU.ActiveCfg = Debug|Any CPU
		{18E8ABA8-9411-481B-B93B-2EB0C104241D}.Debug|Any CPU.Build.0 = Debug|Any CPU
		{18E8ABA8-9411-481B-B93B-2EB0C104241D}.Release|Any CPU.ActiveCfg = Release|Any CPU
		{18E8ABA8-9411-481B-B93B-2EB0C104241D}.Release|Any CPU.Build.0 = Release|Any CPU
	EndGlobalSection
	GlobalSection(SolutionProperties) = preSolution
		HideSolutionNode = FALSE
	EndGlobalSection
	GlobalSection(ExtensibilityGlobals) = postSolution
		SolutionGuid = {974624BB-105A-4432-9AD6-B3436488C116}
	EndGlobalSection
EndGlobal
