
Microsoft Visual Studio Solution File, Format Version 12.00
# Visual Studio 15
VisualStudioVersion = 15.0.26730.3
MinimumVisualStudioVersion = 10.0.40219.1
Project("{FAE04EC0-301F-11D3-BF4B-00C04F79EFBC}") = "dynamic型を経由して呼び出す", "dynamic型を経由して呼び出す\dynamic型を経由して呼び出す.csproj", "{0654F747-B113-494A-AB84-305B12F5C787}"
EndProject
Global
	GlobalSection(SolutionConfigurationPlatforms) = preSolution
		Debug|Any CPU = Debug|Any CPU
		Release|Any CPU = Release|Any CPU
	EndGlobalSection
	GlobalSection(ProjectConfigurationPlatforms) = postSolution
		{0654F747-B113-494A-AB84-305B12F5C787}.Debug|Any CPU.ActiveCfg = Debug|Any CPU
		{0654F747-B113-494A-AB84-305B12F5C787}.Debug|Any CPU.Build.0 = Debug|Any CPU
		{0654F747-B113-494A-AB84-305B12F5C787}.Release|Any CPU.ActiveCfg = Release|Any CPU
		{0654F747-B113-494A-AB84-305B12F5C787}.Release|Any CPU.Build.0 = Release|Any CPU
	EndGlobalSection
	GlobalSection(SolutionProperties) = preSolution
		HideSolutionNode = FALSE
	EndGlobalSection
	GlobalSection(ExtensibilityGlobals) = postSolution
		SolutionGuid = {89342245-F40D-4B33-90D0-E911057A1104}
	EndGlobalSection
EndGlobal
