
Microsoft Visual Studio Solution File, Format Version 12.00
# Visual Studio Version 16
VisualStudioVersion = 16.0.28315.86
MinimumVisualStudioVersion = 10.0.40219.1
Project("{FAE04EC0-301F-11D3-BF4B-00C04F79EFBC}") = "NullableRefenceType4", "NullableRefenceType4\NullableRefenceType4.csproj", "{97CC39E1-D6C7-4700-A8D2-E5EA7666FCAE}"
EndProject
Global
	GlobalSection(SolutionConfigurationPlatforms) = preSolution
		Debug|Any CPU = Debug|Any CPU
		Release|Any CPU = Release|Any CPU
	EndGlobalSection
	GlobalSection(ProjectConfigurationPlatforms) = postSolution
		{97CC39E1-D6C7-4700-A8D2-E5EA7666FCAE}.Debug|Any CPU.ActiveCfg = Debug|Any CPU
		{97CC39E1-D6C7-4700-A8D2-E5EA7666FCAE}.Debug|Any CPU.Build.0 = Debug|Any CPU
		{97CC39E1-D6C7-4700-A8D2-E5EA7666FCAE}.Release|Any CPU.ActiveCfg = Release|Any CPU
		{97CC39E1-D6C7-4700-A8D2-E5EA7666FCAE}.Release|Any CPU.Build.0 = Release|Any CPU
	EndGlobalSection
	GlobalSection(SolutionProperties) = preSolution
		HideSolutionNode = FALSE
	EndGlobalSection
	GlobalSection(ExtensibilityGlobals) = postSolution
		SolutionGuid = {1EC6994C-FD1E-4BE3-88A6-39747D3D17C1}
	EndGlobalSection
EndGlobal
