
Microsoft Visual Studio Solution File, Format Version 12.00
# Visual Studio 15
VisualStudioVersion = 15.0.26730.3
MinimumVisualStudioVersion = 10.0.40219.1
Project("{FAE04EC0-301F-11D3-BF4B-00C04F79EFBC}") = "コンストラクタによる初期化", "コンストラクタによる初期化\コンストラクタによる初期化.csproj", "{F46916A9-4094-4A40-B525-C8FB7F4B5EAB}"
EndProject
Global
	GlobalSection(SolutionConfigurationPlatforms) = preSolution
		Debug|Any CPU = Debug|Any CPU
		Release|Any CPU = Release|Any CPU
	EndGlobalSection
	GlobalSection(ProjectConfigurationPlatforms) = postSolution
		{F46916A9-4094-4A40-B525-C8FB7F4B5EAB}.Debug|Any CPU.ActiveCfg = Debug|Any CPU
		{F46916A9-4094-4A40-B525-C8FB7F4B5EAB}.Debug|Any CPU.Build.0 = Debug|Any CPU
		{F46916A9-4094-4A40-B525-C8FB7F4B5EAB}.Release|Any CPU.ActiveCfg = Release|Any CPU
		{F46916A9-4094-4A40-B525-C8FB7F4B5EAB}.Release|Any CPU.Build.0 = Release|Any CPU
	EndGlobalSection
	GlobalSection(SolutionProperties) = preSolution
		HideSolutionNode = FALSE
	EndGlobalSection
	GlobalSection(ExtensibilityGlobals) = postSolution
		SolutionGuid = {5F302C89-891C-41D9-9CD4-7F759DFA4DAC}
	EndGlobalSection
EndGlobal
