
Microsoft Visual Studio Solution File, Format Version 12.00
# Visual Studio 15
VisualStudioVersion = 15.0.26730.3
MinimumVisualStudioVersion = 10.0.40219.1
Project("{FAE04EC0-301F-11D3-BF4B-00C04F79EFBC}") = "画像処理の例", "画像処理の例\画像処理の例.csproj", "{93546BE5-FA05-4B8C-8565-55914AD3BFC1}"
EndProject
Global
	GlobalSection(SolutionConfigurationPlatforms) = preSolution
		Debug|Any CPU = Debug|Any CPU
		Release|Any CPU = Release|Any CPU
	EndGlobalSection
	GlobalSection(ProjectConfigurationPlatforms) = postSolution
		{93546BE5-FA05-4B8C-8565-55914AD3BFC1}.Debug|Any CPU.ActiveCfg = Debug|Any CPU
		{93546BE5-FA05-4B8C-8565-55914AD3BFC1}.Debug|Any CPU.Build.0 = Debug|Any CPU
		{93546BE5-FA05-4B8C-8565-55914AD3BFC1}.Release|Any CPU.ActiveCfg = Release|Any CPU
		{93546BE5-FA05-4B8C-8565-55914AD3BFC1}.Release|Any CPU.Build.0 = Release|Any CPU
	EndGlobalSection
	GlobalSection(SolutionProperties) = preSolution
		HideSolutionNode = FALSE
	EndGlobalSection
	GlobalSection(ExtensibilityGlobals) = postSolution
		SolutionGuid = {5E466B5E-D474-4501-AE88-81C984558849}
	EndGlobalSection
EndGlobal
