
Microsoft Visual Studio Solution File, Format Version 12.00
# Visual Studio 15
VisualStudioVersion = 15.0.26730.3
MinimumVisualStudioVersion = 10.0.40219.1
Project("{FAE04EC0-301F-11D3-BF4B-00C04F79EFBC}") = "C2Q18", "C2Q18\C2Q18.csproj", "{147EBA8C-C2E9-40E4-BFB7-9602B80D40B1}"
EndProject
Global
	GlobalSection(SolutionConfigurationPlatforms) = preSolution
		Debug|Any CPU = Debug|Any CPU
		Release|Any CPU = Release|Any CPU
	EndGlobalSection
	GlobalSection(ProjectConfigurationPlatforms) = postSolution
		{147EBA8C-C2E9-40E4-BFB7-9602B80D40B1}.Debug|Any CPU.ActiveCfg = Debug|Any CPU
		{147EBA8C-C2E9-40E4-BFB7-9602B80D40B1}.Debug|Any CPU.Build.0 = Debug|Any CPU
		{147EBA8C-C2E9-40E4-BFB7-9602B80D40B1}.Release|Any CPU.ActiveCfg = Release|Any CPU
		{147EBA8C-C2E9-40E4-BFB7-9602B80D40B1}.Release|Any CPU.Build.0 = Release|Any CPU
	EndGlobalSection
	GlobalSection(SolutionProperties) = preSolution
		HideSolutionNode = FALSE
	EndGlobalSection
	GlobalSection(ExtensibilityGlobals) = postSolution
		SolutionGuid = {F5E948CE-5654-4C4E-8D5C-F5E87FE920AF}
	EndGlobalSection
EndGlobal
