
Microsoft Visual Studio Solution File, Format Version 12.00
# Visual Studio 15
VisualStudioVersion = 15.0.26730.3
MinimumVisualStudioVersion = 10.0.40219.1
Project("{FAE04EC0-301F-11D3-BF4B-00C04F79EFBC}") = "こんなプログラムを作ってみよう", "こんなプログラムを作ってみよう\こんなプログラムを作ってみよう.csproj", "{B70F6666-0B09-4182-B417-9C58F9CFB941}"
EndProject
Global
	GlobalSection(SolutionConfigurationPlatforms) = preSolution
		Debug|Any CPU = Debug|Any CPU
		Release|Any CPU = Release|Any CPU
	EndGlobalSection
	GlobalSection(ProjectConfigurationPlatforms) = postSolution
		{B70F6666-0B09-4182-B417-9C58F9CFB941}.Debug|Any CPU.ActiveCfg = Debug|Any CPU
		{B70F6666-0B09-4182-B417-9C58F9CFB941}.Debug|Any CPU.Build.0 = Debug|Any CPU
		{B70F6666-0B09-4182-B417-9C58F9CFB941}.Release|Any CPU.ActiveCfg = Release|Any CPU
		{B70F6666-0B09-4182-B417-9C58F9CFB941}.Release|Any CPU.Build.0 = Release|Any CPU
	EndGlobalSection
	GlobalSection(SolutionProperties) = preSolution
		HideSolutionNode = FALSE
	EndGlobalSection
	GlobalSection(ExtensibilityGlobals) = postSolution
		SolutionGuid = {96B2D7F0-41FB-468C-839F-1B9210F9E998}
	EndGlobalSection
EndGlobal
