
Microsoft Visual Studio Solution File, Format Version 12.00
# Visual Studio 15
VisualStudioVersion = 15.0.26730.3
MinimumVisualStudioVersion = 10.0.40219.1
Project("{FAE04EC0-301F-11D3-BF4B-00C04F79EFBC}") = "メソッドへの参照はデリゲート型2", "メソッドへの参照はデリゲート型2\メソッドへの参照はデリゲート型2.csproj", "{D769798D-87A8-4771-91F5-B60AFB8B3681}"
EndProject
Global
	GlobalSection(SolutionConfigurationPlatforms) = preSolution
		Debug|Any CPU = Debug|Any CPU
		Release|Any CPU = Release|Any CPU
	EndGlobalSection
	GlobalSection(ProjectConfigurationPlatforms) = postSolution
		{D769798D-87A8-4771-91F5-B60AFB8B3681}.Debug|Any CPU.ActiveCfg = Debug|Any CPU
		{D769798D-87A8-4771-91F5-B60AFB8B3681}.Debug|Any CPU.Build.0 = Debug|Any CPU
		{D769798D-87A8-4771-91F5-B60AFB8B3681}.Release|Any CPU.ActiveCfg = Release|Any CPU
		{D769798D-87A8-4771-91F5-B60AFB8B3681}.Release|Any CPU.Build.0 = Release|Any CPU
	EndGlobalSection
	GlobalSection(SolutionProperties) = preSolution
		HideSolutionNode = FALSE
	EndGlobalSection
	GlobalSection(ExtensibilityGlobals) = postSolution
		SolutionGuid = {5F8598CD-66DF-4AAE-AA47-F16871A59524}
	EndGlobalSection
EndGlobal
