
Microsoft Visual Studio Solution File, Format Version 12.00
# Visual Studio Version 17
VisualStudioVersion = 17.8.34309.116
MinimumVisualStudioVersion = 10.0.40219.1
Project("{FAE04EC0-301F-11D3-BF4B-00C04F79EFBC}") = "CollectionExpressions", "CollectionExpressions\CollectionExpressions.csproj", "{12C4CA1D-1DBF-4B6D-ADF7-E796B1F504DC}"
EndProject
Global
	GlobalSection(SolutionConfigurationPlatforms) = preSolution
		Debug|Any CPU = Debug|Any CPU
		Release|Any CPU = Release|Any CPU
	EndGlobalSection
	GlobalSection(ProjectConfigurationPlatforms) = postSolution
		{12C4CA1D-1DBF-4B6D-ADF7-E796B1F504DC}.Debug|Any CPU.ActiveCfg = Debug|Any CPU
		{12C4CA1D-1DBF-4B6D-ADF7-E796B1F504DC}.Debug|Any CPU.Build.0 = Debug|Any CPU
		{12C4CA1D-1DBF-4B6D-ADF7-E796B1F504DC}.Release|Any CPU.ActiveCfg = Release|Any CPU
		{12C4CA1D-1DBF-4B6D-ADF7-E796B1F504DC}.Release|Any CPU.Build.0 = Release|Any CPU
	EndGlobalSection
	GlobalSection(SolutionProperties) = preSolution
		HideSolutionNode = FALSE
	EndGlobalSection
	GlobalSection(ExtensibilityGlobals) = postSolution
		SolutionGuid = {8A427478-2CD1-44F6-BB57-08F8C92366AA}
	EndGlobalSection
EndGlobal
