
Microsoft Visual Studio Solution File, Format Version 12.00
# Visual Studio 15
VisualStudioVersion = 15.0.26730.3
MinimumVisualStudioVersion = 10.0.40219.1
Project("{FAE04EC0-301F-11D3-BF4B-00C04F79EFBC}") = "C17Q5", "C17Q5\C17Q5.csproj", "{A5F35B44-D009-4582-A264-B7618A3F5F64}"
EndProject
Global
	GlobalSection(SolutionConfigurationPlatforms) = preSolution
		Debug|Any CPU = Debug|Any CPU
		Release|Any CPU = Release|Any CPU
	EndGlobalSection
	GlobalSection(ProjectConfigurationPlatforms) = postSolution
		{A5F35B44-D009-4582-A264-B7618A3F5F64}.Debug|Any CPU.ActiveCfg = Debug|Any CPU
		{A5F35B44-D009-4582-A264-B7618A3F5F64}.Debug|Any CPU.Build.0 = Debug|Any CPU
		{A5F35B44-D009-4582-A264-B7618A3F5F64}.Release|Any CPU.ActiveCfg = Release|Any CPU
		{A5F35B44-D009-4582-A264-B7618A3F5F64}.Release|Any CPU.Build.0 = Release|Any CPU
	EndGlobalSection
	GlobalSection(SolutionProperties) = preSolution
		HideSolutionNode = FALSE
	EndGlobalSection
	GlobalSection(ExtensibilityGlobals) = postSolution
		SolutionGuid = {FD30BCEF-3548-4196-AB48-3CDD84EB000F}
	EndGlobalSection
EndGlobal
