
Microsoft Visual Studio Solution File, Format Version 12.00
# Visual Studio 15
VisualStudioVersion = 15.0.26730.3
MinimumVisualStudioVersion = 10.0.40219.1
Project("{FAE04EC0-301F-11D3-BF4B-00C04F79EFBC}") = "16進数の整数", "16進数の整数\16進数の整数.csproj", "{431ADF26-9300-412E-B12E-3B630AF8DF71}"
EndProject
Global
	GlobalSection(SolutionConfigurationPlatforms) = preSolution
		Debug|Any CPU = Debug|Any CPU
		Release|Any CPU = Release|Any CPU
	EndGlobalSection
	GlobalSection(ProjectConfigurationPlatforms) = postSolution
		{431ADF26-9300-412E-B12E-3B630AF8DF71}.Debug|Any CPU.ActiveCfg = Debug|Any CPU
		{431ADF26-9300-412E-B12E-3B630AF8DF71}.Debug|Any CPU.Build.0 = Debug|Any CPU
		{431ADF26-9300-412E-B12E-3B630AF8DF71}.Release|Any CPU.ActiveCfg = Release|Any CPU
		{431ADF26-9300-412E-B12E-3B630AF8DF71}.Release|Any CPU.Build.0 = Release|Any CPU
	EndGlobalSection
	GlobalSection(SolutionProperties) = preSolution
		HideSolutionNode = FALSE
	EndGlobalSection
	GlobalSection(ExtensibilityGlobals) = postSolution
		SolutionGuid = {6283D3B3-820B-421D-B39E-5F1B2482A9B6}
	EndGlobalSection
EndGlobal
