
Microsoft Visual Studio Solution File, Format Version 12.00
# Visual Studio 15
VisualStudioVersion = 15.0.26730.3
MinimumVisualStudioVersion = 10.0.40219.1
Project("{FAE04EC0-301F-11D3-BF4B-00C04F79EFBC}") = "C7Q3", "C7Q3\C7Q3.csproj", "{FE417424-1734-4367-9855-C66D19B0F3B6}"
EndProject
Global
	GlobalSection(SolutionConfigurationPlatforms) = preSolution
		Debug|Any CPU = Debug|Any CPU
		Release|Any CPU = Release|Any CPU
	EndGlobalSection
	GlobalSection(ProjectConfigurationPlatforms) = postSolution
		{FE417424-1734-4367-9855-C66D19B0F3B6}.Debug|Any CPU.ActiveCfg = Debug|Any CPU
		{FE417424-1734-4367-9855-C66D19B0F3B6}.Debug|Any CPU.Build.0 = Debug|Any CPU
		{FE417424-1734-4367-9855-C66D19B0F3B6}.Release|Any CPU.ActiveCfg = Release|Any CPU
		{FE417424-1734-4367-9855-C66D19B0F3B6}.Release|Any CPU.Build.0 = Release|Any CPU
	EndGlobalSection
	GlobalSection(SolutionProperties) = preSolution
		HideSolutionNode = FALSE
	EndGlobalSection
	GlobalSection(ExtensibilityGlobals) = postSolution
		SolutionGuid = {870E04C3-BE2E-439B-A5D8-8E32987B9D05}
	EndGlobalSection
EndGlobal
