
Microsoft Visual Studio Solution File, Format Version 12.00
# Visual Studio Version 16
VisualStudioVersion = 16.0.28621.142
MinimumVisualStudioVersion = 10.0.40219.1
Project("{FAE04EC0-301F-11D3-BF4B-00C04F79EFBC}") = "Patterns", "Patterns\Patterns.csproj", "{222F7EFD-B98E-4ADA-9121-2328909143D7}"
EndProject
Global
	GlobalSection(SolutionConfigurationPlatforms) = preSolution
		Debug|Any CPU = Debug|Any CPU
		Release|Any CPU = Release|Any CPU
	EndGlobalSection
	GlobalSection(ProjectConfigurationPlatforms) = postSolution
		{222F7EFD-B98E-4ADA-9121-2328909143D7}.Debug|Any CPU.ActiveCfg = Debug|Any CPU
		{222F7EFD-B98E-4ADA-9121-2328909143D7}.Debug|Any CPU.Build.0 = Debug|Any CPU
		{222F7EFD-B98E-4ADA-9121-2328909143D7}.Release|Any CPU.ActiveCfg = Release|Any CPU
		{222F7EFD-B98E-4ADA-9121-2328909143D7}.Release|Any CPU.Build.0 = Release|Any CPU
	EndGlobalSection
	GlobalSection(SolutionProperties) = preSolution
		HideSolutionNode = FALSE
	EndGlobalSection
	GlobalSection(ExtensibilityGlobals) = postSolution
		SolutionGuid = {1157E220-EA95-415B-A591-4590F660F7E3}
	EndGlobalSection
EndGlobal
