
Microsoft Visual Studio Solution File, Format Version 12.00
# Visual Studio 15
VisualStudioVersion = 15.0.26730.3
MinimumVisualStudioVersion = 10.0.40219.1
Project("{FAE04EC0-301F-11D3-BF4B-00C04F79EFBC}") = "実体が自動定義されるプロパティ", "実体が自動定義されるプロパティ\実体が自動定義されるプロパティ.csproj", "{1B472738-3C72-46FB-B596-9E7E113CA360}"
EndProject
Global
	GlobalSection(SolutionConfigurationPlatforms) = preSolution
		Debug|Any CPU = Debug|Any CPU
		Release|Any CPU = Release|Any CPU
	EndGlobalSection
	GlobalSection(ProjectConfigurationPlatforms) = postSolution
		{1B472738-3C72-46FB-B596-9E7E113CA360}.Debug|Any CPU.ActiveCfg = Debug|Any CPU
		{1B472738-3C72-46FB-B596-9E7E113CA360}.Debug|Any CPU.Build.0 = Debug|Any CPU
		{1B472738-3C72-46FB-B596-9E7E113CA360}.Release|Any CPU.ActiveCfg = Release|Any CPU
		{1B472738-3C72-46FB-B596-9E7E113CA360}.Release|Any CPU.Build.0 = Release|Any CPU
	EndGlobalSection
	GlobalSection(SolutionProperties) = preSolution
		HideSolutionNode = FALSE
	EndGlobalSection
	GlobalSection(ExtensibilityGlobals) = postSolution
		SolutionGuid = {D18759B0-F2BD-4917-B4AB-E818916C9DD9}
	EndGlobalSection
EndGlobal
