
Microsoft Visual Studio Solution File, Format Version 12.00
# Visual Studio 15
VisualStudioVersion = 15.0.27102.0
MinimumVisualStudioVersion = 10.0.40219.1
Project("{FAE04EC0-301F-11D3-BF4B-00C04F79EFBC}") = "先頭に書かれた桁のセパレーター文字", "先頭に書かれた桁のセパレーター文字\先頭に書かれた桁のセパレーター文字.csproj", "{C6F21486-0FBF-4981-9DC4-77A5CA019AED}"
EndProject
Global
	GlobalSection(SolutionConfigurationPlatforms) = preSolution
		Debug|Any CPU = Debug|Any CPU
		Release|Any CPU = Release|Any CPU
	EndGlobalSection
	GlobalSection(ProjectConfigurationPlatforms) = postSolution
		{C6F21486-0FBF-4981-9DC4-77A5CA019AED}.Debug|Any CPU.ActiveCfg = Debug|Any CPU
		{C6F21486-0FBF-4981-9DC4-77A5CA019AED}.Debug|Any CPU.Build.0 = Debug|Any CPU
		{C6F21486-0FBF-4981-9DC4-77A5CA019AED}.Release|Any CPU.ActiveCfg = Release|Any CPU
		{C6F21486-0FBF-4981-9DC4-77A5CA019AED}.Release|Any CPU.Build.0 = Release|Any CPU
	EndGlobalSection
	GlobalSection(SolutionProperties) = preSolution
		HideSolutionNode = FALSE
	EndGlobalSection
	GlobalSection(ExtensibilityGlobals) = postSolution
		SolutionGuid = {762827A9-D921-4A03-814A-70EF51BD2C72}
	EndGlobalSection
EndGlobal
