
Microsoft Visual Studio Solution File, Format Version 12.00
# Visual Studio 15
VisualStudioVersion = 15.0.26730.3
MinimumVisualStudioVersion = 10.0.40219.1
Project("{FAE04EC0-301F-11D3-BF4B-00C04F79EFBC}") = "C20Q5", "C20Q5\C20Q5.csproj", "{97CC8D87-87C4-4BD1-9D61-A12DC1DD6429}"
EndProject
Global
	GlobalSection(SolutionConfigurationPlatforms) = preSolution
		Debug|Any CPU = Debug|Any CPU
		Release|Any CPU = Release|Any CPU
	EndGlobalSection
	GlobalSection(ProjectConfigurationPlatforms) = postSolution
		{97CC8D87-87C4-4BD1-9D61-A12DC1DD6429}.Debug|Any CPU.ActiveCfg = Debug|Any CPU
		{97CC8D87-87C4-4BD1-9D61-A12DC1DD6429}.Debug|Any CPU.Build.0 = Debug|Any CPU
		{97CC8D87-87C4-4BD1-9D61-A12DC1DD6429}.Release|Any CPU.ActiveCfg = Release|Any CPU
		{97CC8D87-87C4-4BD1-9D61-A12DC1DD6429}.Release|Any CPU.Build.0 = Release|Any CPU
	EndGlobalSection
	GlobalSection(SolutionProperties) = preSolution
		HideSolutionNode = FALSE
	EndGlobalSection
	GlobalSection(ExtensibilityGlobals) = postSolution
		SolutionGuid = {73E26A4A-C0FF-432C-9512-F4327A084A7B}
	EndGlobalSection
EndGlobal
