
Microsoft Visual Studio Solution File, Format Version 12.00
# Visual Studio 15
VisualStudioVersion = 15.0.26730.3
MinimumVisualStudioVersion = 10.0.40219.1
Project("{FAE04EC0-301F-11D3-BF4B-00C04F79EFBC}") = "構造体のthis", "構造体のthis\構造体のthis.csproj", "{946A0418-353E-4586-8DDD-B3953438915C}"
EndProject
Global
	GlobalSection(SolutionConfigurationPlatforms) = preSolution
		Debug|Any CPU = Debug|Any CPU
		Release|Any CPU = Release|Any CPU
	EndGlobalSection
	GlobalSection(ProjectConfigurationPlatforms) = postSolution
		{946A0418-353E-4586-8DDD-B3953438915C}.Debug|Any CPU.ActiveCfg = Debug|Any CPU
		{946A0418-353E-4586-8DDD-B3953438915C}.Debug|Any CPU.Build.0 = Debug|Any CPU
		{946A0418-353E-4586-8DDD-B3953438915C}.Release|Any CPU.ActiveCfg = Release|Any CPU
		{946A0418-353E-4586-8DDD-B3953438915C}.Release|Any CPU.Build.0 = Release|Any CPU
	EndGlobalSection
	GlobalSection(SolutionProperties) = preSolution
		HideSolutionNode = FALSE
	EndGlobalSection
	GlobalSection(ExtensibilityGlobals) = postSolution
		SolutionGuid = {D5043A46-085A-4466-8E1C-128B4BAA0924}
	EndGlobalSection
EndGlobal
