
Microsoft Visual Studio Solution File, Format Version 12.00
# Visual Studio 15
VisualStudioVersion = 15.0.26730.3
MinimumVisualStudioVersion = 10.0.40219.1
Project("{FAE04EC0-301F-11D3-BF4B-00C04F79EFBC}") = "C2Q17", "C2Q17\C2Q17.csproj", "{7FE023DF-999F-425B-BF91-B657760317F1}"
EndProject
Global
	GlobalSection(SolutionConfigurationPlatforms) = preSolution
		Debug|Any CPU = Debug|Any CPU
		Release|Any CPU = Release|Any CPU
	EndGlobalSection
	GlobalSection(ProjectConfigurationPlatforms) = postSolution
		{7FE023DF-999F-425B-BF91-B657760317F1}.Debug|Any CPU.ActiveCfg = Debug|Any CPU
		{7FE023DF-999F-425B-BF91-B657760317F1}.Debug|Any CPU.Build.0 = Debug|Any CPU
		{7FE023DF-999F-425B-BF91-B657760317F1}.Release|Any CPU.ActiveCfg = Release|Any CPU
		{7FE023DF-999F-425B-BF91-B657760317F1}.Release|Any CPU.Build.0 = Release|Any CPU
	EndGlobalSection
	GlobalSection(SolutionProperties) = preSolution
		HideSolutionNode = FALSE
	EndGlobalSection
	GlobalSection(ExtensibilityGlobals) = postSolution
		SolutionGuid = {D75C615A-DDBB-4B71-A25C-52DDCE5A58DB}
	EndGlobalSection
EndGlobal
