
Microsoft Visual Studio Solution File, Format Version 12.00
# Visual Studio 15
VisualStudioVersion = 15.0.26730.3
MinimumVisualStudioVersion = 10.0.40219.1
Project("{FAE04EC0-301F-11D3-BF4B-00C04F79EFBC}") = "C11Q1", "C11Q1\C11Q1.csproj", "{FD1DE2CD-0CFE-4B0F-95B0-96F1E8B89F2C}"
EndProject
Global
	GlobalSection(SolutionConfigurationPlatforms) = preSolution
		Debug|Any CPU = Debug|Any CPU
		Release|Any CPU = Release|Any CPU
	EndGlobalSection
	GlobalSection(ProjectConfigurationPlatforms) = postSolution
		{FD1DE2CD-0CFE-4B0F-95B0-96F1E8B89F2C}.Debug|Any CPU.ActiveCfg = Debug|Any CPU
		{FD1DE2CD-0CFE-4B0F-95B0-96F1E8B89F2C}.Debug|Any CPU.Build.0 = Debug|Any CPU
		{FD1DE2CD-0CFE-4B0F-95B0-96F1E8B89F2C}.Release|Any CPU.ActiveCfg = Release|Any CPU
		{FD1DE2CD-0CFE-4B0F-95B0-96F1E8B89F2C}.Release|Any CPU.Build.0 = Release|Any CPU
	EndGlobalSection
	GlobalSection(SolutionProperties) = preSolution
		HideSolutionNode = FALSE
	EndGlobalSection
	GlobalSection(ExtensibilityGlobals) = postSolution
		SolutionGuid = {42DA7E33-D568-4EA1-8541-4284B870BB5F}
	EndGlobalSection
EndGlobal
