
Microsoft Visual Studio Solution File, Format Version 12.00
# Visual Studio 15
VisualStudioVersion = 15.0.26730.3
MinimumVisualStudioVersion = 10.0.40219.1
Project("{FAE04EC0-301F-11D3-BF4B-00C04F79EFBC}") = "オーバーロード", "オーバーロード\オーバーロード.csproj", "{57000972-8DB2-4580-A21F-F3FF32F05FFD}"
EndProject
Global
	GlobalSection(SolutionConfigurationPlatforms) = preSolution
		Debug|Any CPU = Debug|Any CPU
		Release|Any CPU = Release|Any CPU
	EndGlobalSection
	GlobalSection(ProjectConfigurationPlatforms) = postSolution
		{57000972-8DB2-4580-A21F-F3FF32F05FFD}.Debug|Any CPU.ActiveCfg = Debug|Any CPU
		{57000972-8DB2-4580-A21F-F3FF32F05FFD}.Debug|Any CPU.Build.0 = Debug|Any CPU
		{57000972-8DB2-4580-A21F-F3FF32F05FFD}.Release|Any CPU.ActiveCfg = Release|Any CPU
		{57000972-8DB2-4580-A21F-F3FF32F05FFD}.Release|Any CPU.Build.0 = Release|Any CPU
	EndGlobalSection
	GlobalSection(SolutionProperties) = preSolution
		HideSolutionNode = FALSE
	EndGlobalSection
	GlobalSection(ExtensibilityGlobals) = postSolution
		SolutionGuid = {0763612C-B26B-4A94-92D2-C2ACCCCB237A}
	EndGlobalSection
EndGlobal
