
Microsoft Visual Studio Solution File, Format Version 12.00
# Visual Studio 15
VisualStudioVersion = 15.0.26730.3
MinimumVisualStudioVersion = 10.0.40219.1
Project("{FAE04EC0-301F-11D3-BF4B-00C04F79EFBC}") = "for ステートメント3", "for ステートメント3\for ステートメント3.csproj", "{D6BB26B5-BA82-4C6D-B155-716C5D1C167A}"
EndProject
Global
	GlobalSection(SolutionConfigurationPlatforms) = preSolution
		Debug|Any CPU = Debug|Any CPU
		Release|Any CPU = Release|Any CPU
	EndGlobalSection
	GlobalSection(ProjectConfigurationPlatforms) = postSolution
		{D6BB26B5-BA82-4C6D-B155-716C5D1C167A}.Debug|Any CPU.ActiveCfg = Debug|Any CPU
		{D6BB26B5-BA82-4C6D-B155-716C5D1C167A}.Debug|Any CPU.Build.0 = Debug|Any CPU
		{D6BB26B5-BA82-4C6D-B155-716C5D1C167A}.Release|Any CPU.ActiveCfg = Release|Any CPU
		{D6BB26B5-BA82-4C6D-B155-716C5D1C167A}.Release|Any CPU.Build.0 = Release|Any CPU
	EndGlobalSection
	GlobalSection(SolutionProperties) = preSolution
		HideSolutionNode = FALSE
	EndGlobalSection
	GlobalSection(ExtensibilityGlobals) = postSolution
		SolutionGuid = {B07EC293-575E-48F3-8848-4EA194AAE1D6}
	EndGlobalSection
EndGlobal
