
Microsoft Visual Studio Solution File, Format Version 12.00
# Visual Studio 15
VisualStudioVersion = 15.0.26730.3
MinimumVisualStudioVersion = 10.0.40219.1
Project("{FAE04EC0-301F-11D3-BF4B-00C04F79EFBC}") = "デリゲート型はインスタンスを区別する", "デリゲート型はインスタンスを区別する\デリゲート型はインスタンスを区別する.csproj", "{22D8B10F-D26B-4779-AA41-D0AFB6617000}"
EndProject
Global
	GlobalSection(SolutionConfigurationPlatforms) = preSolution
		Debug|Any CPU = Debug|Any CPU
		Release|Any CPU = Release|Any CPU
	EndGlobalSection
	GlobalSection(ProjectConfigurationPlatforms) = postSolution
		{22D8B10F-D26B-4779-AA41-D0AFB6617000}.Debug|Any CPU.ActiveCfg = Debug|Any CPU
		{22D8B10F-D26B-4779-AA41-D0AFB6617000}.Debug|Any CPU.Build.0 = Debug|Any CPU
		{22D8B10F-D26B-4779-AA41-D0AFB6617000}.Release|Any CPU.ActiveCfg = Release|Any CPU
		{22D8B10F-D26B-4779-AA41-D0AFB6617000}.Release|Any CPU.Build.0 = Release|Any CPU
	EndGlobalSection
	GlobalSection(SolutionProperties) = preSolution
		HideSolutionNode = FALSE
	EndGlobalSection
	GlobalSection(ExtensibilityGlobals) = postSolution
		SolutionGuid = {1C279E1F-6F35-4363-8822-91161A2CD768}
	EndGlobalSection
EndGlobal
