
Microsoft Visual Studio Solution File, Format Version 12.00
# Visual Studio 15
VisualStudioVersion = 15.0.26730.3
MinimumVisualStudioVersion = 10.0.40219.1
Project("{FAE04EC0-301F-11D3-BF4B-00C04F79EFBC}") = "C26Q1", "C26Q1\C26Q1.csproj", "{DD14E3E0-1E00-4E4C-B5D7-A9EFE167B366}"
EndProject
Global
	GlobalSection(SolutionConfigurationPlatforms) = preSolution
		Debug|Any CPU = Debug|Any CPU
		Release|Any CPU = Release|Any CPU
	EndGlobalSection
	GlobalSection(ProjectConfigurationPlatforms) = postSolution
		{DD14E3E0-1E00-4E4C-B5D7-A9EFE167B366}.Debug|Any CPU.ActiveCfg = Debug|Any CPU
		{DD14E3E0-1E00-4E4C-B5D7-A9EFE167B366}.Debug|Any CPU.Build.0 = Debug|Any CPU
		{DD14E3E0-1E00-4E4C-B5D7-A9EFE167B366}.Release|Any CPU.ActiveCfg = Release|Any CPU
		{DD14E3E0-1E00-4E4C-B5D7-A9EFE167B366}.Release|Any CPU.Build.0 = Release|Any CPU
	EndGlobalSection
	GlobalSection(SolutionProperties) = preSolution
		HideSolutionNode = FALSE
	EndGlobalSection
	GlobalSection(ExtensibilityGlobals) = postSolution
		SolutionGuid = {483CEC19-7E88-43A1-BAB8-9F27CF19B6AA}
	EndGlobalSection
EndGlobal
