
Microsoft Visual Studio Solution File, Format Version 12.00
# Visual Studio 15
VisualStudioVersion = 15.0.26730.3
MinimumVisualStudioVersion = 10.0.40219.1
Project("{FAE04EC0-301F-11D3-BF4B-00C04F79EFBC}") = "C28Q2", "C28Q2\C28Q2.csproj", "{AD33A7C7-F0D2-42EE-98E7-D75C11311D73}"
EndProject
Global
	GlobalSection(SolutionConfigurationPlatforms) = preSolution
		Debug|Any CPU = Debug|Any CPU
		Release|Any CPU = Release|Any CPU
	EndGlobalSection
	GlobalSection(ProjectConfigurationPlatforms) = postSolution
		{AD33A7C7-F0D2-42EE-98E7-D75C11311D73}.Debug|Any CPU.ActiveCfg = Debug|Any CPU
		{AD33A7C7-F0D2-42EE-98E7-D75C11311D73}.Debug|Any CPU.Build.0 = Debug|Any CPU
		{AD33A7C7-F0D2-42EE-98E7-D75C11311D73}.Release|Any CPU.ActiveCfg = Release|Any CPU
		{AD33A7C7-F0D2-42EE-98E7-D75C11311D73}.Release|Any CPU.Build.0 = Release|Any CPU
	EndGlobalSection
	GlobalSection(SolutionProperties) = preSolution
		HideSolutionNode = FALSE
	EndGlobalSection
	GlobalSection(ExtensibilityGlobals) = postSolution
		SolutionGuid = {F0CA7DFB-D21D-4AE2-A0F2-19B99ECAE31C}
	EndGlobalSection
EndGlobal
