
Microsoft Visual Studio Solution File, Format Version 12.00
# Visual Studio 15
VisualStudioVersion = 15.0.26730.3
MinimumVisualStudioVersion = 10.0.40219.1
Project("{FAE04EC0-301F-11D3-BF4B-00C04F79EFBC}") = "C29Q2", "C29Q2\C29Q2.csproj", "{58215FF3-060E-40BC-8164-830FDE321D18}"
EndProject
Global
	GlobalSection(SolutionConfigurationPlatforms) = preSolution
		Debug|Any CPU = Debug|Any CPU
		Release|Any CPU = Release|Any CPU
	EndGlobalSection
	GlobalSection(ProjectConfigurationPlatforms) = postSolution
		{58215FF3-060E-40BC-8164-830FDE321D18}.Debug|Any CPU.ActiveCfg = Debug|Any CPU
		{58215FF3-060E-40BC-8164-830FDE321D18}.Debug|Any CPU.Build.0 = Debug|Any CPU
		{58215FF3-060E-40BC-8164-830FDE321D18}.Release|Any CPU.ActiveCfg = Release|Any CPU
		{58215FF3-060E-40BC-8164-830FDE321D18}.Release|Any CPU.Build.0 = Release|Any CPU
	EndGlobalSection
	GlobalSection(SolutionProperties) = preSolution
		HideSolutionNode = FALSE
	EndGlobalSection
	GlobalSection(ExtensibilityGlobals) = postSolution
		SolutionGuid = {8110A190-C155-4808-87C5-680668AB8270}
	EndGlobalSection
EndGlobal
