
Microsoft Visual Studio Solution File, Format Version 12.00
# Visual Studio 15
VisualStudioVersion = 15.0.26730.3
MinimumVisualStudioVersion = 10.0.40219.1
Project("{FAE04EC0-301F-11D3-BF4B-00C04F79EFBC}") = "完成したソースコード", "完成したソースコード\完成したソースコード.csproj", "{DE09C924-6FDB-4403-B7BB-BB15C3D6EAEF}"
EndProject
Global
	GlobalSection(SolutionConfigurationPlatforms) = preSolution
		Debug|Any CPU = Debug|Any CPU
		Release|Any CPU = Release|Any CPU
	EndGlobalSection
	GlobalSection(ProjectConfigurationPlatforms) = postSolution
		{DE09C924-6FDB-4403-B7BB-BB15C3D6EAEF}.Debug|Any CPU.ActiveCfg = Debug|Any CPU
		{DE09C924-6FDB-4403-B7BB-BB15C3D6EAEF}.Debug|Any CPU.Build.0 = Debug|Any CPU
		{DE09C924-6FDB-4403-B7BB-BB15C3D6EAEF}.Release|Any CPU.ActiveCfg = Release|Any CPU
		{DE09C924-6FDB-4403-B7BB-BB15C3D6EAEF}.Release|Any CPU.Build.0 = Release|Any CPU
	EndGlobalSection
	GlobalSection(SolutionProperties) = preSolution
		HideSolutionNode = FALSE
	EndGlobalSection
	GlobalSection(ExtensibilityGlobals) = postSolution
		SolutionGuid = {74BA768D-0E84-4AE3-A941-FFA271194EE1}
	EndGlobalSection
EndGlobal
