
Microsoft Visual Studio Solution File, Format Version 12.00
# Visual Studio 15
VisualStudioVersion = 15.0.26730.3
MinimumVisualStudioVersion = 10.0.40219.1
Project("{FAE04EC0-301F-11D3-BF4B-00C04F79EFBC}") = "文字列連結の罠", "文字列連結の罠\文字列連結の罠.csproj", "{C9A1FB68-47D4-414B-A7B5-7A3B9A86512C}"
EndProject
Global
	GlobalSection(SolutionConfigurationPlatforms) = preSolution
		Debug|Any CPU = Debug|Any CPU
		Release|Any CPU = Release|Any CPU
	EndGlobalSection
	GlobalSection(ProjectConfigurationPlatforms) = postSolution
		{C9A1FB68-47D4-414B-A7B5-7A3B9A86512C}.Debug|Any CPU.ActiveCfg = Debug|Any CPU
		{C9A1FB68-47D4-414B-A7B5-7A3B9A86512C}.Debug|Any CPU.Build.0 = Debug|Any CPU
		{C9A1FB68-47D4-414B-A7B5-7A3B9A86512C}.Release|Any CPU.ActiveCfg = Release|Any CPU
		{C9A1FB68-47D4-414B-A7B5-7A3B9A86512C}.Release|Any CPU.Build.0 = Release|Any CPU
	EndGlobalSection
	GlobalSection(SolutionProperties) = preSolution
		HideSolutionNode = FALSE
	EndGlobalSection
	GlobalSection(ExtensibilityGlobals) = postSolution
		SolutionGuid = {B0BE4660-338C-42D8-B4F8-C0E72431F99B}
	EndGlobalSection
EndGlobal
