
Microsoft Visual Studio Solution File, Format Version 12.00
# Visual Studio 15
VisualStudioVersion = 15.0.26730.3
MinimumVisualStudioVersion = 10.0.40219.1
Project("{FAE04EC0-301F-11D3-BF4B-00C04F79EFBC}") = "break ステートメント", "break ステートメント\break ステートメント.csproj", "{57564532-9CC8-442E-BE40-93C344B84F0F}"
EndProject
Global
	GlobalSection(SolutionConfigurationPlatforms) = preSolution
		Debug|Any CPU = Debug|Any CPU
		Release|Any CPU = Release|Any CPU
	EndGlobalSection
	GlobalSection(ProjectConfigurationPlatforms) = postSolution
		{57564532-9CC8-442E-BE40-93C344B84F0F}.Debug|Any CPU.ActiveCfg = Debug|Any CPU
		{57564532-9CC8-442E-BE40-93C344B84F0F}.Debug|Any CPU.Build.0 = Debug|Any CPU
		{57564532-9CC8-442E-BE40-93C344B84F0F}.Release|Any CPU.ActiveCfg = Release|Any CPU
		{57564532-9CC8-442E-BE40-93C344B84F0F}.Release|Any CPU.Build.0 = Release|Any CPU
	EndGlobalSection
	GlobalSection(SolutionProperties) = preSolution
		HideSolutionNode = FALSE
	EndGlobalSection
	GlobalSection(ExtensibilityGlobals) = postSolution
		SolutionGuid = {2433D0F6-0E4A-4980-B165-2E15D7AC2B95}
	EndGlobalSection
EndGlobal
