
Microsoft Visual Studio Solution File, Format Version 12.00
# Visual Studio Version 16
VisualStudioVersion = 16.0.30218.91
MinimumVisualStudioVersion = 10.0.40219.1
Project("{FAE04EC0-301F-11D3-BF4B-00C04F79EFBC}") = "TopLevelMain", "TopLevelMain\TopLevelMain.csproj", "{3D3B143C-7B72-4B8C-B20E-B058CA0EC34E}"
EndProject
Global
	GlobalSection(SolutionConfigurationPlatforms) = preSolution
		Debug|Any CPU = Debug|Any CPU
		Release|Any CPU = Release|Any CPU
	EndGlobalSection
	GlobalSection(ProjectConfigurationPlatforms) = postSolution
		{3D3B143C-7B72-4B8C-B20E-B058CA0EC34E}.Debug|Any CPU.ActiveCfg = Debug|Any CPU
		{3D3B143C-7B72-4B8C-B20E-B058CA0EC34E}.Debug|Any CPU.Build.0 = Debug|Any CPU
		{3D3B143C-7B72-4B8C-B20E-B058CA0EC34E}.Release|Any CPU.ActiveCfg = Release|Any CPU
		{3D3B143C-7B72-4B8C-B20E-B058CA0EC34E}.Release|Any CPU.Build.0 = Release|Any CPU
	EndGlobalSection
	GlobalSection(SolutionProperties) = preSolution
		HideSolutionNode = FALSE
	EndGlobalSection
	GlobalSection(ExtensibilityGlobals) = postSolution
		SolutionGuid = {5728E4CC-DE39-4584-BC0A-4CC85F53F6CB}
	EndGlobalSection
EndGlobal
