
Microsoft Visual Studio Solution File, Format Version 12.00
# Visual Studio 15
VisualStudioVersion = 15.0.26730.3
MinimumVisualStudioVersion = 10.0.40219.1
Project("{FAE04EC0-301F-11D3-BF4B-00C04F79EFBC}") = "C18Q8", "C18Q8\C18Q8.csproj", "{F544633A-C1CB-4925-B94D-44D95985B66A}"
EndProject
Global
	GlobalSection(SolutionConfigurationPlatforms) = preSolution
		Debug|Any CPU = Debug|Any CPU
		Release|Any CPU = Release|Any CPU
	EndGlobalSection
	GlobalSection(ProjectConfigurationPlatforms) = postSolution
		{F544633A-C1CB-4925-B94D-44D95985B66A}.Debug|Any CPU.ActiveCfg = Debug|Any CPU
		{F544633A-C1CB-4925-B94D-44D95985B66A}.Debug|Any CPU.Build.0 = Debug|Any CPU
		{F544633A-C1CB-4925-B94D-44D95985B66A}.Release|Any CPU.ActiveCfg = Release|Any CPU
		{F544633A-C1CB-4925-B94D-44D95985B66A}.Release|Any CPU.Build.0 = Release|Any CPU
	EndGlobalSection
	GlobalSection(SolutionProperties) = preSolution
		HideSolutionNode = FALSE
	EndGlobalSection
	GlobalSection(ExtensibilityGlobals) = postSolution
		SolutionGuid = {E086E232-9906-473E-974C-3E8F2D63EC1E}
	EndGlobalSection
EndGlobal
