
Microsoft Visual Studio Solution File, Format Version 12.00
# Visual Studio Version 16
VisualStudioVersion = 16.0.29123.89
MinimumVisualStudioVersion = 10.0.40219.1
Project("{FAE04EC0-301F-11D3-BF4B-00C04F79EFBC}") = "NotNullIfNotNull", "NotNullIfNotNull\NotNullIfNotNull.csproj", "{9E8A2E7D-850B-44DE-B504-C1C557B08B45}"
EndProject
Global
	GlobalSection(SolutionConfigurationPlatforms) = preSolution
		Debug|Any CPU = Debug|Any CPU
		Release|Any CPU = Release|Any CPU
	EndGlobalSection
	GlobalSection(ProjectConfigurationPlatforms) = postSolution
		{9E8A2E7D-850B-44DE-B504-C1C557B08B45}.Debug|Any CPU.ActiveCfg = Debug|Any CPU
		{9E8A2E7D-850B-44DE-B504-C1C557B08B45}.Debug|Any CPU.Build.0 = Debug|Any CPU
		{9E8A2E7D-850B-44DE-B504-C1C557B08B45}.Release|Any CPU.ActiveCfg = Release|Any CPU
		{9E8A2E7D-850B-44DE-B504-C1C557B08B45}.Release|Any CPU.Build.0 = Release|Any CPU
	EndGlobalSection
	GlobalSection(SolutionProperties) = preSolution
		HideSolutionNode = FALSE
	EndGlobalSection
	GlobalSection(ExtensibilityGlobals) = postSolution
		SolutionGuid = {C5FBCAEF-F63A-4910-9798-24490AFD0855}
	EndGlobalSection
EndGlobal
