
Microsoft Visual Studio Solution File, Format Version 12.00
# Visual Studio 15
VisualStudioVersion = 15.0.26730.3
MinimumVisualStudioVersion = 10.0.40219.1
Project("{FAE04EC0-301F-11D3-BF4B-00C04F79EFBC}") = "C4Q2", "C4Q2\C4Q2.csproj", "{0DB2DC76-86EB-46A2-8334-0158B183B415}"
EndProject
Global
	GlobalSection(SolutionConfigurationPlatforms) = preSolution
		Debug|Any CPU = Debug|Any CPU
		Release|Any CPU = Release|Any CPU
	EndGlobalSection
	GlobalSection(ProjectConfigurationPlatforms) = postSolution
		{0DB2DC76-86EB-46A2-8334-0158B183B415}.Debug|Any CPU.ActiveCfg = Debug|Any CPU
		{0DB2DC76-86EB-46A2-8334-0158B183B415}.Debug|Any CPU.Build.0 = Debug|Any CPU
		{0DB2DC76-86EB-46A2-8334-0158B183B415}.Release|Any CPU.ActiveCfg = Release|Any CPU
		{0DB2DC76-86EB-46A2-8334-0158B183B415}.Release|Any CPU.Build.0 = Release|Any CPU
	EndGlobalSection
	GlobalSection(SolutionProperties) = preSolution
		HideSolutionNode = FALSE
	EndGlobalSection
	GlobalSection(ExtensibilityGlobals) = postSolution
		SolutionGuid = {C6895D7E-1457-4149-B4F1-552368ACBF62}
	EndGlobalSection
EndGlobal
