
Microsoft Visual Studio Solution File, Format Version 12.00
# Visual Studio Version 17
VisualStudioVersion = 17.4.33103.184
MinimumVisualStudioVersion = 10.0.40219.1
Project("{FAE04EC0-301F-11D3-BF4B-00C04F79EFBC}") = "UTF8StringLiterals", "UTF8StringLiterals\UTF8StringLiterals.csproj", "{998B67FC-6F76-42CF-8B38-365344A82498}"
EndProject
Global
	GlobalSection(SolutionConfigurationPlatforms) = preSolution
		Debug|Any CPU = Debug|Any CPU
		Release|Any CPU = Release|Any CPU
	EndGlobalSection
	GlobalSection(ProjectConfigurationPlatforms) = postSolution
		{998B67FC-6F76-42CF-8B38-365344A82498}.Debug|Any CPU.ActiveCfg = Debug|Any CPU
		{998B67FC-6F76-42CF-8B38-365344A82498}.Debug|Any CPU.Build.0 = Debug|Any CPU
		{998B67FC-6F76-42CF-8B38-365344A82498}.Release|Any CPU.ActiveCfg = Release|Any CPU
		{998B67FC-6F76-42CF-8B38-365344A82498}.Release|Any CPU.Build.0 = Release|Any CPU
	EndGlobalSection
	GlobalSection(SolutionProperties) = preSolution
		HideSolutionNode = FALSE
	EndGlobalSection
	GlobalSection(ExtensibilityGlobals) = postSolution
		SolutionGuid = {FF638A7D-E9F9-4F6A-8EA2-FA414B5718A8}
	EndGlobalSection
EndGlobal
