
Microsoft Visual Studio Solution File, Format Version 12.00
# Visual Studio 15
VisualStudioVersion = 15.0.26730.3
MinimumVisualStudioVersion = 10.0.40219.1
Project("{FAE04EC0-301F-11D3-BF4B-00C04F79EFBC}") = "指数形式の書式", "指数形式の書式\指数形式の書式.csproj", "{7C243259-AFCC-4C82-A7B7-FA8E9C76DB4B}"
EndProject
Global
	GlobalSection(SolutionConfigurationPlatforms) = preSolution
		Debug|Any CPU = Debug|Any CPU
		Release|Any CPU = Release|Any CPU
	EndGlobalSection
	GlobalSection(ProjectConfigurationPlatforms) = postSolution
		{7C243259-AFCC-4C82-A7B7-FA8E9C76DB4B}.Debug|Any CPU.ActiveCfg = Debug|Any CPU
		{7C243259-AFCC-4C82-A7B7-FA8E9C76DB4B}.Debug|Any CPU.Build.0 = Debug|Any CPU
		{7C243259-AFCC-4C82-A7B7-FA8E9C76DB4B}.Release|Any CPU.ActiveCfg = Release|Any CPU
		{7C243259-AFCC-4C82-A7B7-FA8E9C76DB4B}.Release|Any CPU.Build.0 = Release|Any CPU
	EndGlobalSection
	GlobalSection(SolutionProperties) = preSolution
		HideSolutionNode = FALSE
	EndGlobalSection
	GlobalSection(ExtensibilityGlobals) = postSolution
		SolutionGuid = {01C02CF6-FFB6-46F5-94C5-8DC459E47567}
	EndGlobalSection
EndGlobal
