
Microsoft Visual Studio Solution File, Format Version 12.00
# Visual Studio Version 16
VisualStudioVersion = 16.0.29324.140
MinimumVisualStudioVersion = 10.0.40219.1
Project("{FAE04EC0-301F-11D3-BF4B-00C04F79EFBC}") = "VerbatimStrings", "VerbatimStrings\VerbatimStrings.csproj", "{A8B1BD48-8B20-4177-B17F-1A2C3D8053AB}"
EndProject
Global
	GlobalSection(SolutionConfigurationPlatforms) = preSolution
		Debug|Any CPU = Debug|Any CPU
		Release|Any CPU = Release|Any CPU
	EndGlobalSection
	GlobalSection(ProjectConfigurationPlatforms) = postSolution
		{A8B1BD48-8B20-4177-B17F-1A2C3D8053AB}.Debug|Any CPU.ActiveCfg = Debug|Any CPU
		{A8B1BD48-8B20-4177-B17F-1A2C3D8053AB}.Debug|Any CPU.Build.0 = Debug|Any CPU
		{A8B1BD48-8B20-4177-B17F-1A2C3D8053AB}.Release|Any CPU.ActiveCfg = Release|Any CPU
		{A8B1BD48-8B20-4177-B17F-1A2C3D8053AB}.Release|Any CPU.Build.0 = Release|Any CPU
	EndGlobalSection
	GlobalSection(SolutionProperties) = preSolution
		HideSolutionNode = FALSE
	EndGlobalSection
	GlobalSection(ExtensibilityGlobals) = postSolution
		SolutionGuid = {203178D2-C0F8-4320-8CE1-23F91DB640E5}
	EndGlobalSection
EndGlobal
