
Microsoft Visual Studio Solution File, Format Version 12.00
# Visual Studio 15
VisualStudioVersion = 15.0.26730.3
MinimumVisualStudioVersion = 10.0.40219.1
Project("{FAE04EC0-301F-11D3-BF4B-00C04F79EFBC}") = "C9Q7", "C9Q7\C9Q7.csproj", "{A8332271-8FF4-4959-A58E-81C3EEE783D4}"
EndProject
Global
	GlobalSection(SolutionConfigurationPlatforms) = preSolution
		Debug|Any CPU = Debug|Any CPU
		Release|Any CPU = Release|Any CPU
	EndGlobalSection
	GlobalSection(ProjectConfigurationPlatforms) = postSolution
		{A8332271-8FF4-4959-A58E-81C3EEE783D4}.Debug|Any CPU.ActiveCfg = Debug|Any CPU
		{A8332271-8FF4-4959-A58E-81C3EEE783D4}.Debug|Any CPU.Build.0 = Debug|Any CPU
		{A8332271-8FF4-4959-A58E-81C3EEE783D4}.Release|Any CPU.ActiveCfg = Release|Any CPU
		{A8332271-8FF4-4959-A58E-81C3EEE783D4}.Release|Any CPU.Build.0 = Release|Any CPU
	EndGlobalSection
	GlobalSection(SolutionProperties) = preSolution
		HideSolutionNode = FALSE
	EndGlobalSection
	GlobalSection(ExtensibilityGlobals) = postSolution
		SolutionGuid = {754BB69A-986F-4504-8E36-4FC2E591CE2B}
	EndGlobalSection
EndGlobal
