
Microsoft Visual Studio Solution File, Format Version 12.00
# Visual Studio 15
VisualStudioVersion = 15.0.26730.3
MinimumVisualStudioVersion = 10.0.40219.1
Project("{FAE04EC0-301F-11D3-BF4B-00C04F79EFBC}") = "ブール条件論理演算子3", "ブール条件論理演算子3\ブール条件論理演算子3.csproj", "{3D4F76A9-4258-459F-A384-C84A7EB7ED87}"
EndProject
Global
	GlobalSection(SolutionConfigurationPlatforms) = preSolution
		Debug|Any CPU = Debug|Any CPU
		Release|Any CPU = Release|Any CPU
	EndGlobalSection
	GlobalSection(ProjectConfigurationPlatforms) = postSolution
		{3D4F76A9-4258-459F-A384-C84A7EB7ED87}.Debug|Any CPU.ActiveCfg = Debug|Any CPU
		{3D4F76A9-4258-459F-A384-C84A7EB7ED87}.Debug|Any CPU.Build.0 = Debug|Any CPU
		{3D4F76A9-4258-459F-A384-C84A7EB7ED87}.Release|Any CPU.ActiveCfg = Release|Any CPU
		{3D4F76A9-4258-459F-A384-C84A7EB7ED87}.Release|Any CPU.Build.0 = Release|Any CPU
	EndGlobalSection
	GlobalSection(SolutionProperties) = preSolution
		HideSolutionNode = FALSE
	EndGlobalSection
	GlobalSection(ExtensibilityGlobals) = postSolution
		SolutionGuid = {48F47EB6-020F-4FE4-B4B9-6C79C85E3655}
	EndGlobalSection
EndGlobal
