
Microsoft Visual Studio Solution File, Format Version 12.00
# Visual Studio Version 17
VisualStudioVersion = 17.4.33103.184
MinimumVisualStudioVersion = 10.0.40219.1
Project("{FAE04EC0-301F-11D3-BF4B-00C04F79EFBC}") = "RawStringLiterals", "RawStringLiterals\RawStringLiterals.csproj", "{F8534228-EC4B-4947-BFC8-67CFC44ECE21}"
EndProject
Global
	GlobalSection(SolutionConfigurationPlatforms) = preSolution
		Debug|Any CPU = Debug|Any CPU
		Release|Any CPU = Release|Any CPU
	EndGlobalSection
	GlobalSection(ProjectConfigurationPlatforms) = postSolution
		{F8534228-EC4B-4947-BFC8-67CFC44ECE21}.Debug|Any CPU.ActiveCfg = Debug|Any CPU
		{F8534228-EC4B-4947-BFC8-67CFC44ECE21}.Debug|Any CPU.Build.0 = Debug|Any CPU
		{F8534228-EC4B-4947-BFC8-67CFC44ECE21}.Release|Any CPU.ActiveCfg = Release|Any CPU
		{F8534228-EC4B-4947-BFC8-67CFC44ECE21}.Release|Any CPU.Build.0 = Release|Any CPU
	EndGlobalSection
	GlobalSection(SolutionProperties) = preSolution
		HideSolutionNode = FALSE
	EndGlobalSection
	GlobalSection(ExtensibilityGlobals) = postSolution
		SolutionGuid = {EDA2306E-DA7F-40ED-9896-1DC19C9D805E}
	EndGlobalSection
EndGlobal
