
Microsoft Visual Studio Solution File, Format Version 12.00
# Visual Studio 15
VisualStudioVersion = 15.0.26730.3
MinimumVisualStudioVersion = 10.0.40219.1
Project("{FAE04EC0-301F-11D3-BF4B-00C04F79EFBC}") = "完成したソースコード", "完成したソースコード\完成したソースコード.csproj", "{EFFC2804-257A-44B1-BEC4-800C3560F155}"
EndProject
Global
	GlobalSection(SolutionConfigurationPlatforms) = preSolution
		Debug|Any CPU = Debug|Any CPU
		Release|Any CPU = Release|Any CPU
	EndGlobalSection
	GlobalSection(ProjectConfigurationPlatforms) = postSolution
		{EFFC2804-257A-44B1-BEC4-800C3560F155}.Debug|Any CPU.ActiveCfg = Debug|Any CPU
		{EFFC2804-257A-44B1-BEC4-800C3560F155}.Debug|Any CPU.Build.0 = Debug|Any CPU
		{EFFC2804-257A-44B1-BEC4-800C3560F155}.Release|Any CPU.ActiveCfg = Release|Any CPU
		{EFFC2804-257A-44B1-BEC4-800C3560F155}.Release|Any CPU.Build.0 = Release|Any CPU
	EndGlobalSection
	GlobalSection(SolutionProperties) = preSolution
		HideSolutionNode = FALSE
	EndGlobalSection
	GlobalSection(ExtensibilityGlobals) = postSolution
		SolutionGuid = {3A91B4D0-AEBD-43DC-904A-3ACACBE4B5E6}
	EndGlobalSection
EndGlobal
