
Microsoft Visual Studio Solution File, Format Version 12.00
# Visual Studio 15
VisualStudioVersion = 15.0.26730.3
MinimumVisualStudioVersion = 10.0.40219.1
Project("{FAE04EC0-301F-11D3-BF4B-00C04F79EFBC}") = "決まった回数の繰り返し2", "決まった回数の繰り返し2\決まった回数の繰り返し2.csproj", "{4D19FC4C-EE93-44FC-BC4C-E5D45272EE02}"
EndProject
Global
	GlobalSection(SolutionConfigurationPlatforms) = preSolution
		Debug|Any CPU = Debug|Any CPU
		Release|Any CPU = Release|Any CPU
	EndGlobalSection
	GlobalSection(ProjectConfigurationPlatforms) = postSolution
		{4D19FC4C-EE93-44FC-BC4C-E5D45272EE02}.Debug|Any CPU.ActiveCfg = Debug|Any CPU
		{4D19FC4C-EE93-44FC-BC4C-E5D45272EE02}.Debug|Any CPU.Build.0 = Debug|Any CPU
		{4D19FC4C-EE93-44FC-BC4C-E5D45272EE02}.Release|Any CPU.ActiveCfg = Release|Any CPU
		{4D19FC4C-EE93-44FC-BC4C-E5D45272EE02}.Release|Any CPU.Build.0 = Release|Any CPU
	EndGlobalSection
	GlobalSection(SolutionProperties) = preSolution
		HideSolutionNode = FALSE
	EndGlobalSection
	GlobalSection(ExtensibilityGlobals) = postSolution
		SolutionGuid = {5029F6BD-8D3F-4778-8745-D27E3349CE39}
	EndGlobalSection
EndGlobal
