
Microsoft Visual Studio Solution File, Format Version 12.00
# Visual Studio 15
VisualStudioVersion = 15.0.26730.3
MinimumVisualStudioVersion = 10.0.40219.1
Project("{FAE04EC0-301F-11D3-BF4B-00C04F79EFBC}") = "C18Q6", "C18Q6\C18Q6.csproj", "{7F8147A3-698D-4800-B40C-7C069E9F9199}"
EndProject
Global
	GlobalSection(SolutionConfigurationPlatforms) = preSolution
		Debug|Any CPU = Debug|Any CPU
		Release|Any CPU = Release|Any CPU
	EndGlobalSection
	GlobalSection(ProjectConfigurationPlatforms) = postSolution
		{7F8147A3-698D-4800-B40C-7C069E9F9199}.Debug|Any CPU.ActiveCfg = Debug|Any CPU
		{7F8147A3-698D-4800-B40C-7C069E9F9199}.Debug|Any CPU.Build.0 = Debug|Any CPU
		{7F8147A3-698D-4800-B40C-7C069E9F9199}.Release|Any CPU.ActiveCfg = Release|Any CPU
		{7F8147A3-698D-4800-B40C-7C069E9F9199}.Release|Any CPU.Build.0 = Release|Any CPU
	EndGlobalSection
	GlobalSection(SolutionProperties) = preSolution
		HideSolutionNode = FALSE
	EndGlobalSection
	GlobalSection(ExtensibilityGlobals) = postSolution
		SolutionGuid = {493B307D-48D2-4FEE-A89C-CF3DBCA58D3E}
	EndGlobalSection
EndGlobal
