
Microsoft Visual Studio Solution File, Format Version 12.00
# Visual Studio 15
VisualStudioVersion = 15.0.26730.3
MinimumVisualStudioVersion = 10.0.40219.1
Project("{FAE04EC0-301F-11D3-BF4B-00C04F79EFBC}") = "Shyarppragma", "Shyarppragma\Shyarppragma.csproj", "{4605C1D9-D6A6-4F7D-9AD1-14E748F5C4EF}"
EndProject
Global
	GlobalSection(SolutionConfigurationPlatforms) = preSolution
		Debug|Any CPU = Debug|Any CPU
		Release|Any CPU = Release|Any CPU
	EndGlobalSection
	GlobalSection(ProjectConfigurationPlatforms) = postSolution
		{4605C1D9-D6A6-4F7D-9AD1-14E748F5C4EF}.Debug|Any CPU.ActiveCfg = Debug|Any CPU
		{4605C1D9-D6A6-4F7D-9AD1-14E748F5C4EF}.Debug|Any CPU.Build.0 = Debug|Any CPU
		{4605C1D9-D6A6-4F7D-9AD1-14E748F5C4EF}.Release|Any CPU.ActiveCfg = Release|Any CPU
		{4605C1D9-D6A6-4F7D-9AD1-14E748F5C4EF}.Release|Any CPU.Build.0 = Release|Any CPU
	EndGlobalSection
	GlobalSection(SolutionProperties) = preSolution
		HideSolutionNode = FALSE
	EndGlobalSection
	GlobalSection(ExtensibilityGlobals) = postSolution
		SolutionGuid = {0D1735B9-1B4A-48D6-95F2-DADA26920F67}
	EndGlobalSection
EndGlobal
