
Microsoft Visual Studio Solution File, Format Version 12.00
# Visual Studio 15
VisualStudioVersion = 15.0.26730.3
MinimumVisualStudioVersion = 10.0.40219.1
Project("{FAE04EC0-301F-11D3-BF4B-00C04F79EFBC}") = "C17Q6", "C17Q6\C17Q6.csproj", "{451144A1-623A-45B6-B71A-A27376BA0491}"
EndProject
Global
	GlobalSection(SolutionConfigurationPlatforms) = preSolution
		Debug|Any CPU = Debug|Any CPU
		Release|Any CPU = Release|Any CPU
	EndGlobalSection
	GlobalSection(ProjectConfigurationPlatforms) = postSolution
		{451144A1-623A-45B6-B71A-A27376BA0491}.Debug|Any CPU.ActiveCfg = Debug|Any CPU
		{451144A1-623A-45B6-B71A-A27376BA0491}.Debug|Any CPU.Build.0 = Debug|Any CPU
		{451144A1-623A-45B6-B71A-A27376BA0491}.Release|Any CPU.ActiveCfg = Release|Any CPU
		{451144A1-623A-45B6-B71A-A27376BA0491}.Release|Any CPU.Build.0 = Release|Any CPU
	EndGlobalSection
	GlobalSection(SolutionProperties) = preSolution
		HideSolutionNode = FALSE
	EndGlobalSection
	GlobalSection(ExtensibilityGlobals) = postSolution
		SolutionGuid = {A9FBC4A5-88AC-4DD5-831F-4CC7C2967BBE}
	EndGlobalSection
EndGlobal
