
Microsoft Visual Studio Solution File, Format Version 12.00
# Visual Studio 15
VisualStudioVersion = 15.0.26730.3
MinimumVisualStudioVersion = 10.0.40219.1
Project("{FAE04EC0-301F-11D3-BF4B-00C04F79EFBC}") = "C27Q1", "C27Q1\C27Q1.csproj", "{AA0AE4DA-9172-4465-A67E-86366ADD8E78}"
EndProject
Global
	GlobalSection(SolutionConfigurationPlatforms) = preSolution
		Debug|Any CPU = Debug|Any CPU
		Release|Any CPU = Release|Any CPU
	EndGlobalSection
	GlobalSection(ProjectConfigurationPlatforms) = postSolution
		{AA0AE4DA-9172-4465-A67E-86366ADD8E78}.Debug|Any CPU.ActiveCfg = Debug|Any CPU
		{AA0AE4DA-9172-4465-A67E-86366ADD8E78}.Debug|Any CPU.Build.0 = Debug|Any CPU
		{AA0AE4DA-9172-4465-A67E-86366ADD8E78}.Release|Any CPU.ActiveCfg = Release|Any CPU
		{AA0AE4DA-9172-4465-A67E-86366ADD8E78}.Release|Any CPU.Build.0 = Release|Any CPU
	EndGlobalSection
	GlobalSection(SolutionProperties) = preSolution
		HideSolutionNode = FALSE
	EndGlobalSection
	GlobalSection(ExtensibilityGlobals) = postSolution
		SolutionGuid = {612E9AB3-4F1C-4CAB-8C68-C0F7DDFC3B57}
	EndGlobalSection
EndGlobal
