
Microsoft Visual Studio Solution File, Format Version 12.00
# Visual Studio 15
VisualStudioVersion = 15.0.26730.3
MinimumVisualStudioVersion = 10.0.40219.1
Project("{FAE04EC0-301F-11D3-BF4B-00C04F79EFBC}") = "整数を使った誤差回避2", "整数を使った誤差回避2\整数を使った誤差回避2.csproj", "{7C65824E-98B7-4723-B0CB-C3F1581CB4F8}"
EndProject
Global
	GlobalSection(SolutionConfigurationPlatforms) = preSolution
		Debug|Any CPU = Debug|Any CPU
		Release|Any CPU = Release|Any CPU
	EndGlobalSection
	GlobalSection(ProjectConfigurationPlatforms) = postSolution
		{7C65824E-98B7-4723-B0CB-C3F1581CB4F8}.Debug|Any CPU.ActiveCfg = Debug|Any CPU
		{7C65824E-98B7-4723-B0CB-C3F1581CB4F8}.Debug|Any CPU.Build.0 = Debug|Any CPU
		{7C65824E-98B7-4723-B0CB-C3F1581CB4F8}.Release|Any CPU.ActiveCfg = Release|Any CPU
		{7C65824E-98B7-4723-B0CB-C3F1581CB4F8}.Release|Any CPU.Build.0 = Release|Any CPU
	EndGlobalSection
	GlobalSection(SolutionProperties) = preSolution
		HideSolutionNode = FALSE
	EndGlobalSection
	GlobalSection(ExtensibilityGlobals) = postSolution
		SolutionGuid = {F7A3C119-B551-43ED-8E8E-CC51B0A1D041}
	EndGlobalSection
EndGlobal
