
Microsoft Visual Studio Solution File, Format Version 12.00
# Visual Studio 15
VisualStudioVersion = 15.0.26730.3
MinimumVisualStudioVersion = 10.0.40219.1
Project("{FAE04EC0-301F-11D3-BF4B-00C04F79EFBC}") = "@を前置した文字列", "@を前置した文字列\@を前置した文字列.csproj", "{8B0F1412-5606-49B1-9CB6-6DE54F28D506}"
EndProject
Global
	GlobalSection(SolutionConfigurationPlatforms) = preSolution
		Debug|Any CPU = Debug|Any CPU
		Release|Any CPU = Release|Any CPU
	EndGlobalSection
	GlobalSection(ProjectConfigurationPlatforms) = postSolution
		{8B0F1412-5606-49B1-9CB6-6DE54F28D506}.Debug|Any CPU.ActiveCfg = Debug|Any CPU
		{8B0F1412-5606-49B1-9CB6-6DE54F28D506}.Debug|Any CPU.Build.0 = Debug|Any CPU
		{8B0F1412-5606-49B1-9CB6-6DE54F28D506}.Release|Any CPU.ActiveCfg = Release|Any CPU
		{8B0F1412-5606-49B1-9CB6-6DE54F28D506}.Release|Any CPU.Build.0 = Release|Any CPU
	EndGlobalSection
	GlobalSection(SolutionProperties) = preSolution
		HideSolutionNode = FALSE
	EndGlobalSection
	GlobalSection(ExtensibilityGlobals) = postSolution
		SolutionGuid = {128DC6FF-3722-483E-AC2D-F4FFC68891D6}
	EndGlobalSection
EndGlobal
