
Microsoft Visual Studio Solution File, Format Version 12.00
# Visual Studio 15
VisualStudioVersion = 15.0.26730.3
MinimumVisualStudioVersion = 10.0.40219.1
Project("{FAE04EC0-301F-11D3-BF4B-00C04F79EFBC}") = "Throw ステートメント2", "Throw ステートメント2\Throw ステートメント2.csproj", "{34A0AE66-FC28-4009-B7D1-72F95B125871}"
EndProject
Global
	GlobalSection(SolutionConfigurationPlatforms) = preSolution
		Debug|Any CPU = Debug|Any CPU
		Release|Any CPU = Release|Any CPU
	EndGlobalSection
	GlobalSection(ProjectConfigurationPlatforms) = postSolution
		{34A0AE66-FC28-4009-B7D1-72F95B125871}.Debug|Any CPU.ActiveCfg = Debug|Any CPU
		{34A0AE66-FC28-4009-B7D1-72F95B125871}.Debug|Any CPU.Build.0 = Debug|Any CPU
		{34A0AE66-FC28-4009-B7D1-72F95B125871}.Release|Any CPU.ActiveCfg = Release|Any CPU
		{34A0AE66-FC28-4009-B7D1-72F95B125871}.Release|Any CPU.Build.0 = Release|Any CPU
	EndGlobalSection
	GlobalSection(SolutionProperties) = preSolution
		HideSolutionNode = FALSE
	EndGlobalSection
	GlobalSection(ExtensibilityGlobals) = postSolution
		SolutionGuid = {BDC324D4-991C-413B-A743-ABD261092288}
	EndGlobalSection
EndGlobal
