
Microsoft Visual Studio Solution File, Format Version 12.00
# Visual Studio 15
VisualStudioVersion = 15.0.26730.3
MinimumVisualStudioVersion = 10.0.40219.1
Project("{FAE04EC0-301F-11D3-BF4B-00C04F79EFBC}") = "while ステートメント", "while ステートメント\while ステートメント.csproj", "{A6C3E1F2-09DB-44D3-A189-779E698F64E4}"
EndProject
Global
	GlobalSection(SolutionConfigurationPlatforms) = preSolution
		Debug|Any CPU = Debug|Any CPU
		Release|Any CPU = Release|Any CPU
	EndGlobalSection
	GlobalSection(ProjectConfigurationPlatforms) = postSolution
		{A6C3E1F2-09DB-44D3-A189-779E698F64E4}.Debug|Any CPU.ActiveCfg = Debug|Any CPU
		{A6C3E1F2-09DB-44D3-A189-779E698F64E4}.Debug|Any CPU.Build.0 = Debug|Any CPU
		{A6C3E1F2-09DB-44D3-A189-779E698F64E4}.Release|Any CPU.ActiveCfg = Release|Any CPU
		{A6C3E1F2-09DB-44D3-A189-779E698F64E4}.Release|Any CPU.Build.0 = Release|Any CPU
	EndGlobalSection
	GlobalSection(SolutionProperties) = preSolution
		HideSolutionNode = FALSE
	EndGlobalSection
	GlobalSection(ExtensibilityGlobals) = postSolution
		SolutionGuid = {BFC7521A-3537-4DE8-989B-BC202030BF13}
	EndGlobalSection
EndGlobal
