
Microsoft Visual Studio Solution File, Format Version 12.00
# Visual Studio 15
VisualStudioVersion = 15.0.26730.3
MinimumVisualStudioVersion = 10.0.40219.1
Project("{FAE04EC0-301F-11D3-BF4B-00C04F79EFBC}") = "明示的な実装2", "明示的な実装2\明示的な実装2.csproj", "{F55337C4-A19D-41F7-90DB-BF068A6892E7}"
EndProject
Global
	GlobalSection(SolutionConfigurationPlatforms) = preSolution
		Debug|Any CPU = Debug|Any CPU
		Release|Any CPU = Release|Any CPU
	EndGlobalSection
	GlobalSection(ProjectConfigurationPlatforms) = postSolution
		{F55337C4-A19D-41F7-90DB-BF068A6892E7}.Debug|Any CPU.ActiveCfg = Debug|Any CPU
		{F55337C4-A19D-41F7-90DB-BF068A6892E7}.Debug|Any CPU.Build.0 = Debug|Any CPU
		{F55337C4-A19D-41F7-90DB-BF068A6892E7}.Release|Any CPU.ActiveCfg = Release|Any CPU
		{F55337C4-A19D-41F7-90DB-BF068A6892E7}.Release|Any CPU.Build.0 = Release|Any CPU
	EndGlobalSection
	GlobalSection(SolutionProperties) = preSolution
		HideSolutionNode = FALSE
	EndGlobalSection
	GlobalSection(ExtensibilityGlobals) = postSolution
		SolutionGuid = {20FE3AD6-19A9-422F-909C-4DF36D8B4FF4}
	EndGlobalSection
EndGlobal
