
Microsoft Visual Studio Solution File, Format Version 12.00
# Visual Studio 15
VisualStudioVersion = 15.0.26730.3
MinimumVisualStudioVersion = 10.0.40219.1
Project("{FAE04EC0-301F-11D3-BF4B-00C04F79EFBC}") = "完成したソースコード", "完成したソースコード\完成したソースコード.csproj", "{8173E0DC-CE81-47AB-8508-29F7891CC15D}"
EndProject
Global
	GlobalSection(SolutionConfigurationPlatforms) = preSolution
		Debug|Any CPU = Debug|Any CPU
		Release|Any CPU = Release|Any CPU
	EndGlobalSection
	GlobalSection(ProjectConfigurationPlatforms) = postSolution
		{8173E0DC-CE81-47AB-8508-29F7891CC15D}.Debug|Any CPU.ActiveCfg = Debug|Any CPU
		{8173E0DC-CE81-47AB-8508-29F7891CC15D}.Debug|Any CPU.Build.0 = Debug|Any CPU
		{8173E0DC-CE81-47AB-8508-29F7891CC15D}.Release|Any CPU.ActiveCfg = Release|Any CPU
		{8173E0DC-CE81-47AB-8508-29F7891CC15D}.Release|Any CPU.Build.0 = Release|Any CPU
	EndGlobalSection
	GlobalSection(SolutionProperties) = preSolution
		HideSolutionNode = FALSE
	EndGlobalSection
	GlobalSection(ExtensibilityGlobals) = postSolution
		SolutionGuid = {5C9C8A24-0FA0-4658-9EAF-C804A546E281}
	EndGlobalSection
EndGlobal
