
Microsoft Visual Studio Solution File, Format Version 12.00
# Visual Studio 15
VisualStudioVersion = 15.0.26730.3
MinimumVisualStudioVersion = 10.0.40219.1
Project("{FAE04EC0-301F-11D3-BF4B-00C04F79EFBC}") = "C16Q7", "C16Q7\C16Q7.csproj", "{2EB258E2-F44E-4DD1-96AD-66D68B07D7F9}"
EndProject
Global
	GlobalSection(SolutionConfigurationPlatforms) = preSolution
		Debug|Any CPU = Debug|Any CPU
		Release|Any CPU = Release|Any CPU
	EndGlobalSection
	GlobalSection(ProjectConfigurationPlatforms) = postSolution
		{2EB258E2-F44E-4DD1-96AD-66D68B07D7F9}.Debug|Any CPU.ActiveCfg = Debug|Any CPU
		{2EB258E2-F44E-4DD1-96AD-66D68B07D7F9}.Debug|Any CPU.Build.0 = Debug|Any CPU
		{2EB258E2-F44E-4DD1-96AD-66D68B07D7F9}.Release|Any CPU.ActiveCfg = Release|Any CPU
		{2EB258E2-F44E-4DD1-96AD-66D68B07D7F9}.Release|Any CPU.Build.0 = Release|Any CPU
	EndGlobalSection
	GlobalSection(SolutionProperties) = preSolution
		HideSolutionNode = FALSE
	EndGlobalSection
	GlobalSection(ExtensibilityGlobals) = postSolution
		SolutionGuid = {73CA5188-5F35-4810-8476-FAEEBABA48A0}
	EndGlobalSection
EndGlobal
