
Microsoft Visual Studio Solution File, Format Version 12.00
# Visual Studio 15
VisualStudioVersion = 15.0.26730.3
MinimumVisualStudioVersion = 10.0.40219.1
Project("{FAE04EC0-301F-11D3-BF4B-00C04F79EFBC}") = "参宮箸アドベンチャー", "参宮箸アドベンチャー\参宮箸アドベンチャー.csproj", "{9076FA3C-13FD-44FE-9661-68294DFD5647}"
EndProject
Global
	GlobalSection(SolutionConfigurationPlatforms) = preSolution
		Debug|Any CPU = Debug|Any CPU
		Release|Any CPU = Release|Any CPU
	EndGlobalSection
	GlobalSection(ProjectConfigurationPlatforms) = postSolution
		{9076FA3C-13FD-44FE-9661-68294DFD5647}.Debug|Any CPU.ActiveCfg = Debug|Any CPU
		{9076FA3C-13FD-44FE-9661-68294DFD5647}.Debug|Any CPU.Build.0 = Debug|Any CPU
		{9076FA3C-13FD-44FE-9661-68294DFD5647}.Release|Any CPU.ActiveCfg = Release|Any CPU
		{9076FA3C-13FD-44FE-9661-68294DFD5647}.Release|Any CPU.Build.0 = Release|Any CPU
	EndGlobalSection
	GlobalSection(SolutionProperties) = preSolution
		HideSolutionNode = FALSE
	EndGlobalSection
	GlobalSection(ExtensibilityGlobals) = postSolution
		SolutionGuid = {33640EA4-7C39-49EA-9008-C18E34F4D455}
	EndGlobalSection
EndGlobal
