
Microsoft Visual Studio Solution File, Format Version 12.00
# Visual Studio 15
VisualStudioVersion = 15.0.26730.3
MinimumVisualStudioVersion = 10.0.40219.1
Project("{FAE04EC0-301F-11D3-BF4B-00C04F79EFBC}") = "FromXXメソッド", "FromXXメソッド\FromXXメソッド.csproj", "{E47507AF-94A6-44EB-9DBA-780729C71C2A}"
EndProject
Global
	GlobalSection(SolutionConfigurationPlatforms) = preSolution
		Debug|Any CPU = Debug|Any CPU
		Release|Any CPU = Release|Any CPU
	EndGlobalSection
	GlobalSection(ProjectConfigurationPlatforms) = postSolution
		{E47507AF-94A6-44EB-9DBA-780729C71C2A}.Debug|Any CPU.ActiveCfg = Debug|Any CPU
		{E47507AF-94A6-44EB-9DBA-780729C71C2A}.Debug|Any CPU.Build.0 = Debug|Any CPU
		{E47507AF-94A6-44EB-9DBA-780729C71C2A}.Release|Any CPU.ActiveCfg = Release|Any CPU
		{E47507AF-94A6-44EB-9DBA-780729C71C2A}.Release|Any CPU.Build.0 = Release|Any CPU
	EndGlobalSection
	GlobalSection(SolutionProperties) = preSolution
		HideSolutionNode = FALSE
	EndGlobalSection
	GlobalSection(ExtensibilityGlobals) = postSolution
		SolutionGuid = {A53300C3-AD4E-4F2A-B51B-D01DD100BF2B}
	EndGlobalSection
EndGlobal
