
Microsoft Visual Studio Solution File, Format Version 12.00
# Visual Studio 15
VisualStudioVersion = 15.0.26730.3
MinimumVisualStudioVersion = 10.0.40219.1
Project("{FAE04EC0-301F-11D3-BF4B-00C04F79EFBC}") = "型引数の制約", "型引数の制約\型引数の制約.csproj", "{054F5576-934A-4284-9F31-46AA4A036638}"
EndProject
Global
	GlobalSection(SolutionConfigurationPlatforms) = preSolution
		Debug|Any CPU = Debug|Any CPU
		Release|Any CPU = Release|Any CPU
	EndGlobalSection
	GlobalSection(ProjectConfigurationPlatforms) = postSolution
		{054F5576-934A-4284-9F31-46AA4A036638}.Debug|Any CPU.ActiveCfg = Debug|Any CPU
		{054F5576-934A-4284-9F31-46AA4A036638}.Debug|Any CPU.Build.0 = Debug|Any CPU
		{054F5576-934A-4284-9F31-46AA4A036638}.Release|Any CPU.ActiveCfg = Release|Any CPU
		{054F5576-934A-4284-9F31-46AA4A036638}.Release|Any CPU.Build.0 = Release|Any CPU
	EndGlobalSection
	GlobalSection(SolutionProperties) = preSolution
		HideSolutionNode = FALSE
	EndGlobalSection
	GlobalSection(ExtensibilityGlobals) = postSolution
		SolutionGuid = {BDBC172F-CBF9-4786-BDA5-36038D033987}
	EndGlobalSection
EndGlobal
