
Microsoft Visual Studio Solution File, Format Version 12.00
# Visual Studio 15
VisualStudioVersion = 15.0.26730.3
MinimumVisualStudioVersion = 10.0.40219.1
Project("{FAE04EC0-301F-11D3-BF4B-00C04F79EFBC}") = "値型はnull値を持てない", "値型はnull値を持てない\値型はnull値を持てない.csproj", "{2779033D-466E-40D8-9545-EDB62B5E54B8}"
EndProject
Global
	GlobalSection(SolutionConfigurationPlatforms) = preSolution
		Debug|Any CPU = Debug|Any CPU
		Release|Any CPU = Release|Any CPU
	EndGlobalSection
	GlobalSection(ProjectConfigurationPlatforms) = postSolution
		{2779033D-466E-40D8-9545-EDB62B5E54B8}.Debug|Any CPU.ActiveCfg = Debug|Any CPU
		{2779033D-466E-40D8-9545-EDB62B5E54B8}.Debug|Any CPU.Build.0 = Debug|Any CPU
		{2779033D-466E-40D8-9545-EDB62B5E54B8}.Release|Any CPU.ActiveCfg = Release|Any CPU
		{2779033D-466E-40D8-9545-EDB62B5E54B8}.Release|Any CPU.Build.0 = Release|Any CPU
	EndGlobalSection
	GlobalSection(SolutionProperties) = preSolution
		HideSolutionNode = FALSE
	EndGlobalSection
	GlobalSection(ExtensibilityGlobals) = postSolution
		SolutionGuid = {C15AB71F-4260-4D8D-838E-83F927714855}
	EndGlobalSection
EndGlobal
