
Microsoft Visual Studio Solution File, Format Version 12.00
# Visual Studio Version 16
VisualStudioVersion = 16.0.29324.140
MinimumVisualStudioVersion = 10.0.40219.1
Project("{FAE04EC0-301F-11D3-BF4B-00C04F79EFBC}") = "NestedStackalloc", "NestedStackalloc\NestedStackalloc.csproj", "{32C36A59-760C-4DAE-864F-E4299BA71310}"
EndProject
Global
	GlobalSection(SolutionConfigurationPlatforms) = preSolution
		Debug|Any CPU = Debug|Any CPU
		Release|Any CPU = Release|Any CPU
	EndGlobalSection
	GlobalSection(ProjectConfigurationPlatforms) = postSolution
		{32C36A59-760C-4DAE-864F-E4299BA71310}.Debug|Any CPU.ActiveCfg = Debug|Any CPU
		{32C36A59-760C-4DAE-864F-E4299BA71310}.Debug|Any CPU.Build.0 = Debug|Any CPU
		{32C36A59-760C-4DAE-864F-E4299BA71310}.Release|Any CPU.ActiveCfg = Release|Any CPU
		{32C36A59-760C-4DAE-864F-E4299BA71310}.Release|Any CPU.Build.0 = Release|Any CPU
	EndGlobalSection
	GlobalSection(SolutionProperties) = preSolution
		HideSolutionNode = FALSE
	EndGlobalSection
	GlobalSection(ExtensibilityGlobals) = postSolution
		SolutionGuid = {C798FADB-9BBB-488C-B994-C78D00AF8A89}
	EndGlobalSection
EndGlobal
