
Microsoft Visual Studio Solution File, Format Version 12.00
# Visual Studio 15
VisualStudioVersion = 15.0.26730.3
MinimumVisualStudioVersion = 10.0.40219.1
Project("{FAE04EC0-301F-11D3-BF4B-00C04F79EFBC}") = "基本的なコンストラクタの書き方", "基本的なコンストラクタの書き方\基本的なコンストラクタの書き方.csproj", "{90795422-B876-484D-910E-01E4375B6807}"
EndProject
Global
	GlobalSection(SolutionConfigurationPlatforms) = preSolution
		Debug|Any CPU = Debug|Any CPU
		Release|Any CPU = Release|Any CPU
	EndGlobalSection
	GlobalSection(ProjectConfigurationPlatforms) = postSolution
		{90795422-B876-484D-910E-01E4375B6807}.Debug|Any CPU.ActiveCfg = Debug|Any CPU
		{90795422-B876-484D-910E-01E4375B6807}.Debug|Any CPU.Build.0 = Debug|Any CPU
		{90795422-B876-484D-910E-01E4375B6807}.Release|Any CPU.ActiveCfg = Release|Any CPU
		{90795422-B876-484D-910E-01E4375B6807}.Release|Any CPU.Build.0 = Release|Any CPU
	EndGlobalSection
	GlobalSection(SolutionProperties) = preSolution
		HideSolutionNode = FALSE
	EndGlobalSection
	GlobalSection(ExtensibilityGlobals) = postSolution
		SolutionGuid = {E132DC71-CED4-4958-BA3F-88F3547C2DC3}
	EndGlobalSection
EndGlobal
