
Microsoft Visual Studio Solution File, Format Version 12.00
# Visual Studio 15
VisualStudioVersion = 15.0.26730.3
MinimumVisualStudioVersion = 10.0.40219.1
Project("{FAE04EC0-301F-11D3-BF4B-00C04F79EFBC}") = "名前の隠ぺい", "名前の隠ぺい\名前の隠ぺい.csproj", "{54711DD5-171C-4DB8-9813-8BBE914191F0}"
EndProject
Global
	GlobalSection(SolutionConfigurationPlatforms) = preSolution
		Debug|Any CPU = Debug|Any CPU
		Release|Any CPU = Release|Any CPU
	EndGlobalSection
	GlobalSection(ProjectConfigurationPlatforms) = postSolution
		{54711DD5-171C-4DB8-9813-8BBE914191F0}.Debug|Any CPU.ActiveCfg = Debug|Any CPU
		{54711DD5-171C-4DB8-9813-8BBE914191F0}.Debug|Any CPU.Build.0 = Debug|Any CPU
		{54711DD5-171C-4DB8-9813-8BBE914191F0}.Release|Any CPU.ActiveCfg = Release|Any CPU
		{54711DD5-171C-4DB8-9813-8BBE914191F0}.Release|Any CPU.Build.0 = Release|Any CPU
	EndGlobalSection
	GlobalSection(SolutionProperties) = preSolution
		HideSolutionNode = FALSE
	EndGlobalSection
	GlobalSection(ExtensibilityGlobals) = postSolution
		SolutionGuid = {1BF47C67-8B6E-45BF-B146-703399EFD8C6}
	EndGlobalSection
EndGlobal
