
Microsoft Visual Studio Solution File, Format Version 12.00
# Visual Studio Version 16
VisualStudioVersion = 16.0.30223.230
MinimumVisualStudioVersion = 10.0.40219.1
Project("{FAE04EC0-301F-11D3-BF4B-00C04F79EFBC}") = "DataClassAndRrecord", "DataClassAndRrecord\DataClassAndRrecord.csproj", "{1BFD4924-0240-415D-A69E-A2702AB2B9CB}"
EndProject
Global
	GlobalSection(SolutionConfigurationPlatforms) = preSolution
		Debug|Any CPU = Debug|Any CPU
		Release|Any CPU = Release|Any CPU
	EndGlobalSection
	GlobalSection(ProjectConfigurationPlatforms) = postSolution
		{1BFD4924-0240-415D-A69E-A2702AB2B9CB}.Debug|Any CPU.ActiveCfg = Debug|Any CPU
		{1BFD4924-0240-415D-A69E-A2702AB2B9CB}.Debug|Any CPU.Build.0 = Debug|Any CPU
		{1BFD4924-0240-415D-A69E-A2702AB2B9CB}.Release|Any CPU.ActiveCfg = Release|Any CPU
		{1BFD4924-0240-415D-A69E-A2702AB2B9CB}.Release|Any CPU.Build.0 = Release|Any CPU
	EndGlobalSection
	GlobalSection(SolutionProperties) = preSolution
		HideSolutionNode = FALSE
	EndGlobalSection
	GlobalSection(ExtensibilityGlobals) = postSolution
		SolutionGuid = {0FB4AA57-7E4E-46CB-9F47-C63A99A85843}
	EndGlobalSection
EndGlobal
