
Microsoft Visual Studio Solution File, Format Version 12.00
# Visual Studio Version 16
VisualStudioVersion = 16.0.28315.86
MinimumVisualStudioVersion = 10.0.40219.1
Project("{FAE04EC0-301F-11D3-BF4B-00C04F79EFBC}") = "AsyncStreams", "AsyncStreams\AsyncStreams.csproj", "{BB2CF4A7-8AA4-4691-B28C-964313FAD881}"
EndProject
Global
	GlobalSection(SolutionConfigurationPlatforms) = preSolution
		Debug|Any CPU = Debug|Any CPU
		Release|Any CPU = Release|Any CPU
	EndGlobalSection
	GlobalSection(ProjectConfigurationPlatforms) = postSolution
		{BB2CF4A7-8AA4-4691-B28C-964313FAD881}.Debug|Any CPU.ActiveCfg = Debug|Any CPU
		{BB2CF4A7-8AA4-4691-B28C-964313FAD881}.Debug|Any CPU.Build.0 = Debug|Any CPU
		{BB2CF4A7-8AA4-4691-B28C-964313FAD881}.Release|Any CPU.ActiveCfg = Release|Any CPU
		{BB2CF4A7-8AA4-4691-B28C-964313FAD881}.Release|Any CPU.Build.0 = Release|Any CPU
	EndGlobalSection
	GlobalSection(SolutionProperties) = preSolution
		HideSolutionNode = FALSE
	EndGlobalSection
	GlobalSection(ExtensibilityGlobals) = postSolution
		SolutionGuid = {7F4CFE42-6DF3-4EA1-8904-8F79B702D300}
	EndGlobalSection
EndGlobal
