
Microsoft Visual Studio Solution File, Format Version 12.00
# Visual Studio 15
VisualStudioVersion = 15.0.26730.3
MinimumVisualStudioVersion = 10.0.40219.1
Project("{FAE04EC0-301F-11D3-BF4B-00C04F79EFBC}") = "StringBuilder型から文字列を得る", "StringBuilder型から文字列を得る\StringBuilder型から文字列を得る.csproj", "{EE62749E-8612-4E6A-8BF5-79EECD481931}"
EndProject
Global
	GlobalSection(SolutionConfigurationPlatforms) = preSolution
		Debug|Any CPU = Debug|Any CPU
		Release|Any CPU = Release|Any CPU
	EndGlobalSection
	GlobalSection(ProjectConfigurationPlatforms) = postSolution
		{EE62749E-8612-4E6A-8BF5-79EECD481931}.Debug|Any CPU.ActiveCfg = Debug|Any CPU
		{EE62749E-8612-4E6A-8BF5-79EECD481931}.Debug|Any CPU.Build.0 = Debug|Any CPU
		{EE62749E-8612-4E6A-8BF5-79EECD481931}.Release|Any CPU.ActiveCfg = Release|Any CPU
		{EE62749E-8612-4E6A-8BF5-79EECD481931}.Release|Any CPU.Build.0 = Release|Any CPU
	EndGlobalSection
	GlobalSection(SolutionProperties) = preSolution
		HideSolutionNode = FALSE
	EndGlobalSection
	GlobalSection(ExtensibilityGlobals) = postSolution
		SolutionGuid = {8E615CC9-0EF7-41E3-8C8B-9901218F80D0}
	EndGlobalSection
EndGlobal
