
Microsoft Visual Studio Solution File, Format Version 12.00
# Visual Studio 15
VisualStudioVersion = 15.0.27110.0
MinimumVisualStudioVersion = 10.0.40219.1
Project("{FAE04EC0-301F-11D3-BF4B-00C04F79EFBC}") = "参照安全な構造体", "参照安全な構造体\参照安全な構造体.csproj", "{118BF81B-A20F-4BB0-9131-52FB980C6870}"
EndProject
Global
	GlobalSection(SolutionConfigurationPlatforms) = preSolution
		Debug|Any CPU = Debug|Any CPU
		Release|Any CPU = Release|Any CPU
	EndGlobalSection
	GlobalSection(ProjectConfigurationPlatforms) = postSolution
		{118BF81B-A20F-4BB0-9131-52FB980C6870}.Debug|Any CPU.ActiveCfg = Debug|Any CPU
		{118BF81B-A20F-4BB0-9131-52FB980C6870}.Debug|Any CPU.Build.0 = Debug|Any CPU
		{118BF81B-A20F-4BB0-9131-52FB980C6870}.Release|Any CPU.ActiveCfg = Release|Any CPU
		{118BF81B-A20F-4BB0-9131-52FB980C6870}.Release|Any CPU.Build.0 = Release|Any CPU
	EndGlobalSection
	GlobalSection(SolutionProperties) = preSolution
		HideSolutionNode = FALSE
	EndGlobalSection
	GlobalSection(ExtensibilityGlobals) = postSolution
		SolutionGuid = {1F5B2358-A626-482E-B986-0C5BC01507B7}
	EndGlobalSection
EndGlobal
