
Microsoft Visual Studio Solution File, Format Version 12.00
# Visual Studio 15
VisualStudioVersion = 15.0.26730.3
MinimumVisualStudioVersion = 10.0.40219.1
Project("{FAE04EC0-301F-11D3-BF4B-00C04F79EFBC}") = "データの型と変数の型", "データの型と変数の型\データの型と変数の型.csproj", "{B20276C9-E052-4EF7-B6BF-B1AB75A1DA3A}"
EndProject
Global
	GlobalSection(SolutionConfigurationPlatforms) = preSolution
		Debug|Any CPU = Debug|Any CPU
		Release|Any CPU = Release|Any CPU
	EndGlobalSection
	GlobalSection(ProjectConfigurationPlatforms) = postSolution
		{B20276C9-E052-4EF7-B6BF-B1AB75A1DA3A}.Debug|Any CPU.ActiveCfg = Debug|Any CPU
		{B20276C9-E052-4EF7-B6BF-B1AB75A1DA3A}.Debug|Any CPU.Build.0 = Debug|Any CPU
		{B20276C9-E052-4EF7-B6BF-B1AB75A1DA3A}.Release|Any CPU.ActiveCfg = Release|Any CPU
		{B20276C9-E052-4EF7-B6BF-B1AB75A1DA3A}.Release|Any CPU.Build.0 = Release|Any CPU
	EndGlobalSection
	GlobalSection(SolutionProperties) = preSolution
		HideSolutionNode = FALSE
	EndGlobalSection
	GlobalSection(ExtensibilityGlobals) = postSolution
		SolutionGuid = {A9E3BFDA-51D6-44C5-8003-D78345DDFC8D}
	EndGlobalSection
EndGlobal
