
Microsoft Visual Studio Solution File, Format Version 12.00
# Visual Studio 15
VisualStudioVersion = 15.0.26730.3
MinimumVisualStudioVersion = 10.0.40219.1
Project("{FAE04EC0-301F-11D3-BF4B-00C04F79EFBC}") = "コンソール入力", "コンソール入力\コンソール入力.csproj", "{696419BF-948D-47A6-8267-1CB72BED1DCA}"
EndProject
Global
	GlobalSection(SolutionConfigurationPlatforms) = preSolution
		Debug|Any CPU = Debug|Any CPU
		Release|Any CPU = Release|Any CPU
	EndGlobalSection
	GlobalSection(ProjectConfigurationPlatforms) = postSolution
		{696419BF-948D-47A6-8267-1CB72BED1DCA}.Debug|Any CPU.ActiveCfg = Debug|Any CPU
		{696419BF-948D-47A6-8267-1CB72BED1DCA}.Debug|Any CPU.Build.0 = Debug|Any CPU
		{696419BF-948D-47A6-8267-1CB72BED1DCA}.Release|Any CPU.ActiveCfg = Release|Any CPU
		{696419BF-948D-47A6-8267-1CB72BED1DCA}.Release|Any CPU.Build.0 = Release|Any CPU
	EndGlobalSection
	GlobalSection(SolutionProperties) = preSolution
		HideSolutionNode = FALSE
	EndGlobalSection
	GlobalSection(ExtensibilityGlobals) = postSolution
		SolutionGuid = {813FE386-76FE-4524-A90E-E8430A62404F}
	EndGlobalSection
EndGlobal
