
Microsoft Visual Studio Solution File, Format Version 12.00
# Visual Studio 15
VisualStudioVersion = 15.0.26730.3
MinimumVisualStudioVersion = 10.0.40219.1
Project("{FAE04EC0-301F-11D3-BF4B-00C04F79EFBC}") = "C5Q5", "C5Q5\C5Q5.csproj", "{F68D75FA-8F36-4684-BAE6-9DAD68C98CA1}"
EndProject
Global
	GlobalSection(SolutionConfigurationPlatforms) = preSolution
		Debug|Any CPU = Debug|Any CPU
		Release|Any CPU = Release|Any CPU
	EndGlobalSection
	GlobalSection(ProjectConfigurationPlatforms) = postSolution
		{F68D75FA-8F36-4684-BAE6-9DAD68C98CA1}.Debug|Any CPU.ActiveCfg = Debug|Any CPU
		{F68D75FA-8F36-4684-BAE6-9DAD68C98CA1}.Debug|Any CPU.Build.0 = Debug|Any CPU
		{F68D75FA-8F36-4684-BAE6-9DAD68C98CA1}.Release|Any CPU.ActiveCfg = Release|Any CPU
		{F68D75FA-8F36-4684-BAE6-9DAD68C98CA1}.Release|Any CPU.Build.0 = Release|Any CPU
	EndGlobalSection
	GlobalSection(SolutionProperties) = preSolution
		HideSolutionNode = FALSE
	EndGlobalSection
	GlobalSection(ExtensibilityGlobals) = postSolution
		SolutionGuid = {470363C3-FA2C-418E-931E-FA4DA0AB6488}
	EndGlobalSection
EndGlobal
