
Microsoft Visual Studio Solution File, Format Version 12.00
# Visual Studio 15
VisualStudioVersion = 15.0.26730.3
MinimumVisualStudioVersion = 10.0.40219.1
Project("{FAE04EC0-301F-11D3-BF4B-00C04F79EFBC}") = "OfTypeTメソッド", "OfTypeTメソッド\OfTypeTメソッド.csproj", "{982615BA-3315-4519-BA03-0DB34E828C47}"
EndProject
Global
	GlobalSection(SolutionConfigurationPlatforms) = preSolution
		Debug|Any CPU = Debug|Any CPU
		Release|Any CPU = Release|Any CPU
	EndGlobalSection
	GlobalSection(ProjectConfigurationPlatforms) = postSolution
		{982615BA-3315-4519-BA03-0DB34E828C47}.Debug|Any CPU.ActiveCfg = Debug|Any CPU
		{982615BA-3315-4519-BA03-0DB34E828C47}.Debug|Any CPU.Build.0 = Debug|Any CPU
		{982615BA-3315-4519-BA03-0DB34E828C47}.Release|Any CPU.ActiveCfg = Release|Any CPU
		{982615BA-3315-4519-BA03-0DB34E828C47}.Release|Any CPU.Build.0 = Release|Any CPU
	EndGlobalSection
	GlobalSection(SolutionProperties) = preSolution
		HideSolutionNode = FALSE
	EndGlobalSection
	GlobalSection(ExtensibilityGlobals) = postSolution
		SolutionGuid = {948899B2-393A-4BF4-8039-D5BEC9A517B0}
	EndGlobalSection
EndGlobal
