
Microsoft Visual Studio Solution File, Format Version 12.00
# Visual Studio 15
VisualStudioVersion = 15.0.26730.3
MinimumVisualStudioVersion = 10.0.40219.1
Project("{FAE04EC0-301F-11D3-BF4B-00C04F79EFBC}") = "完成したソースコード", "完成したソースコード\完成したソースコード.csproj", "{F6212D15-663D-4D79-98CF-AE76361965D4}"
EndProject
Global
	GlobalSection(SolutionConfigurationPlatforms) = preSolution
		Debug|Any CPU = Debug|Any CPU
		Release|Any CPU = Release|Any CPU
	EndGlobalSection
	GlobalSection(ProjectConfigurationPlatforms) = postSolution
		{F6212D15-663D-4D79-98CF-AE76361965D4}.Debug|Any CPU.ActiveCfg = Debug|Any CPU
		{F6212D15-663D-4D79-98CF-AE76361965D4}.Debug|Any CPU.Build.0 = Debug|Any CPU
		{F6212D15-663D-4D79-98CF-AE76361965D4}.Release|Any CPU.ActiveCfg = Release|Any CPU
		{F6212D15-663D-4D79-98CF-AE76361965D4}.Release|Any CPU.Build.0 = Release|Any CPU
	EndGlobalSection
	GlobalSection(SolutionProperties) = preSolution
		HideSolutionNode = FALSE
	EndGlobalSection
	GlobalSection(ExtensibilityGlobals) = postSolution
		SolutionGuid = {E9A64604-3253-4024-B63D-149CDC53299B}
	EndGlobalSection
EndGlobal
