
Microsoft Visual Studio Solution File, Format Version 12.00
# Visual Studio 15
VisualStudioVersion = 15.0.26730.3
MinimumVisualStudioVersion = 10.0.40219.1
Project("{FAE04EC0-301F-11D3-BF4B-00C04F79EFBC}") = "数値として扱う", "数値として扱う\数値として扱う.csproj", "{5D26B23E-A410-48A2-9C24-98C5DF156FA1}"
EndProject
Global
	GlobalSection(SolutionConfigurationPlatforms) = preSolution
		Debug|Any CPU = Debug|Any CPU
		Release|Any CPU = Release|Any CPU
	EndGlobalSection
	GlobalSection(ProjectConfigurationPlatforms) = postSolution
		{5D26B23E-A410-48A2-9C24-98C5DF156FA1}.Debug|Any CPU.ActiveCfg = Debug|Any CPU
		{5D26B23E-A410-48A2-9C24-98C5DF156FA1}.Debug|Any CPU.Build.0 = Debug|Any CPU
		{5D26B23E-A410-48A2-9C24-98C5DF156FA1}.Release|Any CPU.ActiveCfg = Release|Any CPU
		{5D26B23E-A410-48A2-9C24-98C5DF156FA1}.Release|Any CPU.Build.0 = Release|Any CPU
	EndGlobalSection
	GlobalSection(SolutionProperties) = preSolution
		HideSolutionNode = FALSE
	EndGlobalSection
	GlobalSection(ExtensibilityGlobals) = postSolution
		SolutionGuid = {0B07917A-2A1F-41E2-A7F2-644FC15C514D}
	EndGlobalSection
EndGlobal
