
Microsoft Visual Studio Solution File, Format Version 12.00
# Visual Studio 15
VisualStudioVersion = 15.0.26730.3
MinimumVisualStudioVersion = 10.0.40219.1
Project("{FAE04EC0-301F-11D3-BF4B-00C04F79EFBC}") = "readonly フィールド2", "readonly フィールド2\readonly フィールド2.csproj", "{EA957BB0-C318-4F0C-9A54-43C3295A4BAD}"
EndProject
Global
	GlobalSection(SolutionConfigurationPlatforms) = preSolution
		Debug|Any CPU = Debug|Any CPU
		Release|Any CPU = Release|Any CPU
	EndGlobalSection
	GlobalSection(ProjectConfigurationPlatforms) = postSolution
		{EA957BB0-C318-4F0C-9A54-43C3295A4BAD}.Debug|Any CPU.ActiveCfg = Debug|Any CPU
		{EA957BB0-C318-4F0C-9A54-43C3295A4BAD}.Debug|Any CPU.Build.0 = Debug|Any CPU
		{EA957BB0-C318-4F0C-9A54-43C3295A4BAD}.Release|Any CPU.ActiveCfg = Release|Any CPU
		{EA957BB0-C318-4F0C-9A54-43C3295A4BAD}.Release|Any CPU.Build.0 = Release|Any CPU
	EndGlobalSection
	GlobalSection(SolutionProperties) = preSolution
		HideSolutionNode = FALSE
	EndGlobalSection
	GlobalSection(ExtensibilityGlobals) = postSolution
		SolutionGuid = {940C1BF1-4A6A-43D8-BBB2-4BBE7D346D80}
	EndGlobalSection
EndGlobal
