
Microsoft Visual Studio Solution File, Format Version 12.00
# Visual Studio 15
VisualStudioVersion = 15.0.26730.3
MinimumVisualStudioVersion = 10.0.40219.1
Project("{FAE04EC0-301F-11D3-BF4B-00C04F79EFBC}") = "C7Q1", "C7Q1\C7Q1.csproj", "{16D6AE81-CF5F-4F73-A488-395CCDB353C7}"
EndProject
Global
	GlobalSection(SolutionConfigurationPlatforms) = preSolution
		Debug|Any CPU = Debug|Any CPU
		Release|Any CPU = Release|Any CPU
	EndGlobalSection
	GlobalSection(ProjectConfigurationPlatforms) = postSolution
		{16D6AE81-CF5F-4F73-A488-395CCDB353C7}.Debug|Any CPU.ActiveCfg = Debug|Any CPU
		{16D6AE81-CF5F-4F73-A488-395CCDB353C7}.Debug|Any CPU.Build.0 = Debug|Any CPU
		{16D6AE81-CF5F-4F73-A488-395CCDB353C7}.Release|Any CPU.ActiveCfg = Release|Any CPU
		{16D6AE81-CF5F-4F73-A488-395CCDB353C7}.Release|Any CPU.Build.0 = Release|Any CPU
	EndGlobalSection
	GlobalSection(SolutionProperties) = preSolution
		HideSolutionNode = FALSE
	EndGlobalSection
	GlobalSection(ExtensibilityGlobals) = postSolution
		SolutionGuid = {5E97B337-CA82-455B-A2D6-51C5DCC6050C}
	EndGlobalSection
EndGlobal
