
Microsoft Visual Studio Solution File, Format Version 12.00
# Visual Studio 15
VisualStudioVersion = 15.0.26730.3
MinimumVisualStudioVersion = 10.0.40219.1
Project("{FAE04EC0-301F-11D3-BF4B-00C04F79EFBC}") = "完成したソースコード2", "完成したソースコード2\完成したソースコード2.csproj", "{FD672F99-FA7C-4052-A525-97FF5C1479A7}"
EndProject
Global
	GlobalSection(SolutionConfigurationPlatforms) = preSolution
		Debug|Any CPU = Debug|Any CPU
		Release|Any CPU = Release|Any CPU
	EndGlobalSection
	GlobalSection(ProjectConfigurationPlatforms) = postSolution
		{FD672F99-FA7C-4052-A525-97FF5C1479A7}.Debug|Any CPU.ActiveCfg = Debug|Any CPU
		{FD672F99-FA7C-4052-A525-97FF5C1479A7}.Debug|Any CPU.Build.0 = Debug|Any CPU
		{FD672F99-FA7C-4052-A525-97FF5C1479A7}.Release|Any CPU.ActiveCfg = Release|Any CPU
		{FD672F99-FA7C-4052-A525-97FF5C1479A7}.Release|Any CPU.Build.0 = Release|Any CPU
	EndGlobalSection
	GlobalSection(SolutionProperties) = preSolution
		HideSolutionNode = FALSE
	EndGlobalSection
	GlobalSection(ExtensibilityGlobals) = postSolution
		SolutionGuid = {1BCD53C9-F49B-4183-B9E2-369AC0A51CF4}
	EndGlobalSection
EndGlobal
