
Microsoft Visual Studio Solution File, Format Version 12.00
# Visual Studio 15
VisualStudioVersion = 15.0.26730.3
MinimumVisualStudioVersion = 10.0.40219.1
Project("{FAE04EC0-301F-11D3-BF4B-00C04F79EFBC}") = "switch ステートメント", "switch ステートメント\switch ステートメント.csproj", "{5C8AE4C1-62C8-48BC-B381-54C22B828883}"
EndProject
Global
	GlobalSection(SolutionConfigurationPlatforms) = preSolution
		Debug|Any CPU = Debug|Any CPU
		Release|Any CPU = Release|Any CPU
	EndGlobalSection
	GlobalSection(ProjectConfigurationPlatforms) = postSolution
		{5C8AE4C1-62C8-48BC-B381-54C22B828883}.Debug|Any CPU.ActiveCfg = Debug|Any CPU
		{5C8AE4C1-62C8-48BC-B381-54C22B828883}.Debug|Any CPU.Build.0 = Debug|Any CPU
		{5C8AE4C1-62C8-48BC-B381-54C22B828883}.Release|Any CPU.ActiveCfg = Release|Any CPU
		{5C8AE4C1-62C8-48BC-B381-54C22B828883}.Release|Any CPU.Build.0 = Release|Any CPU
	EndGlobalSection
	GlobalSection(SolutionProperties) = preSolution
		HideSolutionNode = FALSE
	EndGlobalSection
	GlobalSection(ExtensibilityGlobals) = postSolution
		SolutionGuid = {A08CAB7D-0D88-45BC-A110-2DB790D285C0}
	EndGlobalSection
EndGlobal
