
Microsoft Visual Studio Solution File, Format Version 12.00
# Visual Studio 15
VisualStudioVersion = 15.0.26730.3
MinimumVisualStudioVersion = 10.0.40219.1
Project("{FAE04EC0-301F-11D3-BF4B-00C04F79EFBC}") = "タスクとは何だろう", "タスクとは何だろう\タスクとは何だろう.csproj", "{A2CC21E5-00D8-40B6-BA83-45FA85816174}"
EndProject
Global
	GlobalSection(SolutionConfigurationPlatforms) = preSolution
		Debug|Any CPU = Debug|Any CPU
		Release|Any CPU = Release|Any CPU
	EndGlobalSection
	GlobalSection(ProjectConfigurationPlatforms) = postSolution
		{A2CC21E5-00D8-40B6-BA83-45FA85816174}.Debug|Any CPU.ActiveCfg = Debug|Any CPU
		{A2CC21E5-00D8-40B6-BA83-45FA85816174}.Debug|Any CPU.Build.0 = Debug|Any CPU
		{A2CC21E5-00D8-40B6-BA83-45FA85816174}.Release|Any CPU.ActiveCfg = Release|Any CPU
		{A2CC21E5-00D8-40B6-BA83-45FA85816174}.Release|Any CPU.Build.0 = Release|Any CPU
	EndGlobalSection
	GlobalSection(SolutionProperties) = preSolution
		HideSolutionNode = FALSE
	EndGlobalSection
	GlobalSection(ExtensibilityGlobals) = postSolution
		SolutionGuid = {396C4908-C92F-469B-BE9E-E7AB984F1C40}
	EndGlobalSection
EndGlobal
