
Microsoft Visual Studio Solution File, Format Version 12.00
# Visual Studio 15
VisualStudioVersion = 15.0.26730.3
MinimumVisualStudioVersion = 10.0.40219.1
Project("{FAE04EC0-301F-11D3-BF4B-00C04F79EFBC}") = "変数のキャプチャ2", "変数のキャプチャ2\変数のキャプチャ2.csproj", "{D7F4D458-74B7-44A8-9178-FCDBB335A4B9}"
EndProject
Global
	GlobalSection(SolutionConfigurationPlatforms) = preSolution
		Debug|Any CPU = Debug|Any CPU
		Release|Any CPU = Release|Any CPU
	EndGlobalSection
	GlobalSection(ProjectConfigurationPlatforms) = postSolution
		{D7F4D458-74B7-44A8-9178-FCDBB335A4B9}.Debug|Any CPU.ActiveCfg = Debug|Any CPU
		{D7F4D458-74B7-44A8-9178-FCDBB335A4B9}.Debug|Any CPU.Build.0 = Debug|Any CPU
		{D7F4D458-74B7-44A8-9178-FCDBB335A4B9}.Release|Any CPU.ActiveCfg = Release|Any CPU
		{D7F4D458-74B7-44A8-9178-FCDBB335A4B9}.Release|Any CPU.Build.0 = Release|Any CPU
	EndGlobalSection
	GlobalSection(SolutionProperties) = preSolution
		HideSolutionNode = FALSE
	EndGlobalSection
	GlobalSection(ExtensibilityGlobals) = postSolution
		SolutionGuid = {3F660FA5-A6AF-423A-A7F7-A556020E7925}
	EndGlobalSection
EndGlobal
