
Microsoft Visual Studio Solution File, Format Version 12.00
# Visual Studio 15
VisualStudioVersion = 15.0.26730.3
MinimumVisualStudioVersion = 10.0.40219.1
Project("{FAE04EC0-301F-11D3-BF4B-00C04F79EFBC}") = "クラスの定義", "クラスの定義\クラスの定義.csproj", "{635CA191-4CCA-4027-906D-AF2690407F4D}"
EndProject
Global
	GlobalSection(SolutionConfigurationPlatforms) = preSolution
		Debug|Any CPU = Debug|Any CPU
		Release|Any CPU = Release|Any CPU
	EndGlobalSection
	GlobalSection(ProjectConfigurationPlatforms) = postSolution
		{635CA191-4CCA-4027-906D-AF2690407F4D}.Debug|Any CPU.ActiveCfg = Debug|Any CPU
		{635CA191-4CCA-4027-906D-AF2690407F4D}.Debug|Any CPU.Build.0 = Debug|Any CPU
		{635CA191-4CCA-4027-906D-AF2690407F4D}.Release|Any CPU.ActiveCfg = Release|Any CPU
		{635CA191-4CCA-4027-906D-AF2690407F4D}.Release|Any CPU.Build.0 = Release|Any CPU
	EndGlobalSection
	GlobalSection(SolutionProperties) = preSolution
		HideSolutionNode = FALSE
	EndGlobalSection
	GlobalSection(ExtensibilityGlobals) = postSolution
		SolutionGuid = {87A44614-A800-4696-B285-ACF31EF4F880}
	EndGlobalSection
EndGlobal
