
Microsoft Visual Studio Solution File, Format Version 12.00
# Visual Studio 15
VisualStudioVersion = 15.0.26730.3
MinimumVisualStudioVersion = 10.0.40219.1
Project("{FAE04EC0-301F-11D3-BF4B-00C04F79EFBC}") = "世界標準時への変換", "世界標準時への変換\世界標準時への変換.csproj", "{090E681C-EF37-4089-B8C9-A98A2BF2661D}"
EndProject
Global
	GlobalSection(SolutionConfigurationPlatforms) = preSolution
		Debug|Any CPU = Debug|Any CPU
		Release|Any CPU = Release|Any CPU
	EndGlobalSection
	GlobalSection(ProjectConfigurationPlatforms) = postSolution
		{090E681C-EF37-4089-B8C9-A98A2BF2661D}.Debug|Any CPU.ActiveCfg = Debug|Any CPU
		{090E681C-EF37-4089-B8C9-A98A2BF2661D}.Debug|Any CPU.Build.0 = Debug|Any CPU
		{090E681C-EF37-4089-B8C9-A98A2BF2661D}.Release|Any CPU.ActiveCfg = Release|Any CPU
		{090E681C-EF37-4089-B8C9-A98A2BF2661D}.Release|Any CPU.Build.0 = Release|Any CPU
	EndGlobalSection
	GlobalSection(SolutionProperties) = preSolution
		HideSolutionNode = FALSE
	EndGlobalSection
	GlobalSection(ExtensibilityGlobals) = postSolution
		SolutionGuid = {AE20F1AA-1AF8-43F4-AEC2-7965CFAB0417}
	EndGlobalSection
EndGlobal
