
Microsoft Visual Studio Solution File, Format Version 12.00
# Visual Studio 15
VisualStudioVersion = 15.0.26730.3
MinimumVisualStudioVersion = 10.0.40219.1
Project("{FAE04EC0-301F-11D3-BF4B-00C04F79EFBC}") = "静的なクラス", "静的なクラス\静的なクラス.csproj", "{85B91D5C-B702-4E63-A345-AD6ACBF36B2E}"
EndProject
Global
	GlobalSection(SolutionConfigurationPlatforms) = preSolution
		Debug|Any CPU = Debug|Any CPU
		Release|Any CPU = Release|Any CPU
	EndGlobalSection
	GlobalSection(ProjectConfigurationPlatforms) = postSolution
		{85B91D5C-B702-4E63-A345-AD6ACBF36B2E}.Debug|Any CPU.ActiveCfg = Debug|Any CPU
		{85B91D5C-B702-4E63-A345-AD6ACBF36B2E}.Debug|Any CPU.Build.0 = Debug|Any CPU
		{85B91D5C-B702-4E63-A345-AD6ACBF36B2E}.Release|Any CPU.ActiveCfg = Release|Any CPU
		{85B91D5C-B702-4E63-A345-AD6ACBF36B2E}.Release|Any CPU.Build.0 = Release|Any CPU
	EndGlobalSection
	GlobalSection(SolutionProperties) = preSolution
		HideSolutionNode = FALSE
	EndGlobalSection
	GlobalSection(ExtensibilityGlobals) = postSolution
		SolutionGuid = {2CBE0974-25F9-4EA6-AF59-C07410F42AAC}
	EndGlobalSection
EndGlobal
