
Microsoft Visual Studio Solution File, Format Version 12.00
# Visual Studio 15
VisualStudioVersion = 15.0.27102.0
MinimumVisualStudioVersion = 10.0.40219.1
Project("{FAE04EC0-301F-11D3-BF4B-00C04F79EFBC}") = "末尾以外の名前付き引数2", "末尾以外の名前付き引数2\末尾以外の名前付き引数2.csproj", "{98DBDEDF-53B1-4BB1-A06B-093860944E71}"
EndProject
Global
	GlobalSection(SolutionConfigurationPlatforms) = preSolution
		Debug|Any CPU = Debug|Any CPU
		Release|Any CPU = Release|Any CPU
	EndGlobalSection
	GlobalSection(ProjectConfigurationPlatforms) = postSolution
		{98DBDEDF-53B1-4BB1-A06B-093860944E71}.Debug|Any CPU.ActiveCfg = Debug|Any CPU
		{98DBDEDF-53B1-4BB1-A06B-093860944E71}.Debug|Any CPU.Build.0 = Debug|Any CPU
		{98DBDEDF-53B1-4BB1-A06B-093860944E71}.Release|Any CPU.ActiveCfg = Release|Any CPU
		{98DBDEDF-53B1-4BB1-A06B-093860944E71}.Release|Any CPU.Build.0 = Release|Any CPU
	EndGlobalSection
	GlobalSection(SolutionProperties) = preSolution
		HideSolutionNode = FALSE
	EndGlobalSection
	GlobalSection(ExtensibilityGlobals) = postSolution
		SolutionGuid = {6D2D87EE-B36E-4CDD-ADAB-68A0A3F98804}
	EndGlobalSection
EndGlobal
