
Microsoft Visual Studio Solution File, Format Version 12.00
# Visual Studio 15
VisualStudioVersion = 15.0.26730.3
MinimumVisualStudioVersion = 10.0.40219.1
Project("{FAE04EC0-301F-11D3-BF4B-00C04F79EFBC}") = "Sharpif、Sharpelif、Sharpelse、Sharpendif2", "Sharpif、Sharpelif、Sharpelse、Sharpendif2\Sharpif、Sharpelif、Sharpelse、Sharpendif2.csproj", "{F9B78803-5D29-4F41-A06D-2869E2195569}"
EndProject
Global
	GlobalSection(SolutionConfigurationPlatforms) = preSolution
		Debug|Any CPU = Debug|Any CPU
		Release|Any CPU = Release|Any CPU
	EndGlobalSection
	GlobalSection(ProjectConfigurationPlatforms) = postSolution
		{F9B78803-5D29-4F41-A06D-2869E2195569}.Debug|Any CPU.ActiveCfg = Debug|Any CPU
		{F9B78803-5D29-4F41-A06D-2869E2195569}.Debug|Any CPU.Build.0 = Debug|Any CPU
		{F9B78803-5D29-4F41-A06D-2869E2195569}.Release|Any CPU.ActiveCfg = Release|Any CPU
		{F9B78803-5D29-4F41-A06D-2869E2195569}.Release|Any CPU.Build.0 = Release|Any CPU
	EndGlobalSection
	GlobalSection(SolutionProperties) = preSolution
		HideSolutionNode = FALSE
	EndGlobalSection
	GlobalSection(ExtensibilityGlobals) = postSolution
		SolutionGuid = {93669104-7A8B-43A8-897D-19C7B869B383}
	EndGlobalSection
EndGlobal
