
Microsoft Visual Studio Solution File, Format Version 12.00
# Visual Studio 15
VisualStudioVersion = 15.0.26730.3
MinimumVisualStudioVersion = 10.0.40219.1
Project("{FAE04EC0-301F-11D3-BF4B-00C04F79EFBC}") = "C24Q4", "C24Q4\C24Q4.csproj", "{BF7CBF4D-784B-483A-8247-76D107D4DB24}"
EndProject
Global
	GlobalSection(SolutionConfigurationPlatforms) = preSolution
		Debug|Any CPU = Debug|Any CPU
		Release|Any CPU = Release|Any CPU
	EndGlobalSection
	GlobalSection(ProjectConfigurationPlatforms) = postSolution
		{BF7CBF4D-784B-483A-8247-76D107D4DB24}.Debug|Any CPU.ActiveCfg = Debug|Any CPU
		{BF7CBF4D-784B-483A-8247-76D107D4DB24}.Debug|Any CPU.Build.0 = Debug|Any CPU
		{BF7CBF4D-784B-483A-8247-76D107D4DB24}.Release|Any CPU.ActiveCfg = Release|Any CPU
		{BF7CBF4D-784B-483A-8247-76D107D4DB24}.Release|Any CPU.Build.0 = Release|Any CPU
	EndGlobalSection
	GlobalSection(SolutionProperties) = preSolution
		HideSolutionNode = FALSE
	EndGlobalSection
	GlobalSection(ExtensibilityGlobals) = postSolution
		SolutionGuid = {E250D28C-6DDB-4A2F-B0C8-3876F351F09D}
	EndGlobalSection
EndGlobal
