
Microsoft Visual Studio Solution File, Format Version 12.00
# Visual Studio 15
VisualStudioVersion = 15.0.26730.3
MinimumVisualStudioVersion = 10.0.40219.1
Project("{FAE04EC0-301F-11D3-BF4B-00C04F79EFBC}") = "配列3", "配列3\配列3.csproj", "{3620DE3E-CC8C-46F0-91C4-F8C49C9E2E22}"
EndProject
Global
	GlobalSection(SolutionConfigurationPlatforms) = preSolution
		Debug|Any CPU = Debug|Any CPU
		Release|Any CPU = Release|Any CPU
	EndGlobalSection
	GlobalSection(ProjectConfigurationPlatforms) = postSolution
		{3620DE3E-CC8C-46F0-91C4-F8C49C9E2E22}.Debug|Any CPU.ActiveCfg = Debug|Any CPU
		{3620DE3E-CC8C-46F0-91C4-F8C49C9E2E22}.Debug|Any CPU.Build.0 = Debug|Any CPU
		{3620DE3E-CC8C-46F0-91C4-F8C49C9E2E22}.Release|Any CPU.ActiveCfg = Release|Any CPU
		{3620DE3E-CC8C-46F0-91C4-F8C49C9E2E22}.Release|Any CPU.Build.0 = Release|Any CPU
	EndGlobalSection
	GlobalSection(SolutionProperties) = preSolution
		HideSolutionNode = FALSE
	EndGlobalSection
	GlobalSection(ExtensibilityGlobals) = postSolution
		SolutionGuid = {0577C492-632B-4F1A-9605-721AD240C7D3}
	EndGlobalSection
EndGlobal
