
Microsoft Visual Studio Solution File, Format Version 12.00
# Visual Studio 15
VisualStudioVersion = 15.0.26730.3
MinimumVisualStudioVersion = 10.0.40219.1
Project("{FAE04EC0-301F-11D3-BF4B-00C04F79EFBC}") = "名前でメソッドを呼び出す", "名前でメソッドを呼び出す\名前でメソッドを呼び出す.csproj", "{F438C91B-99E7-4E4A-B812-9D97807953C8}"
EndProject
Global
	GlobalSection(SolutionConfigurationPlatforms) = preSolution
		Debug|Any CPU = Debug|Any CPU
		Release|Any CPU = Release|Any CPU
	EndGlobalSection
	GlobalSection(ProjectConfigurationPlatforms) = postSolution
		{F438C91B-99E7-4E4A-B812-9D97807953C8}.Debug|Any CPU.ActiveCfg = Debug|Any CPU
		{F438C91B-99E7-4E4A-B812-9D97807953C8}.Debug|Any CPU.Build.0 = Debug|Any CPU
		{F438C91B-99E7-4E4A-B812-9D97807953C8}.Release|Any CPU.ActiveCfg = Release|Any CPU
		{F438C91B-99E7-4E4A-B812-9D97807953C8}.Release|Any CPU.Build.0 = Release|Any CPU
	EndGlobalSection
	GlobalSection(SolutionProperties) = preSolution
		HideSolutionNode = FALSE
	EndGlobalSection
	GlobalSection(ExtensibilityGlobals) = postSolution
		SolutionGuid = {C91FBA27-B6C9-4653-96F8-B3905944782C}
	EndGlobalSection
EndGlobal
