
Microsoft Visual Studio Solution File, Format Version 12.00
# Visual Studio 15
VisualStudioVersion = 15.0.26730.3
MinimumVisualStudioVersion = 10.0.40219.1
Project("{FAE04EC0-301F-11D3-BF4B-00C04F79EFBC}") = "構造体のthis2", "構造体のthis2\構造体のthis2.csproj", "{67FBC1DC-738B-4F33-B6C0-5101859667B0}"
EndProject
Global
	GlobalSection(SolutionConfigurationPlatforms) = preSolution
		Debug|Any CPU = Debug|Any CPU
		Release|Any CPU = Release|Any CPU
	EndGlobalSection
	GlobalSection(ProjectConfigurationPlatforms) = postSolution
		{67FBC1DC-738B-4F33-B6C0-5101859667B0}.Debug|Any CPU.ActiveCfg = Debug|Any CPU
		{67FBC1DC-738B-4F33-B6C0-5101859667B0}.Debug|Any CPU.Build.0 = Debug|Any CPU
		{67FBC1DC-738B-4F33-B6C0-5101859667B0}.Release|Any CPU.ActiveCfg = Release|Any CPU
		{67FBC1DC-738B-4F33-B6C0-5101859667B0}.Release|Any CPU.Build.0 = Release|Any CPU
	EndGlobalSection
	GlobalSection(SolutionProperties) = preSolution
		HideSolutionNode = FALSE
	EndGlobalSection
	GlobalSection(ExtensibilityGlobals) = postSolution
		SolutionGuid = {74EC4551-796B-47AE-BEE8-F9C48F0A9B8F}
	EndGlobalSection
EndGlobal
