
Microsoft Visual Studio Solution File, Format Version 12.00
# Visual Studio 15
VisualStudioVersion = 15.0.26730.3
MinimumVisualStudioVersion = 10.0.40219.1
Project("{FAE04EC0-301F-11D3-BF4B-00C04F79EFBC}") = "Try-finally ステートメント", "Try-finally ステートメント\Try-finally ステートメント.csproj", "{DC0E78CB-903A-4001-9070-6E8A8F1D53FF}"
EndProject
Global
	GlobalSection(SolutionConfigurationPlatforms) = preSolution
		Debug|Any CPU = Debug|Any CPU
		Release|Any CPU = Release|Any CPU
	EndGlobalSection
	GlobalSection(ProjectConfigurationPlatforms) = postSolution
		{DC0E78CB-903A-4001-9070-6E8A8F1D53FF}.Debug|Any CPU.ActiveCfg = Debug|Any CPU
		{DC0E78CB-903A-4001-9070-6E8A8F1D53FF}.Debug|Any CPU.Build.0 = Debug|Any CPU
		{DC0E78CB-903A-4001-9070-6E8A8F1D53FF}.Release|Any CPU.ActiveCfg = Release|Any CPU
		{DC0E78CB-903A-4001-9070-6E8A8F1D53FF}.Release|Any CPU.Build.0 = Release|Any CPU
	EndGlobalSection
	GlobalSection(SolutionProperties) = preSolution
		HideSolutionNode = FALSE
	EndGlobalSection
	GlobalSection(ExtensibilityGlobals) = postSolution
		SolutionGuid = {1D45D44F-C9C6-408B-83DF-246BB96D9B02}
	EndGlobalSection
EndGlobal
