
Microsoft Visual Studio Solution File, Format Version 12.00
# Visual Studio 15
VisualStudioVersion = 15.0.27604.0
MinimumVisualStudioVersion = 10.0.40219.1
Project("{FAE04EC0-301F-11D3-BF4B-00C04F79EFBC}") = "C34Q2", "C34Q2\C34Q2.csproj", "{2922170D-6FC9-4ABD-BC33-4B5E75EFFEFE}"
EndProject
Global
	GlobalSection(SolutionConfigurationPlatforms) = preSolution
		Debug|Any CPU = Debug|Any CPU
		Release|Any CPU = Release|Any CPU
	EndGlobalSection
	GlobalSection(ProjectConfigurationPlatforms) = postSolution
		{2922170D-6FC9-4ABD-BC33-4B5E75EFFEFE}.Debug|Any CPU.ActiveCfg = Debug|Any CPU
		{2922170D-6FC9-4ABD-BC33-4B5E75EFFEFE}.Debug|Any CPU.Build.0 = Debug|Any CPU
		{2922170D-6FC9-4ABD-BC33-4B5E75EFFEFE}.Release|Any CPU.ActiveCfg = Release|Any CPU
		{2922170D-6FC9-4ABD-BC33-4B5E75EFFEFE}.Release|Any CPU.Build.0 = Release|Any CPU
	EndGlobalSection
	GlobalSection(SolutionProperties) = preSolution
		HideSolutionNode = FALSE
	EndGlobalSection
	GlobalSection(ExtensibilityGlobals) = postSolution
		SolutionGuid = {8642AC7D-CA05-478B-B4C3-0604FFF3382D}
	EndGlobalSection
EndGlobal
