
Microsoft Visual Studio Solution File, Format Version 12.00
# Visual Studio 15
VisualStudioVersion = 15.0.26730.3
MinimumVisualStudioVersion = 10.0.40219.1
Project("{FAE04EC0-301F-11D3-BF4B-00C04F79EFBC}") = "静的メンバーとインスタンス メンバー", "静的メンバーとインスタンス メンバー\静的メンバーとインスタンス メンバー.csproj", "{BA8A98F1-62F1-4056-A8C8-52BFA2D8191E}"
EndProject
Global
	GlobalSection(SolutionConfigurationPlatforms) = preSolution
		Debug|Any CPU = Debug|Any CPU
		Release|Any CPU = Release|Any CPU
	EndGlobalSection
	GlobalSection(ProjectConfigurationPlatforms) = postSolution
		{BA8A98F1-62F1-4056-A8C8-52BFA2D8191E}.Debug|Any CPU.ActiveCfg = Debug|Any CPU
		{BA8A98F1-62F1-4056-A8C8-52BFA2D8191E}.Debug|Any CPU.Build.0 = Debug|Any CPU
		{BA8A98F1-62F1-4056-A8C8-52BFA2D8191E}.Release|Any CPU.ActiveCfg = Release|Any CPU
		{BA8A98F1-62F1-4056-A8C8-52BFA2D8191E}.Release|Any CPU.Build.0 = Release|Any CPU
	EndGlobalSection
	GlobalSection(SolutionProperties) = preSolution
		HideSolutionNode = FALSE
	EndGlobalSection
	GlobalSection(ExtensibilityGlobals) = postSolution
		SolutionGuid = {F4A3E910-40F7-4A21-B797-96FF26009F6B}
	EndGlobalSection
EndGlobal
