
Microsoft Visual Studio Solution File, Format Version 12.00
# Visual Studio 15
VisualStudioVersion = 15.0.26730.3
MinimumVisualStudioVersion = 10.0.40219.1
Project("{FAE04EC0-301F-11D3-BF4B-00C04F79EFBC}") = "Try-catch-finally ステートメント", "Try-catch-finally ステートメント\Try-catch-finally ステートメント.csproj", "{9437FA2C-692A-40A5-B76E-1A05F535FB79}"
EndProject
Global
	GlobalSection(SolutionConfigurationPlatforms) = preSolution
		Debug|Any CPU = Debug|Any CPU
		Release|Any CPU = Release|Any CPU
	EndGlobalSection
	GlobalSection(ProjectConfigurationPlatforms) = postSolution
		{9437FA2C-692A-40A5-B76E-1A05F535FB79}.Debug|Any CPU.ActiveCfg = Debug|Any CPU
		{9437FA2C-692A-40A5-B76E-1A05F535FB79}.Debug|Any CPU.Build.0 = Debug|Any CPU
		{9437FA2C-692A-40A5-B76E-1A05F535FB79}.Release|Any CPU.ActiveCfg = Release|Any CPU
		{9437FA2C-692A-40A5-B76E-1A05F535FB79}.Release|Any CPU.Build.0 = Release|Any CPU
	EndGlobalSection
	GlobalSection(SolutionProperties) = preSolution
		HideSolutionNode = FALSE
	EndGlobalSection
	GlobalSection(ExtensibilityGlobals) = postSolution
		SolutionGuid = {35809984-694D-4F67-88FB-8F7E9BB272A4}
	EndGlobalSection
EndGlobal
