
Microsoft Visual Studio Solution File, Format Version 12.00
# Visual Studio Version 16
VisualStudioVersion = 16.0.30223.230
MinimumVisualStudioVersion = 10.0.40219.1
Project("{FAE04EC0-301F-11D3-BF4B-00C04F79EFBC}") = "TargetTypedConditionalOperator", "TargetTypedConditionalOperator\TargetTypedConditionalOperator.csproj", "{BBDBB50B-231F-4276-B68B-848A78565832}"
EndProject
Global
	GlobalSection(SolutionConfigurationPlatforms) = preSolution
		Debug|Any CPU = Debug|Any CPU
		Release|Any CPU = Release|Any CPU
	EndGlobalSection
	GlobalSection(ProjectConfigurationPlatforms) = postSolution
		{BBDBB50B-231F-4276-B68B-848A78565832}.Debug|Any CPU.ActiveCfg = Debug|Any CPU
		{BBDBB50B-231F-4276-B68B-848A78565832}.Debug|Any CPU.Build.0 = Debug|Any CPU
		{BBDBB50B-231F-4276-B68B-848A78565832}.Release|Any CPU.ActiveCfg = Release|Any CPU
		{BBDBB50B-231F-4276-B68B-848A78565832}.Release|Any CPU.Build.0 = Release|Any CPU
	EndGlobalSection
	GlobalSection(SolutionProperties) = preSolution
		HideSolutionNode = FALSE
	EndGlobalSection
	GlobalSection(ExtensibilityGlobals) = postSolution
		SolutionGuid = {F15DA48D-C716-4CF8-93DF-A98F054D0C4E}
	EndGlobalSection
EndGlobal
