
Microsoft Visual Studio Solution File, Format Version 12.00
# Visual Studio 15
VisualStudioVersion = 15.0.26730.3
MinimumVisualStudioVersion = 10.0.40219.1
Project("{FAE04EC0-301F-11D3-BF4B-00C04F79EFBC}") = "弱い参照2", "弱い参照2\弱い参照2.csproj", "{099B2010-8371-48A8-B183-1BAA65255E43}"
EndProject
Global
	GlobalSection(SolutionConfigurationPlatforms) = preSolution
		Debug|Any CPU = Debug|Any CPU
		Release|Any CPU = Release|Any CPU
	EndGlobalSection
	GlobalSection(ProjectConfigurationPlatforms) = postSolution
		{099B2010-8371-48A8-B183-1BAA65255E43}.Debug|Any CPU.ActiveCfg = Debug|Any CPU
		{099B2010-8371-48A8-B183-1BAA65255E43}.Debug|Any CPU.Build.0 = Debug|Any CPU
		{099B2010-8371-48A8-B183-1BAA65255E43}.Release|Any CPU.ActiveCfg = Release|Any CPU
		{099B2010-8371-48A8-B183-1BAA65255E43}.Release|Any CPU.Build.0 = Release|Any CPU
	EndGlobalSection
	GlobalSection(SolutionProperties) = preSolution
		HideSolutionNode = FALSE
	EndGlobalSection
	GlobalSection(ExtensibilityGlobals) = postSolution
		SolutionGuid = {19D9E614-8BAC-43F2-98FD-82F26066A36D}
	EndGlobalSection
EndGlobal
