
Microsoft Visual Studio Solution File, Format Version 12.00
# Visual Studio 15
VisualStudioVersion = 15.0.26730.3
MinimumVisualStudioVersion = 10.0.40219.1
Project("{FAE04EC0-301F-11D3-BF4B-00C04F79EFBC}") = "ジェネリックと呼び出し式", "ジェネリックと呼び出し式\ジェネリックと呼び出し式.csproj", "{C7E84CAB-85D5-470F-84A3-68680EF94388}"
EndProject
Global
	GlobalSection(SolutionConfigurationPlatforms) = preSolution
		Debug|Any CPU = Debug|Any CPU
		Release|Any CPU = Release|Any CPU
	EndGlobalSection
	GlobalSection(ProjectConfigurationPlatforms) = postSolution
		{C7E84CAB-85D5-470F-84A3-68680EF94388}.Debug|Any CPU.ActiveCfg = Debug|Any CPU
		{C7E84CAB-85D5-470F-84A3-68680EF94388}.Debug|Any CPU.Build.0 = Debug|Any CPU
		{C7E84CAB-85D5-470F-84A3-68680EF94388}.Release|Any CPU.ActiveCfg = Release|Any CPU
		{C7E84CAB-85D5-470F-84A3-68680EF94388}.Release|Any CPU.Build.0 = Release|Any CPU
	EndGlobalSection
	GlobalSection(SolutionProperties) = preSolution
		HideSolutionNode = FALSE
	EndGlobalSection
	GlobalSection(ExtensibilityGlobals) = postSolution
		SolutionGuid = {443E776C-E018-4D1E-A36F-5E86C22F8A8D}
	EndGlobalSection
EndGlobal
