
Microsoft Visual Studio Solution File, Format Version 12.00
# Visual Studio 15
VisualStudioVersion = 15.0.26730.3
MinimumVisualStudioVersion = 10.0.40219.1
Project("{FAE04EC0-301F-11D3-BF4B-00C04F79EFBC}") = "構造体とオブジェクト作成式", "構造体とオブジェクト作成式\構造体とオブジェクト作成式.csproj", "{2F3705BB-AD38-4227-B5D7-5A4C9ADD344E}"
EndProject
Global
	GlobalSection(SolutionConfigurationPlatforms) = preSolution
		Debug|Any CPU = Debug|Any CPU
		Release|Any CPU = Release|Any CPU
	EndGlobalSection
	GlobalSection(ProjectConfigurationPlatforms) = postSolution
		{2F3705BB-AD38-4227-B5D7-5A4C9ADD344E}.Debug|Any CPU.ActiveCfg = Debug|Any CPU
		{2F3705BB-AD38-4227-B5D7-5A4C9ADD344E}.Debug|Any CPU.Build.0 = Debug|Any CPU
		{2F3705BB-AD38-4227-B5D7-5A4C9ADD344E}.Release|Any CPU.ActiveCfg = Release|Any CPU
		{2F3705BB-AD38-4227-B5D7-5A4C9ADD344E}.Release|Any CPU.Build.0 = Release|Any CPU
	EndGlobalSection
	GlobalSection(SolutionProperties) = preSolution
		HideSolutionNode = FALSE
	EndGlobalSection
	GlobalSection(ExtensibilityGlobals) = postSolution
		SolutionGuid = {4906F29A-2E59-4F7D-9BF5-EA75F6A2121C}
	EndGlobalSection
EndGlobal
