
Microsoft Visual Studio Solution File, Format Version 12.00
# Visual Studio 15
VisualStudioVersion = 15.0.26730.3
MinimumVisualStudioVersion = 10.0.40219.1
Project("{FAE04EC0-301F-11D3-BF4B-00C04F79EFBC}") = "C17Q7", "C17Q7\C17Q7.csproj", "{ABE69819-A98E-4846-BFD0-5ABE74E8FA5B}"
EndProject
Global
	GlobalSection(SolutionConfigurationPlatforms) = preSolution
		Debug|Any CPU = Debug|Any CPU
		Release|Any CPU = Release|Any CPU
	EndGlobalSection
	GlobalSection(ProjectConfigurationPlatforms) = postSolution
		{ABE69819-A98E-4846-BFD0-5ABE74E8FA5B}.Debug|Any CPU.ActiveCfg = Debug|Any CPU
		{ABE69819-A98E-4846-BFD0-5ABE74E8FA5B}.Debug|Any CPU.Build.0 = Debug|Any CPU
		{ABE69819-A98E-4846-BFD0-5ABE74E8FA5B}.Release|Any CPU.ActiveCfg = Release|Any CPU
		{ABE69819-A98E-4846-BFD0-5ABE74E8FA5B}.Release|Any CPU.Build.0 = Release|Any CPU
	EndGlobalSection
	GlobalSection(SolutionProperties) = preSolution
		HideSolutionNode = FALSE
	EndGlobalSection
	GlobalSection(ExtensibilityGlobals) = postSolution
		SolutionGuid = {742F01CA-FE13-425C-843C-74B337C9D4A8}
	EndGlobalSection
EndGlobal
