
Microsoft Visual Studio Solution File, Format Version 12.00
# Visual Studio 15
VisualStudioVersion = 15.0.26730.3
MinimumVisualStudioVersion = 10.0.40219.1
Project("{FAE04EC0-301F-11D3-BF4B-00C04F79EFBC}") = "C3Q2", "C3Q2\C3Q2.csproj", "{6F2F174A-2810-40F7-BD9A-D389962F6E6A}"
EndProject
Global
	GlobalSection(SolutionConfigurationPlatforms) = preSolution
		Debug|Any CPU = Debug|Any CPU
		Release|Any CPU = Release|Any CPU
	EndGlobalSection
	GlobalSection(ProjectConfigurationPlatforms) = postSolution
		{6F2F174A-2810-40F7-BD9A-D389962F6E6A}.Debug|Any CPU.ActiveCfg = Debug|Any CPU
		{6F2F174A-2810-40F7-BD9A-D389962F6E6A}.Debug|Any CPU.Build.0 = Debug|Any CPU
		{6F2F174A-2810-40F7-BD9A-D389962F6E6A}.Release|Any CPU.ActiveCfg = Release|Any CPU
		{6F2F174A-2810-40F7-BD9A-D389962F6E6A}.Release|Any CPU.Build.0 = Release|Any CPU
	EndGlobalSection
	GlobalSection(SolutionProperties) = preSolution
		HideSolutionNode = FALSE
	EndGlobalSection
	GlobalSection(ExtensibilityGlobals) = postSolution
		SolutionGuid = {B1C5561B-0A6A-4D24-B551-DC872F1E3DEF}
	EndGlobalSection
EndGlobal
