
Microsoft Visual Studio Solution File, Format Version 12.00
# Visual Studio 15
VisualStudioVersion = 15.0.26730.3
MinimumVisualStudioVersion = 10.0.40219.1
Project("{FAE04EC0-301F-11D3-BF4B-00C04F79EFBC}") = "通常のプロパティ", "通常のプロパティ\通常のプロパティ.csproj", "{D3D8041B-69DD-4AC0-A873-0434B152D997}"
EndProject
Global
	GlobalSection(SolutionConfigurationPlatforms) = preSolution
		Debug|Any CPU = Debug|Any CPU
		Release|Any CPU = Release|Any CPU
	EndGlobalSection
	GlobalSection(ProjectConfigurationPlatforms) = postSolution
		{D3D8041B-69DD-4AC0-A873-0434B152D997}.Debug|Any CPU.ActiveCfg = Debug|Any CPU
		{D3D8041B-69DD-4AC0-A873-0434B152D997}.Debug|Any CPU.Build.0 = Debug|Any CPU
		{D3D8041B-69DD-4AC0-A873-0434B152D997}.Release|Any CPU.ActiveCfg = Release|Any CPU
		{D3D8041B-69DD-4AC0-A873-0434B152D997}.Release|Any CPU.Build.0 = Release|Any CPU
	EndGlobalSection
	GlobalSection(SolutionProperties) = preSolution
		HideSolutionNode = FALSE
	EndGlobalSection
	GlobalSection(ExtensibilityGlobals) = postSolution
		SolutionGuid = {E1F44ECD-EAB1-45F8-8C0B-E676812FC1C0}
	EndGlobalSection
EndGlobal
