
Microsoft Visual Studio Solution File, Format Version 12.00
# Visual Studio 15
VisualStudioVersion = 15.0.26730.3
MinimumVisualStudioVersion = 10.0.40219.1
Project("{FAE04EC0-301F-11D3-BF4B-00C04F79EFBC}") = "getのみ、setのみのプロパティ", "getのみ、setのみのプロパティ\getのみ、setのみのプロパティ.csproj", "{13EBCD9D-EB8E-44DE-8C60-8E3D244269BE}"
EndProject
Global
	GlobalSection(SolutionConfigurationPlatforms) = preSolution
		Debug|Any CPU = Debug|Any CPU
		Release|Any CPU = Release|Any CPU
	EndGlobalSection
	GlobalSection(ProjectConfigurationPlatforms) = postSolution
		{13EBCD9D-EB8E-44DE-8C60-8E3D244269BE}.Debug|Any CPU.ActiveCfg = Debug|Any CPU
		{13EBCD9D-EB8E-44DE-8C60-8E3D244269BE}.Debug|Any CPU.Build.0 = Debug|Any CPU
		{13EBCD9D-EB8E-44DE-8C60-8E3D244269BE}.Release|Any CPU.ActiveCfg = Release|Any CPU
		{13EBCD9D-EB8E-44DE-8C60-8E3D244269BE}.Release|Any CPU.Build.0 = Release|Any CPU
	EndGlobalSection
	GlobalSection(SolutionProperties) = preSolution
		HideSolutionNode = FALSE
	EndGlobalSection
	GlobalSection(ExtensibilityGlobals) = postSolution
		SolutionGuid = {92BF37AE-782F-4179-8D8D-041E3F355556}
	EndGlobalSection
EndGlobal
