
Microsoft Visual Studio Solution File, Format Version 12.00
# Visual Studio 15
VisualStudioVersion = 15.0.26730.3
MinimumVisualStudioVersion = 10.0.40219.1
Project("{FAE04EC0-301F-11D3-BF4B-00C04F79EFBC}") = "変数は必ず宣言する", "変数は必ず宣言する\変数は必ず宣言する.csproj", "{B76E3468-5F11-4CD1-BE6D-2CAE75C4139A}"
EndProject
Global
	GlobalSection(SolutionConfigurationPlatforms) = preSolution
		Debug|Any CPU = Debug|Any CPU
		Release|Any CPU = Release|Any CPU
	EndGlobalSection
	GlobalSection(ProjectConfigurationPlatforms) = postSolution
		{B76E3468-5F11-4CD1-BE6D-2CAE75C4139A}.Debug|Any CPU.ActiveCfg = Debug|Any CPU
		{B76E3468-5F11-4CD1-BE6D-2CAE75C4139A}.Debug|Any CPU.Build.0 = Debug|Any CPU
		{B76E3468-5F11-4CD1-BE6D-2CAE75C4139A}.Release|Any CPU.ActiveCfg = Release|Any CPU
		{B76E3468-5F11-4CD1-BE6D-2CAE75C4139A}.Release|Any CPU.Build.0 = Release|Any CPU
	EndGlobalSection
	GlobalSection(SolutionProperties) = preSolution
		HideSolutionNode = FALSE
	EndGlobalSection
	GlobalSection(ExtensibilityGlobals) = postSolution
		SolutionGuid = {A1674897-E662-446F-A6EC-1F752254865F}
	EndGlobalSection
EndGlobal
