
Microsoft Visual Studio Solution File, Format Version 12.00
# Visual Studio 15
VisualStudioVersion = 15.0.26730.3
MinimumVisualStudioVersion = 10.0.40219.1
Project("{FAE04EC0-301F-11D3-BF4B-00C04F79EFBC}") = "実はあてにならない計算結果", "実はあてにならない計算結果\実はあてにならない計算結果.csproj", "{AE4713B1-7E4F-4461-8F7C-D5979747787C}"
EndProject
Global
	GlobalSection(SolutionConfigurationPlatforms) = preSolution
		Debug|Any CPU = Debug|Any CPU
		Release|Any CPU = Release|Any CPU
	EndGlobalSection
	GlobalSection(ProjectConfigurationPlatforms) = postSolution
		{AE4713B1-7E4F-4461-8F7C-D5979747787C}.Debug|Any CPU.ActiveCfg = Debug|Any CPU
		{AE4713B1-7E4F-4461-8F7C-D5979747787C}.Debug|Any CPU.Build.0 = Debug|Any CPU
		{AE4713B1-7E4F-4461-8F7C-D5979747787C}.Release|Any CPU.ActiveCfg = Release|Any CPU
		{AE4713B1-7E4F-4461-8F7C-D5979747787C}.Release|Any CPU.Build.0 = Release|Any CPU
	EndGlobalSection
	GlobalSection(SolutionProperties) = preSolution
		HideSolutionNode = FALSE
	EndGlobalSection
	GlobalSection(ExtensibilityGlobals) = postSolution
		SolutionGuid = {7586F688-3ADF-43A1-8D25-8F676C188E40}
	EndGlobalSection
EndGlobal
