
Microsoft Visual Studio Solution File, Format Version 12.00
# Visual Studio 15
VisualStudioVersion = 15.0.26730.3
MinimumVisualStudioVersion = 10.0.40219.1
Project("{FAE04EC0-301F-11D3-BF4B-00C04F79EFBC}") = "文字を置き換えるReplaceメソッド", "文字を置き換えるReplaceメソッド\文字を置き換えるReplaceメソッド.csproj", "{39DDCE12-133C-4B3D-830E-68FC7819419E}"
EndProject
Global
	GlobalSection(SolutionConfigurationPlatforms) = preSolution
		Debug|Any CPU = Debug|Any CPU
		Release|Any CPU = Release|Any CPU
	EndGlobalSection
	GlobalSection(ProjectConfigurationPlatforms) = postSolution
		{39DDCE12-133C-4B3D-830E-68FC7819419E}.Debug|Any CPU.ActiveCfg = Debug|Any CPU
		{39DDCE12-133C-4B3D-830E-68FC7819419E}.Debug|Any CPU.Build.0 = Debug|Any CPU
		{39DDCE12-133C-4B3D-830E-68FC7819419E}.Release|Any CPU.ActiveCfg = Release|Any CPU
		{39DDCE12-133C-4B3D-830E-68FC7819419E}.Release|Any CPU.Build.0 = Release|Any CPU
	EndGlobalSection
	GlobalSection(SolutionProperties) = preSolution
		HideSolutionNode = FALSE
	EndGlobalSection
	GlobalSection(ExtensibilityGlobals) = postSolution
		SolutionGuid = {EC79DE80-53C2-4822-9F32-1AB08F50E57D}
	EndGlobalSection
EndGlobal
