
Microsoft Visual Studio Solution File, Format Version 12.00
# Visual Studio 15
VisualStudioVersion = 15.0.26730.3
MinimumVisualStudioVersion = 10.0.40219.1
Project("{FAE04EC0-301F-11D3-BF4B-00C04F79EFBC}") = "C31Q5", "C31Q5\C31Q5.csproj", "{876C9857-7EE0-43AB-A467-96D0B6C8EBBE}"
EndProject
Global
	GlobalSection(SolutionConfigurationPlatforms) = preSolution
		Debug|Any CPU = Debug|Any CPU
		Release|Any CPU = Release|Any CPU
	EndGlobalSection
	GlobalSection(ProjectConfigurationPlatforms) = postSolution
		{876C9857-7EE0-43AB-A467-96D0B6C8EBBE}.Debug|Any CPU.ActiveCfg = Debug|Any CPU
		{876C9857-7EE0-43AB-A467-96D0B6C8EBBE}.Debug|Any CPU.Build.0 = Debug|Any CPU
		{876C9857-7EE0-43AB-A467-96D0B6C8EBBE}.Release|Any CPU.ActiveCfg = Release|Any CPU
		{876C9857-7EE0-43AB-A467-96D0B6C8EBBE}.Release|Any CPU.Build.0 = Release|Any CPU
	EndGlobalSection
	GlobalSection(SolutionProperties) = preSolution
		HideSolutionNode = FALSE
	EndGlobalSection
	GlobalSection(ExtensibilityGlobals) = postSolution
		SolutionGuid = {51AF2072-A8A6-4BDD-BFA6-5D063D51F198}
	EndGlobalSection
EndGlobal
