
Microsoft Visual Studio Solution File, Format Version 12.00
# Visual Studio Version 16
VisualStudioVersion = 16.0.28315.86
MinimumVisualStudioVersion = 10.0.40219.1
Project("{FAE04EC0-301F-11D3-BF4B-00C04F79EFBC}") = "NullableRefenceType2", "NullableRefenceType2\NullableRefenceType2.csproj", "{57B85722-7688-4719-B701-9112249D7BFD}"
EndProject
Global
	GlobalSection(SolutionConfigurationPlatforms) = preSolution
		Debug|Any CPU = Debug|Any CPU
		Release|Any CPU = Release|Any CPU
	EndGlobalSection
	GlobalSection(ProjectConfigurationPlatforms) = postSolution
		{57B85722-7688-4719-B701-9112249D7BFD}.Debug|Any CPU.ActiveCfg = Debug|Any CPU
		{57B85722-7688-4719-B701-9112249D7BFD}.Debug|Any CPU.Build.0 = Debug|Any CPU
		{57B85722-7688-4719-B701-9112249D7BFD}.Release|Any CPU.ActiveCfg = Release|Any CPU
		{57B85722-7688-4719-B701-9112249D7BFD}.Release|Any CPU.Build.0 = Release|Any CPU
	EndGlobalSection
	GlobalSection(SolutionProperties) = preSolution
		HideSolutionNode = FALSE
	EndGlobalSection
	GlobalSection(ExtensibilityGlobals) = postSolution
		SolutionGuid = {4608D1B6-DD16-42DC-9BA2-D722067075DA}
	EndGlobalSection
EndGlobal
