
Microsoft Visual Studio Solution File, Format Version 12.00
# Visual Studio 15
VisualStudioVersion = 15.0.26730.3
MinimumVisualStudioVersion = 10.0.40219.1
Project("{FAE04EC0-301F-11D3-BF4B-00C04F79EFBC}") = "変数の初期値を指定する2", "変数の初期値を指定する2\変数の初期値を指定する2.csproj", "{4D00C6A7-A552-4065-8ED9-B4F0A394E20D}"
EndProject
Global
	GlobalSection(SolutionConfigurationPlatforms) = preSolution
		Debug|Any CPU = Debug|Any CPU
		Release|Any CPU = Release|Any CPU
	EndGlobalSection
	GlobalSection(ProjectConfigurationPlatforms) = postSolution
		{4D00C6A7-A552-4065-8ED9-B4F0A394E20D}.Debug|Any CPU.ActiveCfg = Debug|Any CPU
		{4D00C6A7-A552-4065-8ED9-B4F0A394E20D}.Debug|Any CPU.Build.0 = Debug|Any CPU
		{4D00C6A7-A552-4065-8ED9-B4F0A394E20D}.Release|Any CPU.ActiveCfg = Release|Any CPU
		{4D00C6A7-A552-4065-8ED9-B4F0A394E20D}.Release|Any CPU.Build.0 = Release|Any CPU
	EndGlobalSection
	GlobalSection(SolutionProperties) = preSolution
		HideSolutionNode = FALSE
	EndGlobalSection
	GlobalSection(ExtensibilityGlobals) = postSolution
		SolutionGuid = {EF7C53B8-168C-4851-A26B-8D5E54354A15}
	EndGlobalSection
EndGlobal
