
Microsoft Visual Studio Solution File, Format Version 12.00
# Visual Studio 15
VisualStudioVersion = 15.0.26730.3
MinimumVisualStudioVersion = 10.0.40219.1
Project("{FAE04EC0-301F-11D3-BF4B-00C04F79EFBC}") = "値を返すラムダ式", "値を返すラムダ式\値を返すラムダ式.csproj", "{2976A727-FFEF-4E0A-BE5F-D4339CA52CDA}"
EndProject
Global
	GlobalSection(SolutionConfigurationPlatforms) = preSolution
		Debug|Any CPU = Debug|Any CPU
		Release|Any CPU = Release|Any CPU
	EndGlobalSection
	GlobalSection(ProjectConfigurationPlatforms) = postSolution
		{2976A727-FFEF-4E0A-BE5F-D4339CA52CDA}.Debug|Any CPU.ActiveCfg = Debug|Any CPU
		{2976A727-FFEF-4E0A-BE5F-D4339CA52CDA}.Debug|Any CPU.Build.0 = Debug|Any CPU
		{2976A727-FFEF-4E0A-BE5F-D4339CA52CDA}.Release|Any CPU.ActiveCfg = Release|Any CPU
		{2976A727-FFEF-4E0A-BE5F-D4339CA52CDA}.Release|Any CPU.Build.0 = Release|Any CPU
	EndGlobalSection
	GlobalSection(SolutionProperties) = preSolution
		HideSolutionNode = FALSE
	EndGlobalSection
	GlobalSection(ExtensibilityGlobals) = postSolution
		SolutionGuid = {7F2678D3-7ECD-4065-AFE9-217F91F6BA83}
	EndGlobalSection
EndGlobal
