
Microsoft Visual Studio Solution File, Format Version 12.00
# Visual Studio 15
VisualStudioVersion = 15.0.26730.3
MinimumVisualStudioVersion = 10.0.40219.1
Project("{FAE04EC0-301F-11D3-BF4B-00C04F79EFBC}") = "readonly フィールド", "readonly フィールド\readonly フィールド.csproj", "{E734C296-996F-4B19-A8F8-49855A87F282}"
EndProject
Global
	GlobalSection(SolutionConfigurationPlatforms) = preSolution
		Debug|Any CPU = Debug|Any CPU
		Release|Any CPU = Release|Any CPU
	EndGlobalSection
	GlobalSection(ProjectConfigurationPlatforms) = postSolution
		{E734C296-996F-4B19-A8F8-49855A87F282}.Debug|Any CPU.ActiveCfg = Debug|Any CPU
		{E734C296-996F-4B19-A8F8-49855A87F282}.Debug|Any CPU.Build.0 = Debug|Any CPU
		{E734C296-996F-4B19-A8F8-49855A87F282}.Release|Any CPU.ActiveCfg = Release|Any CPU
		{E734C296-996F-4B19-A8F8-49855A87F282}.Release|Any CPU.Build.0 = Release|Any CPU
	EndGlobalSection
	GlobalSection(SolutionProperties) = preSolution
		HideSolutionNode = FALSE
	EndGlobalSection
	GlobalSection(ExtensibilityGlobals) = postSolution
		SolutionGuid = {D703134F-8490-454C-A7FF-144F3DEE919D}
	EndGlobalSection
EndGlobal
