
Microsoft Visual Studio Solution File, Format Version 12.00
# Visual Studio 15
VisualStudioVersion = 15.0.26730.3
MinimumVisualStudioVersion = 10.0.40219.1
Project("{FAE04EC0-301F-11D3-BF4B-00C04F79EFBC}") = "拡張メソッドを呼び出す", "拡張メソッドを呼び出す\拡張メソッドを呼び出す.csproj", "{4AA90037-21CB-45B0-885A-7A0B0C55CEB6}"
EndProject
Global
	GlobalSection(SolutionConfigurationPlatforms) = preSolution
		Debug|Any CPU = Debug|Any CPU
		Release|Any CPU = Release|Any CPU
	EndGlobalSection
	GlobalSection(ProjectConfigurationPlatforms) = postSolution
		{4AA90037-21CB-45B0-885A-7A0B0C55CEB6}.Debug|Any CPU.ActiveCfg = Debug|Any CPU
		{4AA90037-21CB-45B0-885A-7A0B0C55CEB6}.Debug|Any CPU.Build.0 = Debug|Any CPU
		{4AA90037-21CB-45B0-885A-7A0B0C55CEB6}.Release|Any CPU.ActiveCfg = Release|Any CPU
		{4AA90037-21CB-45B0-885A-7A0B0C55CEB6}.Release|Any CPU.Build.0 = Release|Any CPU
	EndGlobalSection
	GlobalSection(SolutionProperties) = preSolution
		HideSolutionNode = FALSE
	EndGlobalSection
	GlobalSection(ExtensibilityGlobals) = postSolution
		SolutionGuid = {5BC86098-D9F9-46B4-8EA4-1AF1C337BA7F}
	EndGlobalSection
EndGlobal
