
Microsoft Visual Studio Solution File, Format Version 12.00
# Visual Studio 15
VisualStudioVersion = 15.0.26730.3
MinimumVisualStudioVersion = 10.0.40219.1
Project("{FAE04EC0-301F-11D3-BF4B-00C04F79EFBC}") = "インクリメントとデクリメント", "インクリメントとデクリメント\インクリメントとデクリメント.csproj", "{5E31E23F-A5A5-4D6C-874A-E633F4CC935A}"
EndProject
Global
	GlobalSection(SolutionConfigurationPlatforms) = preSolution
		Debug|Any CPU = Debug|Any CPU
		Release|Any CPU = Release|Any CPU
	EndGlobalSection
	GlobalSection(ProjectConfigurationPlatforms) = postSolution
		{5E31E23F-A5A5-4D6C-874A-E633F4CC935A}.Debug|Any CPU.ActiveCfg = Debug|Any CPU
		{5E31E23F-A5A5-4D6C-874A-E633F4CC935A}.Debug|Any CPU.Build.0 = Debug|Any CPU
		{5E31E23F-A5A5-4D6C-874A-E633F4CC935A}.Release|Any CPU.ActiveCfg = Release|Any CPU
		{5E31E23F-A5A5-4D6C-874A-E633F4CC935A}.Release|Any CPU.Build.0 = Release|Any CPU
	EndGlobalSection
	GlobalSection(SolutionProperties) = preSolution
		HideSolutionNode = FALSE
	EndGlobalSection
	GlobalSection(ExtensibilityGlobals) = postSolution
		SolutionGuid = {27834736-22B2-41C5-AAE3-0C2C64A43ACB}
	EndGlobalSection
EndGlobal
