
Microsoft Visual Studio Solution File, Format Version 12.00
# Visual Studio 15
VisualStudioVersion = 15.0.26730.3
MinimumVisualStudioVersion = 10.0.40219.1
Project("{FAE04EC0-301F-11D3-BF4B-00C04F79EFBC}") = "C29Q11", "C29Q11\C29Q11.csproj", "{77D578D7-3685-4959-8240-67950BB10231}"
EndProject
Global
	GlobalSection(SolutionConfigurationPlatforms) = preSolution
		Debug|Any CPU = Debug|Any CPU
		Release|Any CPU = Release|Any CPU
	EndGlobalSection
	GlobalSection(ProjectConfigurationPlatforms) = postSolution
		{77D578D7-3685-4959-8240-67950BB10231}.Debug|Any CPU.ActiveCfg = Debug|Any CPU
		{77D578D7-3685-4959-8240-67950BB10231}.Debug|Any CPU.Build.0 = Debug|Any CPU
		{77D578D7-3685-4959-8240-67950BB10231}.Release|Any CPU.ActiveCfg = Release|Any CPU
		{77D578D7-3685-4959-8240-67950BB10231}.Release|Any CPU.Build.0 = Release|Any CPU
	EndGlobalSection
	GlobalSection(SolutionProperties) = preSolution
		HideSolutionNode = FALSE
	EndGlobalSection
	GlobalSection(ExtensibilityGlobals) = postSolution
		SolutionGuid = {61E2AF11-11DA-4322-B798-6A159C681A7A}
	EndGlobalSection
EndGlobal
