
Microsoft Visual Studio Solution File, Format Version 12.00
# Visual Studio Version 16
VisualStudioVersion = 16.0.28711.60
MinimumVisualStudioVersion = 10.0.40219.1
Project("{FAE04EC0-301F-11D3-BF4B-00C04F79EFBC}") = "UsingDeclarations", "UsingDeclarations\UsingDeclarations.csproj", "{429B512A-C0D6-46DF-8642-5A514622F328}"
EndProject
Global
	GlobalSection(SolutionConfigurationPlatforms) = preSolution
		Debug|Any CPU = Debug|Any CPU
		Release|Any CPU = Release|Any CPU
	EndGlobalSection
	GlobalSection(ProjectConfigurationPlatforms) = postSolution
		{429B512A-C0D6-46DF-8642-5A514622F328}.Debug|Any CPU.ActiveCfg = Debug|Any CPU
		{429B512A-C0D6-46DF-8642-5A514622F328}.Debug|Any CPU.Build.0 = Debug|Any CPU
		{429B512A-C0D6-46DF-8642-5A514622F328}.Release|Any CPU.ActiveCfg = Release|Any CPU
		{429B512A-C0D6-46DF-8642-5A514622F328}.Release|Any CPU.Build.0 = Release|Any CPU
	EndGlobalSection
	GlobalSection(SolutionProperties) = preSolution
		HideSolutionNode = FALSE
	EndGlobalSection
	GlobalSection(ExtensibilityGlobals) = postSolution
		SolutionGuid = {D33F8E02-ECAE-4CD8-ADA4-F5C6E135C27A}
	EndGlobalSection
EndGlobal
