
Microsoft Visual Studio Solution File, Format Version 12.00
# Visual Studio 15
VisualStudioVersion = 15.0.27102.0
MinimumVisualStudioVersion = 10.0.40219.1
Project("{FAE04EC0-301F-11D3-BF4B-00C04F79EFBC}") = "C33Q1", "C33Q1\C33Q1.csproj", "{C1387A05-1397-440C-9DC0-20F6BF92DBAA}"
EndProject
Global
	GlobalSection(SolutionConfigurationPlatforms) = preSolution
		Debug|Any CPU = Debug|Any CPU
		Release|Any CPU = Release|Any CPU
	EndGlobalSection
	GlobalSection(ProjectConfigurationPlatforms) = postSolution
		{C1387A05-1397-440C-9DC0-20F6BF92DBAA}.Debug|Any CPU.ActiveCfg = Debug|Any CPU
		{C1387A05-1397-440C-9DC0-20F6BF92DBAA}.Debug|Any CPU.Build.0 = Debug|Any CPU
		{C1387A05-1397-440C-9DC0-20F6BF92DBAA}.Release|Any CPU.ActiveCfg = Release|Any CPU
		{C1387A05-1397-440C-9DC0-20F6BF92DBAA}.Release|Any CPU.Build.0 = Release|Any CPU
	EndGlobalSection
	GlobalSection(SolutionProperties) = preSolution
		HideSolutionNode = FALSE
	EndGlobalSection
	GlobalSection(ExtensibilityGlobals) = postSolution
		SolutionGuid = {26EDFF21-09A7-4833-9682-FB8D0242FA99}
	EndGlobalSection
EndGlobal
