
Microsoft Visual Studio Solution File, Format Version 12.00
# Visual Studio 15
VisualStudioVersion = 15.0.26730.3
MinimumVisualStudioVersion = 10.0.40219.1
Project("{FAE04EC0-301F-11D3-BF4B-00C04F79EFBC}") = "完成したソースコード", "完成したソースコード\完成したソースコード.csproj", "{24381EDD-9F2B-4D40-824B-5107E542A8DE}"
EndProject
Global
	GlobalSection(SolutionConfigurationPlatforms) = preSolution
		Debug|Any CPU = Debug|Any CPU
		Release|Any CPU = Release|Any CPU
	EndGlobalSection
	GlobalSection(ProjectConfigurationPlatforms) = postSolution
		{24381EDD-9F2B-4D40-824B-5107E542A8DE}.Debug|Any CPU.ActiveCfg = Debug|Any CPU
		{24381EDD-9F2B-4D40-824B-5107E542A8DE}.Debug|Any CPU.Build.0 = Debug|Any CPU
		{24381EDD-9F2B-4D40-824B-5107E542A8DE}.Release|Any CPU.ActiveCfg = Release|Any CPU
		{24381EDD-9F2B-4D40-824B-5107E542A8DE}.Release|Any CPU.Build.0 = Release|Any CPU
	EndGlobalSection
	GlobalSection(SolutionProperties) = preSolution
		HideSolutionNode = FALSE
	EndGlobalSection
	GlobalSection(ExtensibilityGlobals) = postSolution
		SolutionGuid = {F8EAE8F9-126E-45DC-B1CB-698F002A2369}
	EndGlobalSection
EndGlobal
