
Microsoft Visual Studio Solution File, Format Version 12.00
# Visual Studio 15
VisualStudioVersion = 15.0.26730.3
MinimumVisualStudioVersion = 10.0.40219.1
Project("{FAE04EC0-301F-11D3-BF4B-00C04F79EFBC}") = "型引数を持つクラス", "型引数を持つクラス\型引数を持つクラス.csproj", "{880A06E5-1087-4FF6-83E7-1E316A34BE83}"
EndProject
Global
	GlobalSection(SolutionConfigurationPlatforms) = preSolution
		Debug|Any CPU = Debug|Any CPU
		Release|Any CPU = Release|Any CPU
	EndGlobalSection
	GlobalSection(ProjectConfigurationPlatforms) = postSolution
		{880A06E5-1087-4FF6-83E7-1E316A34BE83}.Debug|Any CPU.ActiveCfg = Debug|Any CPU
		{880A06E5-1087-4FF6-83E7-1E316A34BE83}.Debug|Any CPU.Build.0 = Debug|Any CPU
		{880A06E5-1087-4FF6-83E7-1E316A34BE83}.Release|Any CPU.ActiveCfg = Release|Any CPU
		{880A06E5-1087-4FF6-83E7-1E316A34BE83}.Release|Any CPU.Build.0 = Release|Any CPU
	EndGlobalSection
	GlobalSection(SolutionProperties) = preSolution
		HideSolutionNode = FALSE
	EndGlobalSection
	GlobalSection(ExtensibilityGlobals) = postSolution
		SolutionGuid = {1EBD95C1-5185-4D41-B104-B7F6B9B9E30C}
	EndGlobalSection
EndGlobal
