
Microsoft Visual Studio Solution File, Format Version 12.00
# Visual Studio 15
VisualStudioVersion = 15.0.26730.3
MinimumVisualStudioVersion = 10.0.40219.1
Project("{FAE04EC0-301F-11D3-BF4B-00C04F79EFBC}") = "C6Q10", "C6Q10\C6Q10.csproj", "{1A50D616-F2FC-4124-9F5A-9F4F2FD48813}"
EndProject
Global
	GlobalSection(SolutionConfigurationPlatforms) = preSolution
		Debug|Any CPU = Debug|Any CPU
		Release|Any CPU = Release|Any CPU
	EndGlobalSection
	GlobalSection(ProjectConfigurationPlatforms) = postSolution
		{1A50D616-F2FC-4124-9F5A-9F4F2FD48813}.Debug|Any CPU.ActiveCfg = Debug|Any CPU
		{1A50D616-F2FC-4124-9F5A-9F4F2FD48813}.Debug|Any CPU.Build.0 = Debug|Any CPU
		{1A50D616-F2FC-4124-9F5A-9F4F2FD48813}.Release|Any CPU.ActiveCfg = Release|Any CPU
		{1A50D616-F2FC-4124-9F5A-9F4F2FD48813}.Release|Any CPU.Build.0 = Release|Any CPU
	EndGlobalSection
	GlobalSection(SolutionProperties) = preSolution
		HideSolutionNode = FALSE
	EndGlobalSection
	GlobalSection(ExtensibilityGlobals) = postSolution
		SolutionGuid = {A96B870A-6EF7-494C-A99C-8CF3C2AA0826}
	EndGlobalSection
EndGlobal
