
Microsoft Visual Studio Solution File, Format Version 12.00
# Visual Studio 15
VisualStudioVersion = 15.0.26730.3
MinimumVisualStudioVersion = 10.0.40219.1
Project("{FAE04EC0-301F-11D3-BF4B-00C04F79EFBC}") = "タプル名の推論", "タプル名の推論\タプル名の推論.csproj", "{B4E38D83-35EC-4B87-AFC1-A870E3A8F2DA}"
EndProject
Global
	GlobalSection(SolutionConfigurationPlatforms) = preSolution
		Debug|Any CPU = Debug|Any CPU
		Release|Any CPU = Release|Any CPU
	EndGlobalSection
	GlobalSection(ProjectConfigurationPlatforms) = postSolution
		{B4E38D83-35EC-4B87-AFC1-A870E3A8F2DA}.Debug|Any CPU.ActiveCfg = Debug|Any CPU
		{B4E38D83-35EC-4B87-AFC1-A870E3A8F2DA}.Debug|Any CPU.Build.0 = Debug|Any CPU
		{B4E38D83-35EC-4B87-AFC1-A870E3A8F2DA}.Release|Any CPU.ActiveCfg = Release|Any CPU
		{B4E38D83-35EC-4B87-AFC1-A870E3A8F2DA}.Release|Any CPU.Build.0 = Release|Any CPU
	EndGlobalSection
	GlobalSection(SolutionProperties) = preSolution
		HideSolutionNode = FALSE
	EndGlobalSection
	GlobalSection(ExtensibilityGlobals) = postSolution
		SolutionGuid = {A5D84EB9-A733-4355-990F-2C59A53D0BBD}
	EndGlobalSection
EndGlobal
