
Microsoft Visual Studio Solution File, Format Version 12.00
# Visual Studio 15
VisualStudioVersion = 15.0.26730.3
MinimumVisualStudioVersion = 10.0.40219.1
Project("{FAE04EC0-301F-11D3-BF4B-00C04F79EFBC}") = "C5Q21", "C5Q21\C5Q21.csproj", "{2D1DC3C8-B3F1-4560-A229-D92542B3559C}"
EndProject
Global
	GlobalSection(SolutionConfigurationPlatforms) = preSolution
		Debug|Any CPU = Debug|Any CPU
		Release|Any CPU = Release|Any CPU
	EndGlobalSection
	GlobalSection(ProjectConfigurationPlatforms) = postSolution
		{2D1DC3C8-B3F1-4560-A229-D92542B3559C}.Debug|Any CPU.ActiveCfg = Debug|Any CPU
		{2D1DC3C8-B3F1-4560-A229-D92542B3559C}.Debug|Any CPU.Build.0 = Debug|Any CPU
		{2D1DC3C8-B3F1-4560-A229-D92542B3559C}.Release|Any CPU.ActiveCfg = Release|Any CPU
		{2D1DC3C8-B3F1-4560-A229-D92542B3559C}.Release|Any CPU.Build.0 = Release|Any CPU
	EndGlobalSection
	GlobalSection(SolutionProperties) = preSolution
		HideSolutionNode = FALSE
	EndGlobalSection
	GlobalSection(ExtensibilityGlobals) = postSolution
		SolutionGuid = {C802D5A8-39A0-40FD-8772-A38A7AC9B425}
	EndGlobalSection
EndGlobal
