
Microsoft Visual Studio Solution File, Format Version 12.00
# Visual Studio Version 16
VisualStudioVersion = 16.0.28315.86
MinimumVisualStudioVersion = 10.0.40219.1
Project("{FAE04EC0-301F-11D3-BF4B-00C04F79EFBC}") = "RangeAndIndex", "RangeAndIndex\RangeAndIndex.csproj", "{253578FB-CD5C-4FD7-B844-6747F745D753}"
EndProject
Global
	GlobalSection(SolutionConfigurationPlatforms) = preSolution
		Debug|Any CPU = Debug|Any CPU
		Release|Any CPU = Release|Any CPU
	EndGlobalSection
	GlobalSection(ProjectConfigurationPlatforms) = postSolution
		{253578FB-CD5C-4FD7-B844-6747F745D753}.Debug|Any CPU.ActiveCfg = Debug|Any CPU
		{253578FB-CD5C-4FD7-B844-6747F745D753}.Debug|Any CPU.Build.0 = Debug|Any CPU
		{253578FB-CD5C-4FD7-B844-6747F745D753}.Release|Any CPU.ActiveCfg = Release|Any CPU
		{253578FB-CD5C-4FD7-B844-6747F745D753}.Release|Any CPU.Build.0 = Release|Any CPU
	EndGlobalSection
	GlobalSection(SolutionProperties) = preSolution
		HideSolutionNode = FALSE
	EndGlobalSection
	GlobalSection(ExtensibilityGlobals) = postSolution
		SolutionGuid = {0AC13639-5A54-4EB5-A0F2-CE5F6B9451ED}
	EndGlobalSection
EndGlobal
