
Microsoft Visual Studio Solution File, Format Version 12.00
# Visual Studio 15
VisualStudioVersion = 15.0.26730.3
MinimumVisualStudioVersion = 10.0.40219.1
Project("{FAE04EC0-301F-11D3-BF4B-00C04F79EFBC}") = "C31Q3", "C31Q3\C31Q3.csproj", "{C91A54CD-858F-44A5-91B3-90A6C0AE903D}"
EndProject
Global
	GlobalSection(SolutionConfigurationPlatforms) = preSolution
		Debug|Any CPU = Debug|Any CPU
		Release|Any CPU = Release|Any CPU
	EndGlobalSection
	GlobalSection(ProjectConfigurationPlatforms) = postSolution
		{C91A54CD-858F-44A5-91B3-90A6C0AE903D}.Debug|Any CPU.ActiveCfg = Debug|Any CPU
		{C91A54CD-858F-44A5-91B3-90A6C0AE903D}.Debug|Any CPU.Build.0 = Debug|Any CPU
		{C91A54CD-858F-44A5-91B3-90A6C0AE903D}.Release|Any CPU.ActiveCfg = Release|Any CPU
		{C91A54CD-858F-44A5-91B3-90A6C0AE903D}.Release|Any CPU.Build.0 = Release|Any CPU
	EndGlobalSection
	GlobalSection(SolutionProperties) = preSolution
		HideSolutionNode = FALSE
	EndGlobalSection
	GlobalSection(ExtensibilityGlobals) = postSolution
		SolutionGuid = {3345BB2A-C60C-4096-8A9E-7B292F2B64D8}
	EndGlobalSection
EndGlobal
