
Microsoft Visual Studio Solution File, Format Version 12.00
# Visual Studio 15
VisualStudioVersion = 15.0.26730.3
MinimumVisualStudioVersion = 10.0.40219.1
Project("{FAE04EC0-301F-11D3-BF4B-00C04F79EFBC}") = "10進数の整数", "10進数の整数\10進数の整数.csproj", "{6BE977CA-74A5-4F32-BBA4-5B1989730FA5}"
EndProject
Global
	GlobalSection(SolutionConfigurationPlatforms) = preSolution
		Debug|Any CPU = Debug|Any CPU
		Release|Any CPU = Release|Any CPU
	EndGlobalSection
	GlobalSection(ProjectConfigurationPlatforms) = postSolution
		{6BE977CA-74A5-4F32-BBA4-5B1989730FA5}.Debug|Any CPU.ActiveCfg = Debug|Any CPU
		{6BE977CA-74A5-4F32-BBA4-5B1989730FA5}.Debug|Any CPU.Build.0 = Debug|Any CPU
		{6BE977CA-74A5-4F32-BBA4-5B1989730FA5}.Release|Any CPU.ActiveCfg = Release|Any CPU
		{6BE977CA-74A5-4F32-BBA4-5B1989730FA5}.Release|Any CPU.Build.0 = Release|Any CPU
	EndGlobalSection
	GlobalSection(SolutionProperties) = preSolution
		HideSolutionNode = FALSE
	EndGlobalSection
	GlobalSection(ExtensibilityGlobals) = postSolution
		SolutionGuid = {7931BCA3-ECEF-4043-9B20-1EE9BA1824F4}
	EndGlobalSection
EndGlobal
