
Microsoft Visual Studio Solution File, Format Version 12.00
# Visual Studio 15
VisualStudioVersion = 15.0.26730.3
MinimumVisualStudioVersion = 10.0.40219.1
Project("{FAE04EC0-301F-11D3-BF4B-00C04F79EFBC}") = "C5Q13", "C5Q13\C5Q13.csproj", "{602C9F16-EDE7-4316-A18B-3CFBC5D16967}"
EndProject
Global
	GlobalSection(SolutionConfigurationPlatforms) = preSolution
		Debug|Any CPU = Debug|Any CPU
		Release|Any CPU = Release|Any CPU
	EndGlobalSection
	GlobalSection(ProjectConfigurationPlatforms) = postSolution
		{602C9F16-EDE7-4316-A18B-3CFBC5D16967}.Debug|Any CPU.ActiveCfg = Debug|Any CPU
		{602C9F16-EDE7-4316-A18B-3CFBC5D16967}.Debug|Any CPU.Build.0 = Debug|Any CPU
		{602C9F16-EDE7-4316-A18B-3CFBC5D16967}.Release|Any CPU.ActiveCfg = Release|Any CPU
		{602C9F16-EDE7-4316-A18B-3CFBC5D16967}.Release|Any CPU.Build.0 = Release|Any CPU
	EndGlobalSection
	GlobalSection(SolutionProperties) = preSolution
		HideSolutionNode = FALSE
	EndGlobalSection
	GlobalSection(ExtensibilityGlobals) = postSolution
		SolutionGuid = {0B347ACD-83F8-4DB6-A0D0-580F4A14C3BE}
	EndGlobalSection
EndGlobal
