
Microsoft Visual Studio Solution File, Format Version 12.00
# Visual Studio 15
VisualStudioVersion = 15.0.26730.3
MinimumVisualStudioVersion = 10.0.40219.1
Project("{FAE04EC0-301F-11D3-BF4B-00C04F79EFBC}") = "for ステートメント2", "for ステートメント2\for ステートメント2.csproj", "{827D1B7F-EAF8-4725-BE30-EB3B30C43AD4}"
EndProject
Global
	GlobalSection(SolutionConfigurationPlatforms) = preSolution
		Debug|Any CPU = Debug|Any CPU
		Release|Any CPU = Release|Any CPU
	EndGlobalSection
	GlobalSection(ProjectConfigurationPlatforms) = postSolution
		{827D1B7F-EAF8-4725-BE30-EB3B30C43AD4}.Debug|Any CPU.ActiveCfg = Debug|Any CPU
		{827D1B7F-EAF8-4725-BE30-EB3B30C43AD4}.Debug|Any CPU.Build.0 = Debug|Any CPU
		{827D1B7F-EAF8-4725-BE30-EB3B30C43AD4}.Release|Any CPU.ActiveCfg = Release|Any CPU
		{827D1B7F-EAF8-4725-BE30-EB3B30C43AD4}.Release|Any CPU.Build.0 = Release|Any CPU
	EndGlobalSection
	GlobalSection(SolutionProperties) = preSolution
		HideSolutionNode = FALSE
	EndGlobalSection
	GlobalSection(ExtensibilityGlobals) = postSolution
		SolutionGuid = {5DCCC25B-EC29-42BB-839D-6B43B90898BD}
	EndGlobalSection
EndGlobal
