
Microsoft Visual Studio Solution File, Format Version 12.00
# Visual Studio 15
VisualStudioVersion = 15.0.26730.3
MinimumVisualStudioVersion = 10.0.40219.1
Project("{FAE04EC0-301F-11D3-BF4B-00C04F79EFBC}") = "順番を変更可能な引数", "順番を変更可能な引数\順番を変更可能な引数.csproj", "{812307E8-EB81-460C-9E1D-3763E16A3EE3}"
EndProject
Global
	GlobalSection(SolutionConfigurationPlatforms) = preSolution
		Debug|Any CPU = Debug|Any CPU
		Release|Any CPU = Release|Any CPU
	EndGlobalSection
	GlobalSection(ProjectConfigurationPlatforms) = postSolution
		{812307E8-EB81-460C-9E1D-3763E16A3EE3}.Debug|Any CPU.ActiveCfg = Debug|Any CPU
		{812307E8-EB81-460C-9E1D-3763E16A3EE3}.Debug|Any CPU.Build.0 = Debug|Any CPU
		{812307E8-EB81-460C-9E1D-3763E16A3EE3}.Release|Any CPU.ActiveCfg = Release|Any CPU
		{812307E8-EB81-460C-9E1D-3763E16A3EE3}.Release|Any CPU.Build.0 = Release|Any CPU
	EndGlobalSection
	GlobalSection(SolutionProperties) = preSolution
		HideSolutionNode = FALSE
	EndGlobalSection
	GlobalSection(ExtensibilityGlobals) = postSolution
		SolutionGuid = {1458795E-D90A-4CFF-8F5A-AC7050CFDBB5}
	EndGlobalSection
EndGlobal
