
Microsoft Visual Studio Solution File, Format Version 12.00
# Visual Studio 15
VisualStudioVersion = 15.0.26730.3
MinimumVisualStudioVersion = 10.0.40219.1
Project("{FAE04EC0-301F-11D3-BF4B-00C04F79EFBC}") = "参照型は初期化でnull値になる", "参照型は初期化でnull値になる\参照型は初期化でnull値になる.csproj", "{2A51E1A3-D29A-4B36-9240-4946773B8E72}"
EndProject
Global
	GlobalSection(SolutionConfigurationPlatforms) = preSolution
		Debug|Any CPU = Debug|Any CPU
		Release|Any CPU = Release|Any CPU
	EndGlobalSection
	GlobalSection(ProjectConfigurationPlatforms) = postSolution
		{2A51E1A3-D29A-4B36-9240-4946773B8E72}.Debug|Any CPU.ActiveCfg = Debug|Any CPU
		{2A51E1A3-D29A-4B36-9240-4946773B8E72}.Debug|Any CPU.Build.0 = Debug|Any CPU
		{2A51E1A3-D29A-4B36-9240-4946773B8E72}.Release|Any CPU.ActiveCfg = Release|Any CPU
		{2A51E1A3-D29A-4B36-9240-4946773B8E72}.Release|Any CPU.Build.0 = Release|Any CPU
	EndGlobalSection
	GlobalSection(SolutionProperties) = preSolution
		HideSolutionNode = FALSE
	EndGlobalSection
	GlobalSection(ExtensibilityGlobals) = postSolution
		SolutionGuid = {9BFF69BB-0775-4DB3-B51C-2A79D46BD7EC}
	EndGlobalSection
EndGlobal
