
Microsoft Visual Studio Solution File, Format Version 12.00
# Visual Studio 15
VisualStudioVersion = 15.0.26730.3
MinimumVisualStudioVersion = 10.0.40219.1
Project("{FAE04EC0-301F-11D3-BF4B-00C04F79EFBC}") = "C4Q4", "C4Q4\C4Q4.csproj", "{A06DF9AD-AA82-4F40-96E2-5F4293735381}"
EndProject
Global
	GlobalSection(SolutionConfigurationPlatforms) = preSolution
		Debug|Any CPU = Debug|Any CPU
		Release|Any CPU = Release|Any CPU
	EndGlobalSection
	GlobalSection(ProjectConfigurationPlatforms) = postSolution
		{A06DF9AD-AA82-4F40-96E2-5F4293735381}.Debug|Any CPU.ActiveCfg = Debug|Any CPU
		{A06DF9AD-AA82-4F40-96E2-5F4293735381}.Debug|Any CPU.Build.0 = Debug|Any CPU
		{A06DF9AD-AA82-4F40-96E2-5F4293735381}.Release|Any CPU.ActiveCfg = Release|Any CPU
		{A06DF9AD-AA82-4F40-96E2-5F4293735381}.Release|Any CPU.Build.0 = Release|Any CPU
	EndGlobalSection
	GlobalSection(SolutionProperties) = preSolution
		HideSolutionNode = FALSE
	EndGlobalSection
	GlobalSection(ExtensibilityGlobals) = postSolution
		SolutionGuid = {B2962F1B-18F9-4B5D-815E-4B96630EB88D}
	EndGlobalSection
EndGlobal
