
Microsoft Visual Studio Solution File, Format Version 12.00
# Visual Studio 15
VisualStudioVersion = 15.0.26730.3
MinimumVisualStudioVersion = 10.0.40219.1
Project("{FAE04EC0-301F-11D3-BF4B-00C04F79EFBC}") = "メソッドを打ち切るreturn ステートメント", "メソッドを打ち切るreturn ステートメント\メソッドを打ち切るreturn ステートメント.csproj", "{BEFA217E-576B-4E19-A4D4-66A4538DD661}"
EndProject
Global
	GlobalSection(SolutionConfigurationPlatforms) = preSolution
		Debug|Any CPU = Debug|Any CPU
		Release|Any CPU = Release|Any CPU
	EndGlobalSection
	GlobalSection(ProjectConfigurationPlatforms) = postSolution
		{BEFA217E-576B-4E19-A4D4-66A4538DD661}.Debug|Any CPU.ActiveCfg = Debug|Any CPU
		{BEFA217E-576B-4E19-A4D4-66A4538DD661}.Debug|Any CPU.Build.0 = Debug|Any CPU
		{BEFA217E-576B-4E19-A4D4-66A4538DD661}.Release|Any CPU.ActiveCfg = Release|Any CPU
		{BEFA217E-576B-4E19-A4D4-66A4538DD661}.Release|Any CPU.Build.0 = Release|Any CPU
	EndGlobalSection
	GlobalSection(SolutionProperties) = preSolution
		HideSolutionNode = FALSE
	EndGlobalSection
	GlobalSection(ExtensibilityGlobals) = postSolution
		SolutionGuid = {94EA4FD4-6BBC-46D5-ACC1-805849B29122}
	EndGlobalSection
EndGlobal
