
Microsoft Visual Studio Solution File, Format Version 12.00
# Visual Studio 15
VisualStudioVersion = 15.0.26430.16
MinimumVisualStudioVersion = 10.0.40219.1
Project("{FAE04EC0-301F-11D3-BF4B-00C04F79EFBC}") = "クラス", "クラス\クラス.csproj", "{BABCDA83-F5E4-47CB-BA0D-997DE163361B}"
EndProject
Global
	GlobalSection(SolutionConfigurationPlatforms) = preSolution
		Debug|Any CPU = Debug|Any CPU
		Release|Any CPU = Release|Any CPU
	EndGlobalSection
	GlobalSection(ProjectConfigurationPlatforms) = postSolution
		{BABCDA83-F5E4-47CB-BA0D-997DE163361B}.Debug|Any CPU.ActiveCfg = Debug|Any CPU
		{BABCDA83-F5E4-47CB-BA0D-997DE163361B}.Debug|Any CPU.Build.0 = Debug|Any CPU
		{BABCDA83-F5E4-47CB-BA0D-997DE163361B}.Release|Any CPU.ActiveCfg = Release|Any CPU
		{BABCDA83-F5E4-47CB-BA0D-997DE163361B}.Release|Any CPU.Build.0 = Release|Any CPU
	EndGlobalSection
	GlobalSection(SolutionProperties) = preSolution
		HideSolutionNode = FALSE
	EndGlobalSection
EndGlobal
