
Microsoft Visual Studio Solution File, Format Version 12.00
# Visual Studio 15
VisualStudioVersion = 15.0.26730.3
MinimumVisualStudioVersion = 10.0.40219.1
Project("{FAE04EC0-301F-11D3-BF4B-00C04F79EFBC}") = "ジェネリックと呼び出し式2", "ジェネリックと呼び出し式2\ジェネリックと呼び出し式2.csproj", "{13F7BAE5-75FA-4FA7-9E6F-7AA7A99418BB}"
EndProject
Global
	GlobalSection(SolutionConfigurationPlatforms) = preSolution
		Debug|Any CPU = Debug|Any CPU
		Release|Any CPU = Release|Any CPU
	EndGlobalSection
	GlobalSection(ProjectConfigurationPlatforms) = postSolution
		{13F7BAE5-75FA-4FA7-9E6F-7AA7A99418BB}.Debug|Any CPU.ActiveCfg = Debug|Any CPU
		{13F7BAE5-75FA-4FA7-9E6F-7AA7A99418BB}.Debug|Any CPU.Build.0 = Debug|Any CPU
		{13F7BAE5-75FA-4FA7-9E6F-7AA7A99418BB}.Release|Any CPU.ActiveCfg = Release|Any CPU
		{13F7BAE5-75FA-4FA7-9E6F-7AA7A99418BB}.Release|Any CPU.Build.0 = Release|Any CPU
	EndGlobalSection
	GlobalSection(SolutionProperties) = preSolution
		HideSolutionNode = FALSE
	EndGlobalSection
	GlobalSection(ExtensibilityGlobals) = postSolution
		SolutionGuid = {BD5C66D7-5F14-4FDF-A3D2-FCF3AD5B8B64}
	EndGlobalSection
EndGlobal
