
Microsoft Visual Studio Solution File, Format Version 12.00
# Visual Studio 15
VisualStudioVersion = 15.0.26730.3
MinimumVisualStudioVersion = 10.0.40219.1
Project("{FAE04EC0-301F-11D3-BF4B-00C04F79EFBC}") = "メタデータを記述する属性", "メタデータを記述する属性\メタデータを記述する属性.csproj", "{4F9CE690-98FE-476D-8FAF-636876539768}"
EndProject
Global
	GlobalSection(SolutionConfigurationPlatforms) = preSolution
		Debug|Any CPU = Debug|Any CPU
		Release|Any CPU = Release|Any CPU
	EndGlobalSection
	GlobalSection(ProjectConfigurationPlatforms) = postSolution
		{4F9CE690-98FE-476D-8FAF-636876539768}.Debug|Any CPU.ActiveCfg = Debug|Any CPU
		{4F9CE690-98FE-476D-8FAF-636876539768}.Debug|Any CPU.Build.0 = Debug|Any CPU
		{4F9CE690-98FE-476D-8FAF-636876539768}.Release|Any CPU.ActiveCfg = Release|Any CPU
		{4F9CE690-98FE-476D-8FAF-636876539768}.Release|Any CPU.Build.0 = Release|Any CPU
	EndGlobalSection
	GlobalSection(SolutionProperties) = preSolution
		HideSolutionNode = FALSE
	EndGlobalSection
	GlobalSection(ExtensibilityGlobals) = postSolution
		SolutionGuid = {3DCE6114-E337-402E-B8C4-C18F48733081}
	EndGlobalSection
EndGlobal
