
Microsoft Visual Studio Solution File, Format Version 12.00
# Visual Studio 15
VisualStudioVersion = 15.0.26730.3
MinimumVisualStudioVersion = 10.0.40219.1
Project("{FAE04EC0-301F-11D3-BF4B-00C04F79EFBC}") = "動的な型dynamic", "動的な型dynamic\動的な型dynamic.csproj", "{F2561F7C-B5CE-4E03-8433-41206BCEDF07}"
EndProject
Global
	GlobalSection(SolutionConfigurationPlatforms) = preSolution
		Debug|Any CPU = Debug|Any CPU
		Release|Any CPU = Release|Any CPU
	EndGlobalSection
	GlobalSection(ProjectConfigurationPlatforms) = postSolution
		{F2561F7C-B5CE-4E03-8433-41206BCEDF07}.Debug|Any CPU.ActiveCfg = Debug|Any CPU
		{F2561F7C-B5CE-4E03-8433-41206BCEDF07}.Debug|Any CPU.Build.0 = Debug|Any CPU
		{F2561F7C-B5CE-4E03-8433-41206BCEDF07}.Release|Any CPU.ActiveCfg = Release|Any CPU
		{F2561F7C-B5CE-4E03-8433-41206BCEDF07}.Release|Any CPU.Build.0 = Release|Any CPU
	EndGlobalSection
	GlobalSection(SolutionProperties) = preSolution
		HideSolutionNode = FALSE
	EndGlobalSection
	GlobalSection(ExtensibilityGlobals) = postSolution
		SolutionGuid = {5D9F5D94-B225-4FAB-87A6-452411C39EB2}
	EndGlobalSection
EndGlobal
