
Microsoft Visual Studio Solution File, Format Version 12.00
# Visual Studio 15
VisualStudioVersion = 15.0.26730.3
MinimumVisualStudioVersion = 10.0.40219.1
Project("{FAE04EC0-301F-11D3-BF4B-00C04F79EFBC}") = "こんなプログラムを作ってみよう", "こんなプログラムを作ってみよう\こんなプログラムを作ってみよう.csproj", "{A414D77A-5F5E-45B0-93CA-4F65AB828406}"
EndProject
Global
	GlobalSection(SolutionConfigurationPlatforms) = preSolution
		Debug|Any CPU = Debug|Any CPU
		Release|Any CPU = Release|Any CPU
	EndGlobalSection
	GlobalSection(ProjectConfigurationPlatforms) = postSolution
		{A414D77A-5F5E-45B0-93CA-4F65AB828406}.Debug|Any CPU.ActiveCfg = Debug|Any CPU
		{A414D77A-5F5E-45B0-93CA-4F65AB828406}.Debug|Any CPU.Build.0 = Debug|Any CPU
		{A414D77A-5F5E-45B0-93CA-4F65AB828406}.Release|Any CPU.ActiveCfg = Release|Any CPU
		{A414D77A-5F5E-45B0-93CA-4F65AB828406}.Release|Any CPU.Build.0 = Release|Any CPU
	EndGlobalSection
	GlobalSection(SolutionProperties) = preSolution
		HideSolutionNode = FALSE
	EndGlobalSection
	GlobalSection(ExtensibilityGlobals) = postSolution
		SolutionGuid = {BB775507-EAC2-4B5F-88F3-486149FB2B7B}
	EndGlobalSection
EndGlobal
