
Microsoft Visual Studio Solution File, Format Version 12.00
# Visual Studio 15
VisualStudioVersion = 15.0.26730.3
MinimumVisualStudioVersion = 10.0.40219.1
Project("{FAE04EC0-301F-11D3-BF4B-00C04F79EFBC}") = "代入と計算を短く書こう", "代入と計算を短く書こう\代入と計算を短く書こう.csproj", "{A9C07C5E-FEBC-4C7A-A01A-EDB85AE8C222}"
EndProject
Global
	GlobalSection(SolutionConfigurationPlatforms) = preSolution
		Debug|Any CPU = Debug|Any CPU
		Release|Any CPU = Release|Any CPU
	EndGlobalSection
	GlobalSection(ProjectConfigurationPlatforms) = postSolution
		{A9C07C5E-FEBC-4C7A-A01A-EDB85AE8C222}.Debug|Any CPU.ActiveCfg = Debug|Any CPU
		{A9C07C5E-FEBC-4C7A-A01A-EDB85AE8C222}.Debug|Any CPU.Build.0 = Debug|Any CPU
		{A9C07C5E-FEBC-4C7A-A01A-EDB85AE8C222}.Release|Any CPU.ActiveCfg = Release|Any CPU
		{A9C07C5E-FEBC-4C7A-A01A-EDB85AE8C222}.Release|Any CPU.Build.0 = Release|Any CPU
	EndGlobalSection
	GlobalSection(SolutionProperties) = preSolution
		HideSolutionNode = FALSE
	EndGlobalSection
	GlobalSection(ExtensibilityGlobals) = postSolution
		SolutionGuid = {52CB1C20-FE89-499A-89AC-3657076ED422}
	EndGlobalSection
EndGlobal
