
Microsoft Visual Studio Solution File, Format Version 12.00
# Visual Studio 15
VisualStudioVersion = 15.0.26730.3
MinimumVisualStudioVersion = 10.0.40219.1
Project("{FAE04EC0-301F-11D3-BF4B-00C04F79EFBC}") = "匿名オブジェクトの作り方", "匿名オブジェクトの作り方\匿名オブジェクトの作り方.csproj", "{5F891D94-C344-406B-9F2A-FAE446928127}"
EndProject
Global
	GlobalSection(SolutionConfigurationPlatforms) = preSolution
		Debug|Any CPU = Debug|Any CPU
		Release|Any CPU = Release|Any CPU
	EndGlobalSection
	GlobalSection(ProjectConfigurationPlatforms) = postSolution
		{5F891D94-C344-406B-9F2A-FAE446928127}.Debug|Any CPU.ActiveCfg = Debug|Any CPU
		{5F891D94-C344-406B-9F2A-FAE446928127}.Debug|Any CPU.Build.0 = Debug|Any CPU
		{5F891D94-C344-406B-9F2A-FAE446928127}.Release|Any CPU.ActiveCfg = Release|Any CPU
		{5F891D94-C344-406B-9F2A-FAE446928127}.Release|Any CPU.Build.0 = Release|Any CPU
	EndGlobalSection
	GlobalSection(SolutionProperties) = preSolution
		HideSolutionNode = FALSE
	EndGlobalSection
	GlobalSection(ExtensibilityGlobals) = postSolution
		SolutionGuid = {1B1D7B24-C061-4D65-9C91-EC94472694D7}
	EndGlobalSection
EndGlobal
